{
    "version": 3,
    "terraform_version": "0.11.11",
    "serial": 123,
    "lineage": "5da22a6d-ca86-dc2e-e391-904f7a263498",
    "modules": [
        {
            "path": [
                "root"
            ],
            "outputs": {},
            "resources": {},
            "depends_on": []
        },
        {
            "path": [
                "root",
                "alb"
            ],
            "outputs": {
                "alb1_dns_name": {
                    "sensitive": false,
                    "type": "string",
                    "value": "my-app-alb-1445915270.eu-west-1.elb.amazonaws.com"
                },
                "alb_zone_id": {
                    "sensitive": false,
                    "type": "string",
                    "value": "Z32O12XQLNTSW2"
                },
                "allow-elb-traffic": {
                    "sensitive": false,
                    "type": "string",
                    "value": "sg-0f60e9318a88f4a2c"
                },
                "target_group_name": {
                    "sensitive": false,
                    "type": "list",
                    "value": [
                        "arn:aws:elasticloadbalancing:eu-west-1:352990902149:targetgroup/flask-app-tg/8bf1ce9fcddd8ac6"
                    ]
                }
            },
            "resources": {
                "aws_s3_bucket.alb_bucket": {
                    "type": "aws_s3_bucket",
                    "depends_on": [],
                    "primary": {
                        "id": "my-app-alb-logs",
                        "attributes": {
                            "acceleration_status": "",
                            "acl": "private",
                            "arn": "arn:aws:s3:::my-app-alb-logs",
                            "bucket": "my-app-alb-logs",
                            "bucket_domain_name": "my-app-alb-logs.s3.amazonaws.com",
                            "bucket_regional_domain_name": "my-app-alb-logs.s3.eu-west-1.amazonaws.com",
                            "cors_rule.#": "0",
                            "force_destroy": "true",
                            "hosted_zone_id": "Z1BKCTXD74EZPE",
                            "id": "my-app-alb-logs",
                            "lifecycle_rule.#": "0",
                            "logging.#": "0",
                            "object_lock_configuration.#": "0",
                            "policy": "{\"Id\":\"Policy1549739023698\",\"Statement\":[{\"Action\":\"s3:PutObject\",\"Effect\":\"Allow\",\"Principal\":{\"AWS\":\"arn:aws:iam::156460612806:root\"},\"Resource\":\"arn:aws:s3:::my-app-alb-logs/my-app-alb-logs/AWSLogs/352990902149/*\",\"Sid\":\"Stmt1549739021764\"}],\"Version\":\"2012-10-17\"}",
                            "region": "eu-west-1",
                            "replication_configuration.#": "0",
                            "request_payer": "BucketOwner",
                            "server_side_encryption_configuration.#": "0",
                            "tags.%": "2",
                            "tags.Environment": "prod",
                            "tags.Name": "MyFlaskApp",
                            "versioning.#": "1",
                            "versioning.0.enabled": "false",
                            "versioning.0.mfa_delete": "false",
                            "website.#": "0"
                        },
                        "meta": {},
                        "tainted": false
                    },
                    "deposed": [],
                    "provider": "provider.aws"
                },
                "aws_security_group.allow-group": {
                    "type": "aws_security_group",
                    "depends_on": [],
                    "primary": {
                        "id": "sg-0b6c72b673d99d125",
                        "attributes": {
                            "arn": "arn:aws:ec2:eu-west-1:352990902149:security-group/sg-0b6c72b673d99d125",
                            "description": "security group that allows http and all egress traffic",
                            "egress.#": "1",
                            "egress.482069346.cidr_blocks.#": "1",
                            "egress.482069346.cidr_blocks.0": "0.0.0.0/0",
                            "egress.482069346.description": "",
                            "egress.482069346.from_port": "0",
                            "egress.482069346.ipv6_cidr_blocks.#": "0",
                            "egress.482069346.prefix_list_ids.#": "0",
                            "egress.482069346.protocol": "-1",
                            "egress.482069346.security_groups.#": "0",
                            "egress.482069346.self": "false",
                            "egress.482069346.to_port": "0",
                            "id": "sg-0b6c72b673d99d125",
                            "ingress.#": "1",
                            "ingress.2617001939.cidr_blocks.#": "1",
                            "ingress.2617001939.cidr_blocks.0": "0.0.0.0/0",
                            "ingress.2617001939.description": "",
                            "ingress.2617001939.from_port": "443",
                            "ingress.2617001939.ipv6_cidr_blocks.#": "0",
                            "ingress.2617001939.prefix_list_ids.#": "0",
                            "ingress.2617001939.protocol": "tcp",
                            "ingress.2617001939.security_groups.#": "0",
                            "ingress.2617001939.self": "false",
                            "ingress.2617001939.to_port": "443",
                            "name": "allow-group-prod",
                            "owner_id": "352990902149",
                            "revoke_rules_on_delete": "false",
                            "tags.%": "2",
                            "tags.Environmnent": "prod",
                            "tags.Name": "allow-ssh",
                            "vpc_id": "vpc-0d7102a793c3d449e"
                        },
                        "meta": {
                            "e2bfb730-ecaa-11e6-8f88-34363bc7c4c0": {
                                "create": 600000000000,
                                "delete": 600000000000
                            },
                            "schema_version": "1"
                        },
                        "tainted": false
                    },
                    "deposed": [],
                    "provider": "provider.aws"
                },
                "aws_security_group.allow-http": {
                    "type": "aws_security_group",
                    "depends_on": [],
                    "primary": {
                        "id": "sg-0f60e9318a88f4a2c",
                        "attributes": {
                            "arn": "arn:aws:ec2:eu-west-1:352990902149:security-group/sg-0f60e9318a88f4a2c",
                            "description": "security group that allows http and all egress traffic",
                            "egress.#": "1",
                            "egress.482069346.cidr_blocks.#": "1",
                            "egress.482069346.cidr_blocks.0": "0.0.0.0/0",
                            "egress.482069346.description": "",
                            "egress.482069346.from_port": "0",
                            "egress.482069346.ipv6_cidr_blocks.#": "0",
                            "egress.482069346.prefix_list_ids.#": "0",
                            "egress.482069346.protocol": "-1",
                            "egress.482069346.security_groups.#": "0",
                            "egress.482069346.self": "false",
                            "egress.482069346.to_port": "0",
                            "id": "sg-0f60e9318a88f4a2c",
                            "ingress.#": "2",
                            "ingress.2214680975.cidr_blocks.#": "1",
                            "ingress.2214680975.cidr_blocks.0": "0.0.0.0/0",
                            "ingress.2214680975.description": "",
                            "ingress.2214680975.from_port": "80",
                            "ingress.2214680975.ipv6_cidr_blocks.#": "0",
                            "ingress.2214680975.prefix_list_ids.#": "0",
                            "ingress.2214680975.protocol": "tcp",
                            "ingress.2214680975.security_groups.#": "0",
                            "ingress.2214680975.self": "false",
                            "ingress.2214680975.to_port": "80",
                            "ingress.2617001939.cidr_blocks.#": "1",
                            "ingress.2617001939.cidr_blocks.0": "0.0.0.0/0",
                            "ingress.2617001939.description": "",
                            "ingress.2617001939.from_port": "443",
                            "ingress.2617001939.ipv6_cidr_blocks.#": "0",
                            "ingress.2617001939.prefix_list_ids.#": "0",
                            "ingress.2617001939.protocol": "tcp",
                            "ingress.2617001939.security_groups.#": "0",
                            "ingress.2617001939.self": "false",
                            "ingress.2617001939.to_port": "443",
                            "name": "allow-http-prod",
                            "owner_id": "352990902149",
                            "revoke_rules_on_delete": "false",
                            "tags.%": "2",
                            "tags.Environmnent": "prod",
                            "tags.Name": "allow-traffic-in",
                            "vpc_id": "vpc-0d7102a793c3d449e"
                        },
                        "meta": {
                            "e2bfb730-ecaa-11e6-8f88-34363bc7c4c0": {
                                "create": 600000000000,
                                "delete": 600000000000
                            },
                            "schema_version": "1"
                        },
                        "tainted": false
                    },
                    "deposed": [],
                    "provider": "provider.aws"
                }
            },
            "depends_on": []
        },
        {
            "path": [
                "root",
                "database"
            ],
            "outputs": {
                "db_connection_enpoint": {
                    "sensitive": false,
                    "type": "string",
                    "value": "flaskdb.c09ylvqoqhhn.eu-west-1.rds.amazonaws.com:3306"
                },
                "db_database_password": {
                    "sensitive": false,
                    "type": "string",
                    "value": "PiPU12323%%!123"
                },
                "db_database_username": {
                    "sensitive": false,
                    "type": "string",
                    "value": "pipuser"
                },
                "db_instance_address": {
                    "sensitive": false,
                    "type": "string",
                    "value": "flaskdb.c09ylvqoqhhn.eu-west-1.rds.amazonaws.com"
                }
            },
            "resources": {
                "aws_security_group.tier1": {
                    "type": "aws_security_group",
                    "depends_on": [],
                    "primary": {
                        "id": "sg-003a940f684da4241",
                        "attributes": {
                            "arn": "arn:aws:ec2:eu-west-1:352990902149:security-group/sg-003a940f684da4241",
                            "description": "security group that allows http and all egress traffic",
                            "egress.#": "1",
                            "egress.482069346.cidr_blocks.#": "1",
                            "egress.482069346.cidr_blocks.0": "0.0.0.0/0",
                            "egress.482069346.description": "",
                            "egress.482069346.from_port": "0",
                            "egress.482069346.ipv6_cidr_blocks.#": "0",
                            "egress.482069346.prefix_list_ids.#": "0",
                            "egress.482069346.protocol": "-1",
                            "egress.482069346.security_groups.#": "0",
                            "egress.482069346.self": "false",
                            "egress.482069346.to_port": "0",
                            "id": "sg-003a940f684da4241",
                            "ingress.#": "1",
                            "ingress.713033102.cidr_blocks.#": "0",
                            "ingress.713033102.description": "",
                            "ingress.713033102.from_port": "3306",
                            "ingress.713033102.ipv6_cidr_blocks.#": "0",
                            "ingress.713033102.prefix_list_ids.#": "0",
                            "ingress.713033102.protocol": "tcp",
                            "ingress.713033102.security_groups.#": "1",
                            "ingress.713033102.security_groups.3489621069": "sg-0f0a7e03e92131c95",
                            "ingress.713033102.self": "false",
                            "ingress.713033102.to_port": "3306",
                            "name": "tier1-prod",
                            "owner_id": "352990902149",
                            "revoke_rules_on_delete": "false",
                            "tags.%": "2",
                            "tags.Environmnent": "prod",
                            "tags.Name": "allow-con-from-tier2",
                            "vpc_id": "vpc-0d7102a793c3d449e"
                        },
                        "meta": {
                            "e2bfb730-ecaa-11e6-8f88-34363bc7c4c0": {
                                "create": 600000000000,
                                "delete": 600000000000
                            },
                            "schema_version": "1"
                        },
                        "tainted": false
                    },
                    "deposed": [],
                    "provider": "provider.aws"
                },
                "null_resource.delay": {
                    "type": "null_resource",
                    "depends_on": [],
                    "primary": {
                        "id": "2169353716208846138",
                        "attributes": {
                            "id": "2169353716208846138"
                        },
                        "meta": {},
                        "tainted": false
                    },
                    "deposed": [],
                    "provider": "provider.null"
                }
            },
            "depends_on": []
        },
        {
            "path": [
                "root",
                "instances"
            ],
            "outputs": {
                "tier2_instance_id": {
                    "sensitive": false,
                    "type": "list",
                    "value": [
                        "i-0cd60e2587e3ec3d3",
                        "i-04923ac7a536e5daf"
                    ]
                },
                "tier2_instance_ip": {
                    "sensitive": false,
                    "type": "list",
                    "value": [
                        "10.0.101.136",
                        "10.0.102.110"
                    ]
                },
                "tier2_sec_group": {
                    "sensitive": false,
                    "type": "string",
                    "value": "sg-0f0a7e03e92131c95"
                },
                "tier3_instance_id": {
                    "sensitive": false,
                    "type": "list",
                    "value": [
                        "i-07f58a5f9ff573d1a",
                        "i-02b8b58659264d739"
                    ]
                }
            },
            "resources": {
                "aws_instance.instance_tier2.0": {
                    "type": "aws_instance",
                    "depends_on": [
                        "aws_key_pair.my_pub_keypair",
                        "aws_security_group.allow-ssh",
                        "aws_security_group.tier2",
                        "template_dir.config"
                    ],
                    "primary": {
                        "id": "i-0cd60e2587e3ec3d3",
                        "attributes": {
                            "ami": "ami-0fad7378adf284ce0",
                            "arn": "arn:aws:ec2:eu-west-1:352990902149:instance/i-0cd60e2587e3ec3d3",
                            "associate_public_ip_address": "true",
                            "availability_zone": "eu-west-1a",
                            "cpu_core_count": "1",
                            "cpu_threads_per_core": "1",
                            "credit_specification.#": "1",
                            "credit_specification.0.cpu_credits": "standard",
                            "disable_api_termination": "false",
                            "ebs_block_device.#": "0",
                            "ebs_optimized": "false",
                            "ephemeral_block_device.#": "0",
                            "get_password_data": "false",
                            "iam_instance_profile": "",
                            "id": "i-0cd60e2587e3ec3d3",
                            "instance_state": "running",
                            "instance_type": "t2.micro",
                            "ipv6_addresses.#": "0",
                            "key_name": "mykeypair-pub-prod",
                            "monitoring": "false",
                            "network_interface.#": "0",
                            "network_interface_id": "eni-0c58e6710efd70709",
                            "password_data": "",
                            "placement_group": "",
                            "primary_network_interface_id": "eni-0c58e6710efd70709",
                            "private_dns": "ip-10-0-101-136.eu-west-1.compute.internal",
                            "private_ip": "10.0.101.136",
                            "public_dns": "",
                            "public_ip": "52.215.224.27",
                            "root_block_device.#": "1",
                            "root_block_device.0.delete_on_termination": "true",
                            "root_block_device.0.iops": "100",
                            "root_block_device.0.volume_id": "vol-0f52adf6e02927f67",
                            "root_block_device.0.volume_size": "8",
                            "root_block_device.0.volume_type": "gp2",
                            "security_groups.#": "0",
                            "source_dest_check": "true",
                            "subnet_id": "subnet-07ad5ad09c1c13050",
                            "tags.%": "2",
                            "tags.Environmnent": "prod",
                            "tags.Name": "flaskkapp-1",
                            "tenancy": "default",
                            "volume_tags.%": "0",
                            "vpc_security_group_ids.#": "2",
                            "vpc_security_group_ids.1199335746": "sg-06a45a4d8c78c3ee7",
                            "vpc_security_group_ids.3489621069": "sg-0f0a7e03e92131c95"
                        },
                        "meta": {
                            "e2bfb730-ecaa-11e6-8f88-34363bc7c4c0": {
                                "create": 600000000000,
                                "delete": 1200000000000,
                                "update": 600000000000
                            },
                            "schema_version": "1"
                        },
                        "tainted": false
                    },
                    "deposed": [],
                    "provider": "provider.aws"
                },
                "aws_instance.instance_tier2.1": {
                    "type": "aws_instance",
                    "depends_on": [
                        "aws_key_pair.my_pub_keypair",
                        "aws_security_group.allow-ssh",
                        "aws_security_group.tier2",
                        "template_dir.config"
                    ],
                    "primary": {
                        "id": "i-04923ac7a536e5daf",
                        "attributes": {
                            "ami": "ami-0fad7378adf284ce0",
                            "arn": "arn:aws:ec2:eu-west-1:352990902149:instance/i-04923ac7a536e5daf",
                            "associate_public_ip_address": "true",
                            "availability_zone": "eu-west-1b",
                            "cpu_core_count": "1",
                            "cpu_threads_per_core": "1",
                            "credit_specification.#": "1",
                            "credit_specification.0.cpu_credits": "standard",
                            "disable_api_termination": "false",
                            "ebs_block_device.#": "0",
                            "ebs_optimized": "false",
                            "ephemeral_block_device.#": "0",
                            "get_password_data": "false",
                            "iam_instance_profile": "",
                            "id": "i-04923ac7a536e5daf",
                            "instance_state": "running",
                            "instance_type": "t2.micro",
                            "ipv6_addresses.#": "0",
                            "key_name": "mykeypair-pub-prod",
                            "monitoring": "false",
                            "network_interface.#": "0",
                            "network_interface_id": "eni-06912db73a3657327",
                            "password_data": "",
                            "placement_group": "",
                            "primary_network_interface_id": "eni-06912db73a3657327",
                            "private_dns": "ip-10-0-102-110.eu-west-1.compute.internal",
                            "private_ip": "10.0.102.110",
                            "public_dns": "",
                            "public_ip": "34.243.245.155",
                            "root_block_device.#": "1",
                            "root_block_device.0.delete_on_termination": "true",
                            "root_block_device.0.iops": "100",
                            "root_block_device.0.volume_id": "vol-09888112f0b0e793e",
                            "root_block_device.0.volume_size": "8",
                            "root_block_device.0.volume_type": "gp2",
                            "security_groups.#": "0",
                            "source_dest_check": "true",
                            "subnet_id": "subnet-0e639fee59e2f50c9",
                            "tags.%": "2",
                            "tags.Environmnent": "prod",
                            "tags.Name": "flaskkapp-2",
                            "tenancy": "default",
                            "volume_tags.%": "0",
                            "vpc_security_group_ids.#": "2",
                            "vpc_security_group_ids.1199335746": "sg-06a45a4d8c78c3ee7",
                            "vpc_security_group_ids.3489621069": "sg-0f0a7e03e92131c95"
                        },
                        "meta": {
                            "e2bfb730-ecaa-11e6-8f88-34363bc7c4c0": {
                                "create": 600000000000,
                                "delete": 1200000000000,
                                "update": 600000000000
                            },
                            "schema_version": "1"
                        },
                        "tainted": false
                    },
                    "deposed": [],
                    "provider": "provider.aws"
                },
                "aws_instance.instance_tier3.0": {
                    "type": "aws_instance",
                    "depends_on": [
                        "aws_key_pair.my_pub_keypair",
                        "aws_security_group.allow-ssh",
                        "aws_security_group.tier3",
                        "data.template_cloudinit_config.cloudinit-example",
                        "template_dir.config"
                    ],
                    "primary": {
                        "id": "i-07f58a5f9ff573d1a",
                        "attributes": {
                            "ami": "ami-0fad7378adf284ce0",
                            "arn": "arn:aws:ec2:eu-west-1:352990902149:instance/i-07f58a5f9ff573d1a",
                            "associate_public_ip_address": "true",
                            "availability_zone": "eu-west-1a",
                            "cpu_core_count": "1",
                            "cpu_threads_per_core": "1",
                            "credit_specification.#": "1",
                            "credit_specification.0.cpu_credits": "standard",
                            "disable_api_termination": "false",
                            "ebs_block_device.#": "0",
                            "ebs_optimized": "false",
                            "ephemeral_block_device.#": "0",
                            "get_password_data": "false",
                            "iam_instance_profile": "",
                            "id": "i-07f58a5f9ff573d1a",
                            "instance_state": "running",
                            "instance_type": "t2.micro",
                            "ipv6_addresses.#": "0",
                            "key_name": "mykeypair-pub-prod",
                            "monitoring": "false",
                            "network_interface.#": "0",
                            "network_interface_id": "eni-0166f555fa7b431b5",
                            "password_data": "",
                            "placement_group": "",
                            "primary_network_interface_id": "eni-0166f555fa7b431b5",
                            "private_dns": "ip-10-0-101-204.eu-west-1.compute.internal",
                            "private_ip": "10.0.101.204",
                            "public_dns": "",
                            "public_ip": "54.154.86.217",
                            "root_block_device.#": "1",
                            "root_block_device.0.delete_on_termination": "true",
                            "root_block_device.0.iops": "100",
                            "root_block_device.0.volume_id": "vol-01a6edbf1ba5f716e",
                            "root_block_device.0.volume_size": "8",
                            "root_block_device.0.volume_type": "gp2",
                            "security_groups.#": "0",
                            "source_dest_check": "true",
                            "subnet_id": "subnet-07ad5ad09c1c13050",
                            "tags.%": "2",
                            "tags.Environmnent": "prod",
                            "tags.Name": "nginx-1",
                            "tenancy": "default",
                            "user_data": "bb80a5a724d73899c32f37819fa99f16fe4fcd04",
                            "volume_tags.%": "0",
                            "vpc_security_group_ids.#": "2",
                            "vpc_security_group_ids.1199335746": "sg-06a45a4d8c78c3ee7",
                            "vpc_security_group_ids.1733881654": "sg-08a8408db7dc0f9d9"
                        },
                        "meta": {
                            "e2bfb730-ecaa-11e6-8f88-34363bc7c4c0": {
                                "create": 600000000000,
                                "delete": 1200000000000,
                                "update": 600000000000
                            },
                            "schema_version": "1"
                        },
                        "tainted": false
                    },
                    "deposed": [],
                    "provider": "provider.aws"
                },
                "aws_instance.instance_tier3.1": {
                    "type": "aws_instance",
                    "depends_on": [
                        "aws_key_pair.my_pub_keypair",
                        "aws_security_group.allow-ssh",
                        "aws_security_group.tier3",
                        "data.template_cloudinit_config.cloudinit-example",
                        "template_dir.config"
                    ],
                    "primary": {
                        "id": "i-02b8b58659264d739",
                        "attributes": {
                            "ami": "ami-0fad7378adf284ce0",
                            "arn": "arn:aws:ec2:eu-west-1:352990902149:instance/i-02b8b58659264d739",
                            "associate_public_ip_address": "true",
                            "availability_zone": "eu-west-1b",
                            "cpu_core_count": "1",
                            "cpu_threads_per_core": "1",
                            "credit_specification.#": "1",
                            "credit_specification.0.cpu_credits": "standard",
                            "disable_api_termination": "false",
                            "ebs_block_device.#": "0",
                            "ebs_optimized": "false",
                            "ephemeral_block_device.#": "0",
                            "get_password_data": "false",
                            "iam_instance_profile": "",
                            "id": "i-02b8b58659264d739",
                            "instance_state": "running",
                            "instance_type": "t2.micro",
                            "ipv6_addresses.#": "0",
                            "key_name": "mykeypair-pub-prod",
                            "monitoring": "false",
                            "network_interface.#": "0",
                            "network_interface_id": "eni-071c23660aae6c929",
                            "password_data": "",
                            "placement_group": "",
                            "primary_network_interface_id": "eni-071c23660aae6c929",
                            "private_dns": "ip-10-0-102-112.eu-west-1.compute.internal",
                            "private_ip": "10.0.102.112",
                            "public_dns": "",
                            "public_ip": "52.16.251.63",
                            "root_block_device.#": "1",
                            "root_block_device.0.delete_on_termination": "true",
                            "root_block_device.0.iops": "100",
                            "root_block_device.0.volume_id": "vol-0d6a371593787d4ac",
                            "root_block_device.0.volume_size": "8",
                            "root_block_device.0.volume_type": "gp2",
                            "security_groups.#": "0",
                            "source_dest_check": "true",
                            "subnet_id": "subnet-0e639fee59e2f50c9",
                            "tags.%": "2",
                            "tags.Environmnent": "prod",
                            "tags.Name": "nginx-2",
                            "tenancy": "default",
                            "user_data": "bb80a5a724d73899c32f37819fa99f16fe4fcd04",
                            "volume_tags.%": "0",
                            "vpc_security_group_ids.#": "2",
                            "vpc_security_group_ids.1199335746": "sg-06a45a4d8c78c3ee7",
                            "vpc_security_group_ids.1733881654": "sg-08a8408db7dc0f9d9"
                        },
                        "meta": {
                            "e2bfb730-ecaa-11e6-8f88-34363bc7c4c0": {
                                "create": 600000000000,
                                "delete": 1200000000000,
                                "update": 600000000000
                            },
                            "schema_version": "1"
                        },
                        "tainted": false
                    },
                    "deposed": [],
                    "provider": "provider.aws"
                },
                "aws_key_pair.my_pub_keypair": {
                    "type": "aws_key_pair",
                    "depends_on": [],
                    "primary": {
                        "id": "mykeypair-pub-prod",
                        "attributes": {
                            "fingerprint": "b6:42:c1:c1:f6:3d:38:bd:40:8f:18:29:c3:57:e0:25",
                            "id": "mykeypair-pub-prod",
                            "key_name": "mykeypair-pub-prod",
                            "public_key": "ssh-rsa AAAAB3NzaC1yc2EAAAADAQABAAABAQCqquV3oEEIKdaT3vdhxt8AcSG4D4BbfzQbkZlDBp7qtOlWJAlaw9wABvURTbFjAG7UNiI4wgSjdnvTYVaNwhTPPbVbQAOwUadam621jlfqS8TXFQ+9iMtyiR4EqIBWa5SHmxIw5p8AoN+QyHawCl+nLMkv/GctOYnR8oUTZwc1nwIAMUINtEq3YMMp1h7gIACXW2sl6hn6MOII90jgmVIxlRp0FbyS4WGDNVQ8SbqJQ9cX5QX2hKCIKzlYASQZQOV3G6pRIuxw/xNgj4ajmawNSr+vSAoESvFSt3y4AFs4p308qmFvFL34BzicxSGB02r2LnK60p0R415kya5fPRfT tn611gu@USC02VG29PHV2H"
                        },
                        "meta": {
                            "schema_version": "1"
                        },
                        "tainted": false
                    },
                    "deposed": [],
                    "provider": "provider.aws"
                },
                "aws_lb_target_group_attachment.attache_tier3.0": {
                    "type": "aws_lb_target_group_attachment",
                    "depends_on": [
                        "aws_instance.instance_tier3.*"
                    ],
                    "primary": {
                        "id": "arn:aws:elasticloadbalancing:eu-west-1:352990902149:targetgroup/flask-app-tg/8bf1ce9fcddd8ac6-20190218021737254100000001",
                        "attributes": {
                            "id": "arn:aws:elasticloadbalancing:eu-west-1:352990902149:targetgroup/flask-app-tg/8bf1ce9fcddd8ac6-20190218021737254100000001",
                            "target_group_arn": "arn:aws:elasticloadbalancing:eu-west-1:352990902149:targetgroup/flask-app-tg/8bf1ce9fcddd8ac6",
                            "target_id": "i-07f58a5f9ff573d1a"
                        },
                        "meta": {},
                        "tainted": false
                    },
                    "deposed": [],
                    "provider": "provider.aws"
                },
                "aws_lb_target_group_attachment.attache_tier3.1": {
                    "type": "aws_lb_target_group_attachment",
                    "depends_on": [
                        "aws_instance.instance_tier3.*"
                    ],
                    "primary": {
                        "id": "arn:aws:elasticloadbalancing:eu-west-1:352990902149:targetgroup/flask-app-tg/8bf1ce9fcddd8ac6-20190218024038969000000001",
                        "attributes": {
                            "id": "arn:aws:elasticloadbalancing:eu-west-1:352990902149:targetgroup/flask-app-tg/8bf1ce9fcddd8ac6-20190218024038969000000001",
                            "target_group_arn": "arn:aws:elasticloadbalancing:eu-west-1:352990902149:targetgroup/flask-app-tg/8bf1ce9fcddd8ac6",
                            "target_id": "i-02b8b58659264d739"
                        },
                        "meta": {},
                        "tainted": false
                    },
                    "deposed": [],
                    "provider": "provider.aws"
                },
                "aws_security_group.allow-ssh": {
                    "type": "aws_security_group",
                    "depends_on": [],
                    "primary": {
                        "id": "sg-06a45a4d8c78c3ee7",
                        "attributes": {
                            "arn": "arn:aws:ec2:eu-west-1:352990902149:security-group/sg-06a45a4d8c78c3ee7",
                            "description": "security group that allows ssh and all egress traffic",
                            "egress.#": "1",
                            "egress.482069346.cidr_blocks.#": "1",
                            "egress.482069346.cidr_blocks.0": "0.0.0.0/0",
                            "egress.482069346.description": "",
                            "egress.482069346.from_port": "0",
                            "egress.482069346.ipv6_cidr_blocks.#": "0",
                            "egress.482069346.prefix_list_ids.#": "0",
                            "egress.482069346.protocol": "-1",
                            "egress.482069346.security_groups.#": "0",
                            "egress.482069346.self": "false",
                            "egress.482069346.to_port": "0",
                            "id": "sg-06a45a4d8c78c3ee7",
                            "ingress.#": "1",
                            "ingress.2541437006.cidr_blocks.#": "1",
                            "ingress.2541437006.cidr_blocks.0": "0.0.0.0/0",
                            "ingress.2541437006.description": "",
                            "ingress.2541437006.from_port": "22",
                            "ingress.2541437006.ipv6_cidr_blocks.#": "0",
                            "ingress.2541437006.prefix_list_ids.#": "0",
                            "ingress.2541437006.protocol": "tcp",
                            "ingress.2541437006.security_groups.#": "0",
                            "ingress.2541437006.self": "false",
                            "ingress.2541437006.to_port": "22",
                            "name": "allow-ssh-prod",
                            "owner_id": "352990902149",
                            "revoke_rules_on_delete": "false",
                            "tags.%": "2",
                            "tags.Environmnent": "prod",
                            "tags.Name": "allow-ssh",
                            "vpc_id": "vpc-0d7102a793c3d449e"
                        },
                        "meta": {
                            "e2bfb730-ecaa-11e6-8f88-34363bc7c4c0": {
                                "create": 600000000000,
                                "delete": 600000000000
                            },
                            "schema_version": "1"
                        },
                        "tainted": false
                    },
                    "deposed": [],
                    "provider": "provider.aws"
                },
                "aws_security_group.tier2": {
                    "type": "aws_security_group",
                    "depends_on": [
                        "aws_security_group.tier3"
                    ],
                    "primary": {
                        "id": "sg-0f0a7e03e92131c95",
                        "attributes": {
                            "arn": "arn:aws:ec2:eu-west-1:352990902149:security-group/sg-0f0a7e03e92131c95",
                            "description": "security group that allows http and all egress traffic",
                            "egress.#": "1",
                            "egress.482069346.cidr_blocks.#": "1",
                            "egress.482069346.cidr_blocks.0": "0.0.0.0/0",
                            "egress.482069346.description": "",
                            "egress.482069346.from_port": "0",
                            "egress.482069346.ipv6_cidr_blocks.#": "0",
                            "egress.482069346.prefix_list_ids.#": "0",
                            "egress.482069346.protocol": "-1",
                            "egress.482069346.security_groups.#": "0",
                            "egress.482069346.self": "false",
                            "egress.482069346.to_port": "0",
                            "id": "sg-0f0a7e03e92131c95",
                            "ingress.#": "1",
                            "ingress.2071477125.cidr_blocks.#": "0",
                            "ingress.2071477125.description": "",
                            "ingress.2071477125.from_port": "0",
                            "ingress.2071477125.ipv6_cidr_blocks.#": "0",
                            "ingress.2071477125.prefix_list_ids.#": "0",
                            "ingress.2071477125.protocol": "tcp",
                            "ingress.2071477125.security_groups.#": "1",
                            "ingress.2071477125.security_groups.1733881654": "sg-08a8408db7dc0f9d9",
                            "ingress.2071477125.self": "false",
                            "ingress.2071477125.to_port": "65535",
                            "name": "tier2-prod",
                            "owner_id": "352990902149",
                            "revoke_rules_on_delete": "false",
                            "tags.%": "2",
                            "tags.Environmnent": "prod",
                            "tags.Name": "allow-all-from-tier3",
                            "vpc_id": "vpc-0d7102a793c3d449e"
                        },
                        "meta": {
                            "e2bfb730-ecaa-11e6-8f88-34363bc7c4c0": {
                                "create": 600000000000,
                                "delete": 600000000000
                            },
                            "schema_version": "1"
                        },
                        "tainted": false
                    },
                    "deposed": [],
                    "provider": "provider.aws"
                },
                "aws_security_group.tier3": {
                    "type": "aws_security_group",
                    "depends_on": [],
                    "primary": {
                        "id": "sg-08a8408db7dc0f9d9",
                        "attributes": {
                            "arn": "arn:aws:ec2:eu-west-1:352990902149:security-group/sg-08a8408db7dc0f9d9",
                            "description": "security group that allows http and all egress traffic",
                            "egress.#": "1",
                            "egress.482069346.cidr_blocks.#": "1",
                            "egress.482069346.cidr_blocks.0": "0.0.0.0/0",
                            "egress.482069346.description": "",
                            "egress.482069346.from_port": "0",
                            "egress.482069346.ipv6_cidr_blocks.#": "0",
                            "egress.482069346.prefix_list_ids.#": "0",
                            "egress.482069346.protocol": "-1",
                            "egress.482069346.security_groups.#": "0",
                            "egress.482069346.self": "false",
                            "egress.482069346.to_port": "0",
                            "id": "sg-08a8408db7dc0f9d9",
                            "ingress.#": "1",
                            "ingress.3823534514.cidr_blocks.#": "0",
                            "ingress.3823534514.description": "",
                            "ingress.3823534514.from_port": "80",
                            "ingress.3823534514.ipv6_cidr_blocks.#": "0",
                            "ingress.3823534514.prefix_list_ids.#": "0",
                            "ingress.3823534514.protocol": "tcp",
                            "ingress.3823534514.security_groups.#": "1",
                            "ingress.3823534514.security_groups.3108352230": "sg-0f60e9318a88f4a2c",
                            "ingress.3823534514.self": "false",
                            "ingress.3823534514.to_port": "80",
                            "name": "tier3-prod",
                            "owner_id": "352990902149",
                            "revoke_rules_on_delete": "false",
                            "tags.%": "2",
                            "tags.Environmnent": "prod",
                            "tags.Name": "allow-http",
                            "vpc_id": "vpc-0d7102a793c3d449e"
                        },
                        "meta": {
                            "e2bfb730-ecaa-11e6-8f88-34363bc7c4c0": {
                                "create": 600000000000,
                                "delete": 600000000000
                            },
                            "schema_version": "1"
                        },
                        "tainted": false
                    },
                    "deposed": [],
                    "provider": "provider.aws"
                },
                "data.aws_ami.latest-ubuntu": {
                    "type": "aws_ami",
                    "depends_on": [],
                    "primary": {
                        "id": "ami-08660f1c6fb6b01e7",
                        "attributes": {
                            "architecture": "x86_64",
                            "block_device_mappings.#": "3",
                            "block_device_mappings.1634610537.device_name": "/dev/sdb",
                            "block_device_mappings.1634610537.ebs.%": "0",
                            "block_device_mappings.1634610537.no_device": "",
                            "block_device_mappings.1634610537.virtual_name": "ephemeral0",
                            "block_device_mappings.2547816212.device_name": "/dev/sda1",
                            "block_device_mappings.2547816212.ebs.%": "6",
                            "block_device_mappings.2547816212.ebs.delete_on_termination": "true",
                            "block_device_mappings.2547816212.ebs.encrypted": "false",
                            "block_device_mappings.2547816212.ebs.iops": "0",
                            "block_device_mappings.2547816212.ebs.snapshot_id": "snap-0cc6086ba32704425",
                            "block_device_mappings.2547816212.ebs.volume_size": "8",
                            "block_device_mappings.2547816212.ebs.volume_type": "gp2",
                            "block_device_mappings.2547816212.no_device": "",
                            "block_device_mappings.2547816212.virtual_name": "",
                            "block_device_mappings.3850042718.device_name": "/dev/sdc",
                            "block_device_mappings.3850042718.ebs.%": "0",
                            "block_device_mappings.3850042718.no_device": "",
                            "block_device_mappings.3850042718.virtual_name": "ephemeral1",
                            "creation_date": "2019-02-13T10:26:31.000Z",
                            "description": "Canonical, Ubuntu, 16.04 LTS, amd64 xenial image build on 2019-02-12",
                            "filter.#": "2",
                            "filter.1585153008.name": "name",
                            "filter.1585153008.values.#": "1",
                            "filter.1585153008.values.0": "ubuntu/images/hvm-ssd/ubuntu-xenial-16.04-amd64-server-*",
                            "filter.490168357.name": "virtualization-type",
                            "filter.490168357.values.#": "1",
                            "filter.490168357.values.0": "hvm",
                            "hypervisor": "xen",
                            "id": "ami-08660f1c6fb6b01e7",
                            "image_id": "ami-08660f1c6fb6b01e7",
                            "image_location": "099720109477/ubuntu/images/hvm-ssd/ubuntu-xenial-16.04-amd64-server-20190212",
                            "image_type": "machine",
                            "most_recent": "true",
                            "name": "ubuntu/images/hvm-ssd/ubuntu-xenial-16.04-amd64-server-20190212",
                            "owner_id": "099720109477",
                            "owners.#": "1",
                            "owners.0": "099720109477",
                            "product_codes.#": "0",
                            "public": "true",
                            "root_device_name": "/dev/sda1",
                            "root_device_type": "ebs",
                            "root_snapshot_id": "snap-0cc6086ba32704425",
                            "sriov_net_support": "simple",
                            "state": "available",
                            "state_reason.%": "2",
                            "state_reason.code": "UNSET",
                            "state_reason.message": "UNSET",
                            "tags.%": "0",
                            "virtualization_type": "hvm"
                        },
                        "meta": {},
                        "tainted": false
                    },
                    "deposed": [],
                    "provider": "provider.aws"
                },
                "data.template_cloudinit_config.cloudinit-example": {
                    "type": "template_cloudinit_config",
                    "depends_on": [
                        "data.template_file.init-script"
                    ],
                    "primary": {
                        "id": "761111321",
                        "attributes": {
                            "base64_encode": "false",
                            "gzip": "false",
                            "id": "761111321",
                            "part.#": "1",
                            "part.0.content": "repo_update: true\nrepo_upgrade: all\n\npackages:\n  -\n\nruncmd:\n - sudo echo \"default['nginx']['flask_host_ip'] = 10.0.101.136 10.0.102.110 | tee /var/default.rb\"\n - [ sh, -c, \"sudo echo 10.0.101.136 10.0.102.110 | tee /var/iplist\"]\n - [ sh, -c, \"export IPLIST=10.0.101.136 10.0.102.110\"]\n\noutput:\n  all: '| tee -a /var/log/cloud-init-output.log'",
                            "part.0.content_type": "text/cloud-config",
                            "part.0.filename": "init.cfg",
                            "part.0.merge_type": "",
                            "rendered": "Content-Type: multipart/mixed; boundary=\"MIMEBOUNDARY\"\nMIME-Version: 1.0\r\n\r\n--MIMEBOUNDARY\r\nContent-Disposition: attachment; filename=\"init.cfg\"\r\nContent-Transfer-Encoding: 7bit\r\nContent-Type: text/cloud-config\r\nMime-Version: 1.0\r\n\r\nrepo_update: true\nrepo_upgrade: all\n\npackages:\n  -\n\nruncmd:\n - sudo echo \"default['nginx']['flask_host_ip'] = 10.0.101.136 10.0.102.110 | tee /var/default.rb\"\n - [ sh, -c, \"sudo echo 10.0.101.136 10.0.102.110 | tee /var/iplist\"]\n - [ sh, -c, \"export IPLIST=10.0.101.136 10.0.102.110\"]\n\noutput:\n  all: '| tee -a /var/log/cloud-init-output.log'\r\n--MIMEBOUNDARY--\r\n"
                        },
                        "meta": {},
                        "tainted": false
                    },
                    "deposed": [],
                    "provider": "provider.template"
                },
                "data.template_file.init": {
                    "type": "template_file",
                    "depends_on": [
                        "aws_instance.instance_tier2.*"
                    ],
                    "primary": {
                        "id": "16f5046a20bad218a9daf8d32c9658de12ba2c04691a070d6fd6de1bbb3f762b",
                        "attributes": {
                            "id": "16f5046a20bad218a9daf8d32c9658de12ba2c04691a070d6fd6de1bbb3f762b",
                            "rendered": "#!/bin/bash\\n\n\\n\nsudo echo \"default['nginx']['flask_host_ip'] = 10.0.101.136,10.0.102.110\" \u003e ~/iplist",
                            "template": "#!/bin/bash\\n\n\\n\nsudo echo \"default['nginx']['flask_host_ip'] = 10.0.101.136,10.0.102.110\" \u003e ~/iplist",
                            "vars.%": "1",
                            "vars.consul_address": "10.0.101.136,10.0.102.110"
                        },
                        "meta": {},
                        "tainted": false
                    },
                    "deposed": [],
                    "provider": "provider.template"
                },
                "data.template_file.init-script": {
                    "type": "template_file",
                    "depends_on": [
                        "aws_instance.instance_tier2.*"
                    ],
                    "primary": {
                        "id": "36417f562922ceb421e077506501003e99ddab83439163cf70cb4ca244f9e681",
                        "attributes": {
                            "id": "36417f562922ceb421e077506501003e99ddab83439163cf70cb4ca244f9e681",
                            "rendered": "repo_update: true\nrepo_upgrade: all\n\npackages:\n  -\n\nruncmd:\n - sudo echo \"default['nginx']['flask_host_ip'] = 10.0.101.136 10.0.102.110 | tee /var/default.rb\"\n - [ sh, -c, \"sudo echo 10.0.101.136 10.0.102.110 | tee /var/iplist\"]\n - [ sh, -c, \"export IPLIST=10.0.101.136 10.0.102.110\"]\n\noutput:\n  all: '| tee -a /var/log/cloud-init-output.log'",
                            "template": "repo_update: true\nrepo_upgrade: all\n\npackages:\n  -\n\nruncmd:\n - sudo echo \"default['nginx']['flask_host_ip'] = ${IPLIST} | tee /var/default.rb\"\n - [ sh, -c, \"sudo echo ${IPLIST} | tee /var/iplist\"]\n - [ sh, -c, \"export IPLIST=${IPLIST}\"]\n\noutput:\n  all: '| tee -a /var/log/cloud-init-output.log'",
                            "vars.%": "2",
                            "vars.IPLIST": "10.0.101.136 10.0.102.110",
                            "vars.REGION": "eu-west-1"
                        },
                        "meta": {},
                        "tainted": false
                    },
                    "deposed": [],
                    "provider": "provider.template"
                },
                "template_dir.config": {
                    "type": "template_dir",
                    "depends_on": [],
                    "primary": {
                        "id": "0beb052d3f2f5514c8d046b532e136a75b3cd101",
                        "attributes": {
                            "destination_dir": "/Users/tn611gu/intute_project/terraform_ha_stack/prod/.terraform/modules/a85bbd36816231256e033d4873dbe334/scripts/chef/terra_templates",
                            "id": "0beb052d3f2f5514c8d046b532e136a75b3cd101",
                            "source_dir": "/Users/tn611gu/intute_project/terraform_ha_stack/prod/.terraform/modules/a85bbd36816231256e033d4873dbe334/instance_config_templates",
                            "vars.%": "4",
                            "vars.database_endpoint": "flaskdb.c09ylvqoqhhn.eu-west-1.rds.amazonaws.com:3306",
                            "vars.database_name": "flaskdb",
                            "vars.database_password": "PiPU12323%%!123",
                            "vars.database_user_name": "pipuser"
                        },
                        "meta": {},
                        "tainted": false
                    },
                    "deposed": [],
                    "provider": "provider.template"
                }
            },
            "depends_on": []
        },
        {
            "path": [
                "root",
                "main-vpc"
            ],
            "outputs": {
                "private_subnets": {
                    "sensitive": false,
                    "type": "list",
                    "value": [
                        "subnet-05c70d51421f927a9",
                        "subnet-06fc2051172d5eff4",
                        "subnet-0e9306929554122ad"
                    ]
                },
                "public_subnets": {
                    "sensitive": false,
                    "type": "list",
                    "value": [
                        "subnet-07ad5ad09c1c13050",
                        "subnet-0e639fee59e2f50c9",
                        "subnet-020a7751986526cb5"
                    ]
                },
                "vpc_id": {
                    "sensitive": false,
                    "type": "string",
                    "value": "vpc-0d7102a793c3d449e"
                }
            },
            "resources": {},
            "depends_on": []
        },
        {
            "path": [
                "root",
                "route53"
            ],
            "outputs": {},
            "resources": {
                "aws_route53_record.reg1": {
                    "type": "aws_route53_record",
                    "depends_on": [
                        "data.aws_route53_zone.selected"
                    ],
                    "primary": {
                        "id": "Z37ADCVQ67W5YZ_flaskapp_A_eu-west-1",
                        "attributes": {
                            "alias.#": "1",
                            "alias.2704319389.evaluate_target_health": "true",
                            "alias.2704319389.name": "my-app-alb-1445915270.eu-west-1.elb.amazonaws.com",
                            "alias.2704319389.zone_id": "Z32O12XQLNTSW2",
                            "allow_overwrite": "true",
                            "fqdn": "flaskapp.thebetterengineers.com",
                            "health_check_id": "",
                            "id": "Z37ADCVQ67W5YZ_flaskapp_A_eu-west-1",
                            "name": "flaskapp",
                            "records.#": "0",
                            "set_identifier": "eu-west-1",
                            "ttl": "0",
                            "type": "A",
                            "weighted_routing_policy.#": "1",
                            "weighted_routing_policy.0.weight": "10",
                            "zone_id": "Z37ADCVQ67W5YZ"
                        },
                        "meta": {
                            "schema_version": "2"
                        },
                        "tainted": false
                    },
                    "deposed": [],
                    "provider": "provider.aws"
                },
                "data.aws_route53_zone.selected": {
                    "type": "aws_route53_zone",
                    "depends_on": [],
                    "primary": {
                        "id": "Z37ADCVQ67W5YZ",
                        "attributes": {
                            "caller_reference": "5A8598F4-2DE1-FA5B-ACD8-1FC981F6F8EB",
                            "comment": "mysitework",
                            "id": "Z37ADCVQ67W5YZ",
                            "name": "thebetterengineers.com.",
                            "name_servers.#": "4",
                            "name_servers.0": "ns-1746.awsdns-26.co.uk",
                            "name_servers.1": "ns-1416.awsdns-49.org",
                            "name_servers.2": "ns-686.awsdns-21.net",
                            "name_servers.3": "ns-199.awsdns-24.com",
                            "private_zone": "false",
                            "resource_record_set_count": "3",
                            "zone_id": "Z37ADCVQ67W5YZ"
                        },
                        "meta": {},
                        "tainted": false
                    },
                    "deposed": [],
                    "provider": "provider.aws"
                },
                "null_resource.example": {
                    "type": "null_resource",
                    "depends_on": [
                        "aws_route53_record.reg1"
                    ],
                    "primary": {
                        "id": "3113254862929093555",
                        "attributes": {
                            "id": "3113254862929093555"
                        },
                        "meta": {},
                        "tainted": false
                    },
                    "deposed": [],
                    "provider": "provider.null"
                }
            },
            "depends_on": []
        },
        {
            "path": [
                "root",
                "alb",
                "alb"
            ],
            "outputs": {
                "dns_name": {
                    "sensitive": false,
                    "type": "string",
                    "value": "my-app-alb-1445915270.eu-west-1.elb.amazonaws.com"
                },
                "http_tcp_listener_arns": {
                    "sensitive": false,
                    "type": "list",
                    "value": [
                        "arn:aws:elasticloadbalancing:eu-west-1:352990902149:listener/app/my-app-alb/b1c00dbc17515af1/59ee4ed6fdd0b81a"
                    ]
                },
                "http_tcp_listener_ids": {
                    "sensitive": false,
                    "type": "list",
                    "value": [
                        "arn:aws:elasticloadbalancing:eu-west-1:352990902149:listener/app/my-app-alb/b1c00dbc17515af1/59ee4ed6fdd0b81a"
                    ]
                },
                "https_listener_arns": {
                    "sensitive": false,
                    "type": "list",
                    "value": []
                },
                "https_listener_ids": {
                    "sensitive": false,
                    "type": "list",
                    "value": []
                },
                "load_balancer_arn_suffix": {
                    "sensitive": false,
                    "type": "string",
                    "value": "app/my-app-alb/b1c00dbc17515af1"
                },
                "load_balancer_id": {
                    "sensitive": false,
                    "type": "string",
                    "value": "arn:aws:elasticloadbalancing:eu-west-1:352990902149:loadbalancer/app/my-app-alb/b1c00dbc17515af1"
                },
                "load_balancer_zone_id": {
                    "sensitive": false,
                    "type": "string",
                    "value": "Z32O12XQLNTSW2"
                },
                "target_group_arn_suffixes": {
                    "sensitive": false,
                    "type": "list",
                    "value": [
                        "targetgroup/flask-app-tg/8bf1ce9fcddd8ac6"
                    ]
                },
                "target_group_arns": {
                    "sensitive": false,
                    "type": "list",
                    "value": [
                        "arn:aws:elasticloadbalancing:eu-west-1:352990902149:targetgroup/flask-app-tg/8bf1ce9fcddd8ac6"
                    ]
                },
                "target_group_names": {
                    "sensitive": false,
                    "type": "list",
                    "value": [
                        "flask-app-tg"
                    ]
                }
            },
            "resources": {
                "aws_lb.application": {
                    "type": "aws_lb",
                    "depends_on": [],
                    "primary": {
                        "id": "arn:aws:elasticloadbalancing:eu-west-1:352990902149:loadbalancer/app/my-app-alb/b1c00dbc17515af1",
                        "attributes": {
                            "access_logs.#": "1",
                            "access_logs.0.bucket": "my-app-alb-logs",
                            "access_logs.0.enabled": "true",
                            "access_logs.0.prefix": "my-app-alb-logs",
                            "arn": "arn:aws:elasticloadbalancing:eu-west-1:352990902149:loadbalancer/app/my-app-alb/b1c00dbc17515af1",
                            "arn_suffix": "app/my-app-alb/b1c00dbc17515af1",
                            "dns_name": "my-app-alb-1445915270.eu-west-1.elb.amazonaws.com",
                            "enable_deletion_protection": "false",
                            "enable_http2": "true",
                            "id": "arn:aws:elasticloadbalancing:eu-west-1:352990902149:loadbalancer/app/my-app-alb/b1c00dbc17515af1",
                            "idle_timeout": "60",
                            "internal": "false",
                            "ip_address_type": "ipv4",
                            "load_balancer_type": "application",
                            "name": "my-app-alb",
                            "security_groups.#": "2",
                            "security_groups.232770379": "sg-0b6c72b673d99d125",
                            "security_groups.3108352230": "sg-0f60e9318a88f4a2c",
                            "subnet_mapping.#": "0",
                            "subnets.#": "3",
                            "subnets.2115032503": "subnet-020a7751986526cb5",
                            "subnets.3196175583": "subnet-0e639fee59e2f50c9",
                            "subnets.3729286536": "subnet-07ad5ad09c1c13050",
                            "tags.%": "2",
                            "tags.Environment": "test",
                            "tags.Name": "my-app-alb",
                            "vpc_id": "vpc-0d7102a793c3d449e",
                            "zone_id": "Z32O12XQLNTSW2"
                        },
                        "meta": {
                            "e2bfb730-ecaa-11e6-8f88-34363bc7c4c0": {
                                "create": 600000000000,
                                "delete": 600000000000,
                                "update": 600000000000
                            }
                        },
                        "tainted": false
                    },
                    "deposed": [],
                    "provider": "provider.aws"
                },
                "aws_lb_listener.frontend_http_tcp": {
                    "type": "aws_lb_listener",
                    "depends_on": [
                        "aws_lb.application.*",
                        "aws_lb.application_no_logs.*",
                        "aws_lb_target_group.main.*"
                    ],
                    "primary": {
                        "id": "arn:aws:elasticloadbalancing:eu-west-1:352990902149:listener/app/my-app-alb/b1c00dbc17515af1/59ee4ed6fdd0b81a",
                        "attributes": {
                            "arn": "arn:aws:elasticloadbalancing:eu-west-1:352990902149:listener/app/my-app-alb/b1c00dbc17515af1/59ee4ed6fdd0b81a",
                            "default_action.#": "1",
                            "default_action.0.authenticate_cognito.#": "0",
                            "default_action.0.authenticate_oidc.#": "0",
                            "default_action.0.fixed_response.#": "0",
                            "default_action.0.order": "1",
                            "default_action.0.redirect.#": "0",
                            "default_action.0.target_group_arn": "arn:aws:elasticloadbalancing:eu-west-1:352990902149:targetgroup/flask-app-tg/8bf1ce9fcddd8ac6",
                            "default_action.0.type": "forward",
                            "id": "arn:aws:elasticloadbalancing:eu-west-1:352990902149:listener/app/my-app-alb/b1c00dbc17515af1/59ee4ed6fdd0b81a",
                            "load_balancer_arn": "arn:aws:elasticloadbalancing:eu-west-1:352990902149:loadbalancer/app/my-app-alb/b1c00dbc17515af1",
                            "port": "80",
                            "protocol": "HTTP",
                            "ssl_policy": ""
                        },
                        "meta": {
                            "e2bfb730-ecaa-11e6-8f88-34363bc7c4c0": {
                                "read": 600000000000
                            }
                        },
                        "tainted": false
                    },
                    "deposed": [],
                    "provider": "provider.aws"
                },
                "aws_lb_target_group.main": {
                    "type": "aws_lb_target_group",
                    "depends_on": [
                        "aws_lb.application",
                        "local.target_groups_defaults"
                    ],
                    "primary": {
                        "id": "arn:aws:elasticloadbalancing:eu-west-1:352990902149:targetgroup/flask-app-tg/8bf1ce9fcddd8ac6",
                        "attributes": {
                            "arn": "arn:aws:elasticloadbalancing:eu-west-1:352990902149:targetgroup/flask-app-tg/8bf1ce9fcddd8ac6",
                            "arn_suffix": "targetgroup/flask-app-tg/8bf1ce9fcddd8ac6",
                            "deregistration_delay": "300",
                            "health_check.#": "1",
                            "health_check.0.healthy_threshold": "3",
                            "health_check.0.interval": "10",
                            "health_check.0.matcher": "200-299",
                            "health_check.0.path": "/health",
                            "health_check.0.port": "traffic-port",
                            "health_check.0.protocol": "HTTP",
                            "health_check.0.timeout": "5",
                            "health_check.0.unhealthy_threshold": "3",
                            "id": "arn:aws:elasticloadbalancing:eu-west-1:352990902149:targetgroup/flask-app-tg/8bf1ce9fcddd8ac6",
                            "name": "flask-app-tg",
                            "port": "80",
                            "protocol": "HTTP",
                            "proxy_protocol_v2": "false",
                            "slow_start": "0",
                            "stickiness.#": "1",
                            "stickiness.0.cookie_duration": "86400",
                            "stickiness.0.enabled": "true",
                            "stickiness.0.type": "lb_cookie",
                            "tags.%": "2",
                            "tags.Environment": "test",
                            "tags.Name": "flask-app-tg",
                            "target_type": "instance",
                            "vpc_id": "vpc-0d7102a793c3d449e"
                        },
                        "meta": {},
                        "tainted": false
                    },
                    "deposed": [],
                    "provider": "provider.aws"
                }
            },
            "depends_on": []
        },
        {
            "path": [
                "root",
                "database",
                "db"
            ],
            "outputs": {
                "this_db_instance_address": {
                    "sensitive": false,
                    "type": "string",
                    "value": "flaskdb.c09ylvqoqhhn.eu-west-1.rds.amazonaws.com"
                },
                "this_db_instance_arn": {
                    "sensitive": false,
                    "type": "string",
                    "value": "arn:aws:rds:eu-west-1:352990902149:db:flaskdb"
                },
                "this_db_instance_availability_zone": {
                    "sensitive": false,
                    "type": "string",
                    "value": "eu-west-1a"
                },
                "this_db_instance_endpoint": {
                    "sensitive": false,
                    "type": "string",
                    "value": "flaskdb.c09ylvqoqhhn.eu-west-1.rds.amazonaws.com:3306"
                },
                "this_db_instance_hosted_zone_id": {
                    "sensitive": false,
                    "type": "string",
                    "value": "Z29XKXDKYMONMX"
                },
                "this_db_instance_id": {
                    "sensitive": false,
                    "type": "string",
                    "value": "flaskdb"
                },
                "this_db_instance_name": {
                    "sensitive": false,
                    "type": "string",
                    "value": "flaskdb"
                },
                "this_db_instance_password": {
                    "sensitive": false,
                    "type": "string",
                    "value": "PiPU12323%%!123"
                },
                "this_db_instance_port": {
                    "sensitive": false,
                    "type": "string",
                    "value": "3306"
                },
                "this_db_instance_resource_id": {
                    "sensitive": false,
                    "type": "string",
                    "value": "db-U7B3LKNZQNKIT52TM2O7EYDR2I"
                },
                "this_db_instance_status": {
                    "sensitive": false,
                    "type": "string",
                    "value": "available"
                },
                "this_db_instance_username": {
                    "sensitive": false,
                    "type": "string",
                    "value": "pipuser"
                },
                "this_db_option_group_arn": {
                    "sensitive": false,
                    "type": "string",
                    "value": "arn:aws:rds:eu-west-1:352990902149:og:flaskdb-20190217181952871400000002"
                },
                "this_db_option_group_id": {
                    "sensitive": false,
                    "type": "string",
                    "value": "flaskdb-20190217181952871400000002"
                },
                "this_db_parameter_group_arn": {
                    "sensitive": false,
                    "type": "string",
                    "value": "arn:aws:rds:eu-west-1:352990902149:pg:flaskdb-20190217181952870500000001"
                },
                "this_db_parameter_group_id": {
                    "sensitive": false,
                    "type": "string",
                    "value": "flaskdb-20190217181952870500000001"
                },
                "this_db_subnet_group_arn": {
                    "sensitive": false,
                    "type": "string",
                    "value": "arn:aws:rds:eu-west-1:352990902149:subgrp:flaskdb-20190217182010978800000003"
                },
                "this_db_subnet_group_id": {
                    "sensitive": false,
                    "type": "string",
                    "value": "flaskdb-20190217182010978800000003"
                }
            },
            "resources": {},
            "depends_on": []
        },
        {
            "path": [
                "root",
                "main-vpc",
                "main-vpc"
            ],
            "outputs": {
                "azs": {
                    "sensitive": false,
                    "type": "list",
                    "value": [
                        "eu-west-1a",
                        "eu-west-1b",
                        "eu-west-1c"
                    ]
                },
                "database_route_table_ids": {
                    "sensitive": false,
                    "type": "list",
                    "value": [
                        "rtb-000f8c7ed84bdd0c8",
                        "rtb-0731e93d56f262184",
                        "rtb-00cb675deacb73348"
                    ]
                },
                "database_subnet_group": {
                    "sensitive": false,
                    "type": "string",
                    "value": ""
                },
                "database_subnets": {
                    "sensitive": false,
                    "type": "list",
                    "value": []
                },
                "database_subnets_cidr_blocks": {
                    "sensitive": false,
                    "type": "list",
                    "value": []
                },
                "default_network_acl_id": {
                    "sensitive": false,
                    "type": "string",
                    "value": "acl-0c964c46debd9bac1"
                },
                "default_route_table_id": {
                    "sensitive": false,
                    "type": "string",
                    "value": "rtb-054fb202d41769922"
                },
                "default_security_group_id": {
                    "sensitive": false,
                    "type": "string",
                    "value": "sg-0ce58f7da6e013404"
                },
                "default_vpc_cidr_block": {
                    "sensitive": false,
                    "type": "string",
                    "value": ""
                },
                "default_vpc_default_network_acl_id": {
                    "sensitive": false,
                    "type": "string",
                    "value": ""
                },
                "default_vpc_default_route_table_id": {
                    "sensitive": false,
                    "type": "string",
                    "value": ""
                },
                "default_vpc_default_security_group_id": {
                    "sensitive": false,
                    "type": "string",
                    "value": ""
                },
                "default_vpc_enable_dns_hostnames": {
                    "sensitive": false,
                    "type": "string",
                    "value": ""
                },
                "default_vpc_enable_dns_support": {
                    "sensitive": false,
                    "type": "string",
                    "value": ""
                },
                "default_vpc_id": {
                    "sensitive": false,
                    "type": "string",
                    "value": ""
                },
                "default_vpc_instance_tenancy": {
                    "sensitive": false,
                    "type": "string",
                    "value": ""
                },
                "default_vpc_main_route_table_id": {
                    "sensitive": false,
                    "type": "string",
                    "value": ""
                },
                "elasticache_route_table_ids": {
                    "sensitive": false,
                    "type": "list",
                    "value": [
                        "rtb-000f8c7ed84bdd0c8",
                        "rtb-0731e93d56f262184",
                        "rtb-00cb675deacb73348"
                    ]
                },
                "elasticache_subnet_group": {
                    "sensitive": false,
                    "type": "string",
                    "value": ""
                },
                "elasticache_subnet_group_name": {
                    "sensitive": false,
                    "type": "string",
                    "value": ""
                },
                "elasticache_subnets": {
                    "sensitive": false,
                    "type": "list",
                    "value": []
                },
                "elasticache_subnets_cidr_blocks": {
                    "sensitive": false,
                    "type": "list",
                    "value": []
                },
                "igw_id": {
                    "sensitive": false,
                    "type": "string",
                    "value": "igw-00141d32f127df814"
                },
                "intra_route_table_ids": {
                    "sensitive": false,
                    "type": "list",
                    "value": []
                },
                "intra_subnets": {
                    "sensitive": false,
                    "type": "list",
                    "value": []
                },
                "intra_subnets_cidr_blocks": {
                    "sensitive": false,
                    "type": "list",
                    "value": []
                },
                "nat_ids": {
                    "sensitive": false,
                    "type": "list",
                    "value": []
                },
                "nat_public_ips": {
                    "sensitive": false,
                    "type": "list",
                    "value": []
                },
                "natgw_ids": {
                    "sensitive": false,
                    "type": "list",
                    "value": []
                },
                "private_route_table_ids": {
                    "sensitive": false,
                    "type": "list",
                    "value": [
                        "rtb-000f8c7ed84bdd0c8",
                        "rtb-0731e93d56f262184",
                        "rtb-00cb675deacb73348"
                    ]
                },
                "private_subnets": {
                    "sensitive": false,
                    "type": "list",
                    "value": [
                        "subnet-05c70d51421f927a9",
                        "subnet-06fc2051172d5eff4",
                        "subnet-0e9306929554122ad"
                    ]
                },
                "private_subnets_cidr_blocks": {
                    "sensitive": false,
                    "type": "list",
                    "value": [
                        "10.0.1.0/24",
                        "10.0.2.0/24",
                        "10.0.3.0/24"
                    ]
                },
                "public_route_table_ids": {
                    "sensitive": false,
                    "type": "list",
                    "value": [
                        "rtb-018a2b40a8e34043a"
                    ]
                },
                "public_subnets": {
                    "sensitive": false,
                    "type": "list",
                    "value": [
                        "subnet-07ad5ad09c1c13050",
                        "subnet-0e639fee59e2f50c9",
                        "subnet-020a7751986526cb5"
                    ]
                },
                "public_subnets_cidr_blocks": {
                    "sensitive": false,
                    "type": "list",
                    "value": [
                        "10.0.101.0/24",
                        "10.0.102.0/24",
                        "10.0.103.0/24"
                    ]
                },
                "redshift_route_table_ids": {
                    "sensitive": false,
                    "type": "list",
                    "value": [
                        "rtb-000f8c7ed84bdd0c8",
                        "rtb-0731e93d56f262184",
                        "rtb-00cb675deacb73348"
                    ]
                },
                "redshift_subnet_group": {
                    "sensitive": false,
                    "type": "string",
                    "value": ""
                },
                "redshift_subnets": {
                    "sensitive": false,
                    "type": "list",
                    "value": []
                },
                "redshift_subnets_cidr_blocks": {
                    "sensitive": false,
                    "type": "list",
                    "value": []
                },
                "vgw_id": {
                    "sensitive": false,
                    "type": "string",
                    "value": ""
                },
                "vpc_cidr_block": {
                    "sensitive": false,
                    "type": "string",
                    "value": "10.0.0.0/16"
                },
                "vpc_enable_dns_hostnames": {
                    "sensitive": false,
                    "type": "string",
                    "value": "false"
                },
                "vpc_enable_dns_support": {
                    "sensitive": false,
                    "type": "string",
                    "value": "true"
                },
                "vpc_endpoint_dynamodb_id": {
                    "sensitive": false,
                    "type": "string",
                    "value": ""
                },
                "vpc_endpoint_dynamodb_pl_id": {
                    "sensitive": false,
                    "type": "string",
                    "value": ""
                },
                "vpc_endpoint_ec2_dns_entry": {
                    "sensitive": false,
                    "type": "list",
                    "value": []
                },
                "vpc_endpoint_ec2_id": {
                    "sensitive": false,
                    "type": "string",
                    "value": ""
                },
                "vpc_endpoint_ec2_network_interface_ids": {
                    "sensitive": false,
                    "type": "list",
                    "value": []
                },
                "vpc_endpoint_s3_id": {
                    "sensitive": false,
                    "type": "string",
                    "value": ""
                },
                "vpc_endpoint_s3_pl_id": {
                    "sensitive": false,
                    "type": "string",
                    "value": ""
                },
                "vpc_endpoint_ssm_dns_entry": {
                    "sensitive": false,
                    "type": "list",
                    "value": []
                },
                "vpc_endpoint_ssm_id": {
                    "sensitive": false,
                    "type": "string",
                    "value": ""
                },
                "vpc_endpoint_ssm_network_interface_ids": {
                    "sensitive": false,
                    "type": "list",
                    "value": []
                },
                "vpc_id": {
                    "sensitive": false,
                    "type": "string",
                    "value": "vpc-0d7102a793c3d449e"
                },
                "vpc_instance_tenancy": {
                    "sensitive": false,
                    "type": "string",
                    "value": "default"
                },
                "vpc_main_route_table_id": {
                    "sensitive": false,
                    "type": "string",
                    "value": "rtb-054fb202d41769922"
                },
                "vpc_secondary_cidr_blocks": {
                    "sensitive": false,
                    "type": "list",
                    "value": []
                }
            },
            "resources": {
                "aws_internet_gateway.this": {
                    "type": "aws_internet_gateway",
                    "depends_on": [
                        "local.vpc_id"
                    ],
                    "primary": {
                        "id": "igw-00141d32f127df814",
                        "attributes": {
                            "id": "igw-00141d32f127df814",
                            "owner_id": "352990902149",
                            "tags.%": "3",
                            "tags.Environment": "prod",
                            "tags.Name": "vpc-prod",
                            "tags.Terraform": "true",
                            "vpc_id": "vpc-0d7102a793c3d449e"
                        },
                        "meta": {},
                        "tainted": false
                    },
                    "deposed": [],
                    "provider": "provider.aws"
                },
                "aws_route.public_internet_gateway": {
                    "type": "aws_route",
                    "depends_on": [
                        "aws_internet_gateway.this",
                        "aws_route_table.public"
                    ],
                    "primary": {
                        "id": "r-rtb-018a2b40a8e34043a1080289494",
                        "attributes": {
                            "destination_cidr_block": "0.0.0.0/0",
                            "destination_prefix_list_id": "",
                            "egress_only_gateway_id": "",
                            "gateway_id": "igw-00141d32f127df814",
                            "id": "r-rtb-018a2b40a8e34043a1080289494",
                            "instance_id": "",
                            "instance_owner_id": "",
                            "nat_gateway_id": "",
                            "network_interface_id": "",
                            "origin": "CreateRoute",
                            "route_table_id": "rtb-018a2b40a8e34043a",
                            "state": "active",
                            "transit_gateway_id": "",
                            "vpc_peering_connection_id": ""
                        },
                        "meta": {
                            "e2bfb730-ecaa-11e6-8f88-34363bc7c4c0": {
                                "create": 300000000000,
                                "delete": 300000000000
                            }
                        },
                        "tainted": false
                    },
                    "deposed": [],
                    "provider": "provider.aws"
                },
                "aws_route_table.private.0": {
                    "type": "aws_route_table",
                    "depends_on": [
                        "local.max_subnet_length",
                        "local.nat_gateway_count",
                        "local.vpc_id"
                    ],
                    "primary": {
                        "id": "rtb-000f8c7ed84bdd0c8",
                        "attributes": {
                            "id": "rtb-000f8c7ed84bdd0c8",
                            "owner_id": "352990902149",
                            "propagating_vgws.#": "0",
                            "route.#": "0",
                            "tags.%": "3",
                            "tags.Environment": "prod",
                            "tags.Name": "vpc-prod-private-eu-west-1a",
                            "tags.Terraform": "true",
                            "vpc_id": "vpc-0d7102a793c3d449e"
                        },
                        "meta": {},
                        "tainted": false
                    },
                    "deposed": [],
                    "provider": "provider.aws"
                },
                "aws_route_table.private.1": {
                    "type": "aws_route_table",
                    "depends_on": [
                        "local.max_subnet_length",
                        "local.nat_gateway_count",
                        "local.vpc_id"
                    ],
                    "primary": {
                        "id": "rtb-0731e93d56f262184",
                        "attributes": {
                            "id": "rtb-0731e93d56f262184",
                            "owner_id": "352990902149",
                            "propagating_vgws.#": "0",
                            "route.#": "0",
                            "tags.%": "3",
                            "tags.Environment": "prod",
                            "tags.Name": "vpc-prod-private-eu-west-1b",
                            "tags.Terraform": "true",
                            "vpc_id": "vpc-0d7102a793c3d449e"
                        },
                        "meta": {},
                        "tainted": false
                    },
                    "deposed": [],
                    "provider": "provider.aws"
                },
                "aws_route_table.private.2": {
                    "type": "aws_route_table",
                    "depends_on": [
                        "local.max_subnet_length",
                        "local.nat_gateway_count",
                        "local.vpc_id"
                    ],
                    "primary": {
                        "id": "rtb-00cb675deacb73348",
                        "attributes": {
                            "id": "rtb-00cb675deacb73348",
                            "owner_id": "352990902149",
                            "propagating_vgws.#": "0",
                            "route.#": "0",
                            "tags.%": "3",
                            "tags.Environment": "prod",
                            "tags.Name": "vpc-prod-private-eu-west-1c",
                            "tags.Terraform": "true",
                            "vpc_id": "vpc-0d7102a793c3d449e"
                        },
                        "meta": {},
                        "tainted": false
                    },
                    "deposed": [],
                    "provider": "provider.aws"
                },
                "aws_route_table.public": {
                    "type": "aws_route_table",
                    "depends_on": [
                        "local.vpc_id"
                    ],
                    "primary": {
                        "id": "rtb-018a2b40a8e34043a",
                        "attributes": {
                            "id": "rtb-018a2b40a8e34043a",
                            "owner_id": "352990902149",
                            "propagating_vgws.#": "0",
                            "route.#": "1",
                            "route.1077876421.cidr_block": "0.0.0.0/0",
                            "route.1077876421.egress_only_gateway_id": "",
                            "route.1077876421.gateway_id": "igw-00141d32f127df814",
                            "route.1077876421.instance_id": "",
                            "route.1077876421.ipv6_cidr_block": "",
                            "route.1077876421.nat_gateway_id": "",
                            "route.1077876421.network_interface_id": "",
                            "route.1077876421.transit_gateway_id": "",
                            "route.1077876421.vpc_peering_connection_id": "",
                            "tags.%": "3",
                            "tags.Environment": "prod",
                            "tags.Name": "vpc-prod-public",
                            "tags.Terraform": "true",
                            "vpc_id": "vpc-0d7102a793c3d449e"
                        },
                        "meta": {},
                        "tainted": false
                    },
                    "deposed": [],
                    "provider": "provider.aws"
                },
                "aws_route_table_association.private.0": {
                    "type": "aws_route_table_association",
                    "depends_on": [
                        "aws_route_table.private.*",
                        "aws_subnet.private.*"
                    ],
                    "primary": {
                        "id": "rtbassoc-0d90665274608bdd0",
                        "attributes": {
                            "id": "rtbassoc-0d90665274608bdd0",
                            "route_table_id": "rtb-000f8c7ed84bdd0c8",
                            "subnet_id": "subnet-05c70d51421f927a9"
                        },
                        "meta": {},
                        "tainted": false
                    },
                    "deposed": [],
                    "provider": "provider.aws"
                },
                "aws_route_table_association.private.1": {
                    "type": "aws_route_table_association",
                    "depends_on": [
                        "aws_route_table.private.*",
                        "aws_subnet.private.*"
                    ],
                    "primary": {
                        "id": "rtbassoc-071cd197d01e5f57b",
                        "attributes": {
                            "id": "rtbassoc-071cd197d01e5f57b",
                            "route_table_id": "rtb-0731e93d56f262184",
                            "subnet_id": "subnet-06fc2051172d5eff4"
                        },
                        "meta": {},
                        "tainted": false
                    },
                    "deposed": [],
                    "provider": "provider.aws"
                },
                "aws_route_table_association.private.2": {
                    "type": "aws_route_table_association",
                    "depends_on": [
                        "aws_route_table.private.*",
                        "aws_subnet.private.*"
                    ],
                    "primary": {
                        "id": "rtbassoc-0a007a579ae20aefe",
                        "attributes": {
                            "id": "rtbassoc-0a007a579ae20aefe",
                            "route_table_id": "rtb-00cb675deacb73348",
                            "subnet_id": "subnet-0e9306929554122ad"
                        },
                        "meta": {},
                        "tainted": false
                    },
                    "deposed": [],
                    "provider": "provider.aws"
                },
                "aws_route_table_association.public.0": {
                    "type": "aws_route_table_association",
                    "depends_on": [
                        "aws_route_table.public",
                        "aws_subnet.public.*"
                    ],
                    "primary": {
                        "id": "rtbassoc-0b864be4d9843ad78",
                        "attributes": {
                            "id": "rtbassoc-0b864be4d9843ad78",
                            "route_table_id": "rtb-018a2b40a8e34043a",
                            "subnet_id": "subnet-07ad5ad09c1c13050"
                        },
                        "meta": {},
                        "tainted": false
                    },
                    "deposed": [],
                    "provider": "provider.aws"
                },
                "aws_route_table_association.public.1": {
                    "type": "aws_route_table_association",
                    "depends_on": [
                        "aws_route_table.public",
                        "aws_subnet.public.*"
                    ],
                    "primary": {
                        "id": "rtbassoc-0aea1a942ea9c6181",
                        "attributes": {
                            "id": "rtbassoc-0aea1a942ea9c6181",
                            "route_table_id": "rtb-018a2b40a8e34043a",
                            "subnet_id": "subnet-0e639fee59e2f50c9"
                        },
                        "meta": {},
                        "tainted": false
                    },
                    "deposed": [],
                    "provider": "provider.aws"
                },
                "aws_route_table_association.public.2": {
                    "type": "aws_route_table_association",
                    "depends_on": [
                        "aws_route_table.public",
                        "aws_subnet.public.*"
                    ],
                    "primary": {
                        "id": "rtbassoc-0df265f5aa05b89d2",
                        "attributes": {
                            "id": "rtbassoc-0df265f5aa05b89d2",
                            "route_table_id": "rtb-018a2b40a8e34043a",
                            "subnet_id": "subnet-020a7751986526cb5"
                        },
                        "meta": {},
                        "tainted": false
                    },
                    "deposed": [],
                    "provider": "provider.aws"
                },
                "aws_subnet.private.0": {
                    "type": "aws_subnet",
                    "depends_on": [
                        "local.vpc_id"
                    ],
                    "primary": {
                        "id": "subnet-05c70d51421f927a9",
                        "attributes": {
                            "arn": "arn:aws:ec2:eu-west-1:352990902149:subnet/subnet-05c70d51421f927a9",
                            "assign_ipv6_address_on_creation": "false",
                            "availability_zone": "eu-west-1a",
                            "availability_zone_id": "euw1-az1",
                            "cidr_block": "10.0.1.0/24",
                            "id": "subnet-05c70d51421f927a9",
                            "ipv6_cidr_block": "",
                            "ipv6_cidr_block_association_id": "",
                            "map_public_ip_on_launch": "false",
                            "owner_id": "352990902149",
                            "tags.%": "3",
                            "tags.Environment": "prod",
                            "tags.Name": "vpc-prod-private-eu-west-1a",
                            "tags.Terraform": "true",
                            "vpc_id": "vpc-0d7102a793c3d449e"
                        },
                        "meta": {
                            "e2bfb730-ecaa-11e6-8f88-34363bc7c4c0": {
                                "create": 600000000000,
                                "delete": 600000000000
                            },
                            "schema_version": "1"
                        },
                        "tainted": false
                    },
                    "deposed": [],
                    "provider": "provider.aws"
                },
                "aws_subnet.private.1": {
                    "type": "aws_subnet",
                    "depends_on": [
                        "local.vpc_id"
                    ],
                    "primary": {
                        "id": "subnet-06fc2051172d5eff4",
                        "attributes": {
                            "arn": "arn:aws:ec2:eu-west-1:352990902149:subnet/subnet-06fc2051172d5eff4",
                            "assign_ipv6_address_on_creation": "false",
                            "availability_zone": "eu-west-1b",
                            "availability_zone_id": "euw1-az2",
                            "cidr_block": "10.0.2.0/24",
                            "id": "subnet-06fc2051172d5eff4",
                            "ipv6_cidr_block": "",
                            "ipv6_cidr_block_association_id": "",
                            "map_public_ip_on_launch": "false",
                            "owner_id": "352990902149",
                            "tags.%": "3",
                            "tags.Environment": "prod",
                            "tags.Name": "vpc-prod-private-eu-west-1b",
                            "tags.Terraform": "true",
                            "vpc_id": "vpc-0d7102a793c3d449e"
                        },
                        "meta": {
                            "e2bfb730-ecaa-11e6-8f88-34363bc7c4c0": {
                                "create": 600000000000,
                                "delete": 600000000000
                            },
                            "schema_version": "1"
                        },
                        "tainted": false
                    },
                    "deposed": [],
                    "provider": "provider.aws"
                },
                "aws_subnet.private.2": {
                    "type": "aws_subnet",
                    "depends_on": [
                        "local.vpc_id"
                    ],
                    "primary": {
                        "id": "subnet-0e9306929554122ad",
                        "attributes": {
                            "arn": "arn:aws:ec2:eu-west-1:352990902149:subnet/subnet-0e9306929554122ad",
                            "assign_ipv6_address_on_creation": "false",
                            "availability_zone": "eu-west-1c",
                            "availability_zone_id": "euw1-az3",
                            "cidr_block": "10.0.3.0/24",
                            "id": "subnet-0e9306929554122ad",
                            "ipv6_cidr_block": "",
                            "ipv6_cidr_block_association_id": "",
                            "map_public_ip_on_launch": "false",
                            "owner_id": "352990902149",
                            "tags.%": "3",
                            "tags.Environment": "prod",
                            "tags.Name": "vpc-prod-private-eu-west-1c",
                            "tags.Terraform": "true",
                            "vpc_id": "vpc-0d7102a793c3d449e"
                        },
                        "meta": {
                            "e2bfb730-ecaa-11e6-8f88-34363bc7c4c0": {
                                "create": 600000000000,
                                "delete": 600000000000
                            },
                            "schema_version": "1"
                        },
                        "tainted": false
                    },
                    "deposed": [],
                    "provider": "provider.aws"
                },
                "aws_subnet.public.0": {
                    "type": "aws_subnet",
                    "depends_on": [
                        "local.vpc_id"
                    ],
                    "primary": {
                        "id": "subnet-07ad5ad09c1c13050",
                        "attributes": {
                            "arn": "arn:aws:ec2:eu-west-1:352990902149:subnet/subnet-07ad5ad09c1c13050",
                            "assign_ipv6_address_on_creation": "false",
                            "availability_zone": "eu-west-1a",
                            "availability_zone_id": "euw1-az1",
                            "cidr_block": "10.0.101.0/24",
                            "id": "subnet-07ad5ad09c1c13050",
                            "ipv6_cidr_block": "",
                            "ipv6_cidr_block_association_id": "",
                            "map_public_ip_on_launch": "true",
                            "owner_id": "352990902149",
                            "tags.%": "3",
                            "tags.Environment": "prod",
                            "tags.Name": "vpc-prod-public-eu-west-1a",
                            "tags.Terraform": "true",
                            "vpc_id": "vpc-0d7102a793c3d449e"
                        },
                        "meta": {
                            "e2bfb730-ecaa-11e6-8f88-34363bc7c4c0": {
                                "create": 600000000000,
                                "delete": 600000000000
                            },
                            "schema_version": "1"
                        },
                        "tainted": false
                    },
                    "deposed": [],
                    "provider": "provider.aws"
                },
                "aws_subnet.public.1": {
                    "type": "aws_subnet",
                    "depends_on": [
                        "local.vpc_id"
                    ],
                    "primary": {
                        "id": "subnet-0e639fee59e2f50c9",
                        "attributes": {
                            "arn": "arn:aws:ec2:eu-west-1:352990902149:subnet/subnet-0e639fee59e2f50c9",
                            "assign_ipv6_address_on_creation": "false",
                            "availability_zone": "eu-west-1b",
                            "availability_zone_id": "euw1-az2",
                            "cidr_block": "10.0.102.0/24",
                            "id": "subnet-0e639fee59e2f50c9",
                            "ipv6_cidr_block": "",
                            "ipv6_cidr_block_association_id": "",
                            "map_public_ip_on_launch": "true",
                            "owner_id": "352990902149",
                            "tags.%": "3",
                            "tags.Environment": "prod",
                            "tags.Name": "vpc-prod-public-eu-west-1b",
                            "tags.Terraform": "true",
                            "vpc_id": "vpc-0d7102a793c3d449e"
                        },
                        "meta": {
                            "e2bfb730-ecaa-11e6-8f88-34363bc7c4c0": {
                                "create": 600000000000,
                                "delete": 600000000000
                            },
                            "schema_version": "1"
                        },
                        "tainted": false
                    },
                    "deposed": [],
                    "provider": "provider.aws"
                },
                "aws_subnet.public.2": {
                    "type": "aws_subnet",
                    "depends_on": [
                        "local.vpc_id"
                    ],
                    "primary": {
                        "id": "subnet-020a7751986526cb5",
                        "attributes": {
                            "arn": "arn:aws:ec2:eu-west-1:352990902149:subnet/subnet-020a7751986526cb5",
                            "assign_ipv6_address_on_creation": "false",
                            "availability_zone": "eu-west-1c",
                            "availability_zone_id": "euw1-az3",
                            "cidr_block": "10.0.103.0/24",
                            "id": "subnet-020a7751986526cb5",
                            "ipv6_cidr_block": "",
                            "ipv6_cidr_block_association_id": "",
                            "map_public_ip_on_launch": "true",
                            "owner_id": "352990902149",
                            "tags.%": "3",
                            "tags.Environment": "prod",
                            "tags.Name": "vpc-prod-public-eu-west-1c",
                            "tags.Terraform": "true",
                            "vpc_id": "vpc-0d7102a793c3d449e"
                        },
                        "meta": {
                            "e2bfb730-ecaa-11e6-8f88-34363bc7c4c0": {
                                "create": 600000000000,
                                "delete": 600000000000
                            },
                            "schema_version": "1"
                        },
                        "tainted": false
                    },
                    "deposed": [],
                    "provider": "provider.aws"
                },
                "aws_vpc.this": {
                    "type": "aws_vpc",
                    "depends_on": [],
                    "primary": {
                        "id": "vpc-0d7102a793c3d449e",
                        "attributes": {
                            "arn": "arn:aws:ec2:eu-west-1:352990902149:vpc/vpc-0d7102a793c3d449e",
                            "assign_generated_ipv6_cidr_block": "false",
                            "cidr_block": "10.0.0.0/16",
                            "default_network_acl_id": "acl-0c964c46debd9bac1",
                            "default_route_table_id": "rtb-054fb202d41769922",
                            "default_security_group_id": "sg-0ce58f7da6e013404",
                            "dhcp_options_id": "dopt-76f39410",
                            "enable_classiclink": "false",
                            "enable_classiclink_dns_support": "false",
                            "enable_dns_hostnames": "false",
                            "enable_dns_support": "true",
                            "id": "vpc-0d7102a793c3d449e",
                            "instance_tenancy": "default",
                            "ipv6_association_id": "",
                            "ipv6_cidr_block": "",
                            "main_route_table_id": "rtb-054fb202d41769922",
                            "owner_id": "352990902149",
                            "tags.%": "3",
                            "tags.Environment": "prod",
                            "tags.Name": "vpc-prod",
                            "tags.Terraform": "true"
                        },
                        "meta": {
                            "schema_version": "1"
                        },
                        "tainted": false
                    },
                    "deposed": [],
                    "provider": "provider.aws"
                }
            },
            "depends_on": []
        },
        {
            "path": [
                "root",
                "database",
                "db",
                "db_instance"
            ],
            "outputs": {
                "this_db_instance_address": {
                    "sensitive": false,
                    "type": "string",
                    "value": "flaskdb.c09ylvqoqhhn.eu-west-1.rds.amazonaws.com"
                },
                "this_db_instance_arn": {
                    "sensitive": false,
                    "type": "string",
                    "value": "arn:aws:rds:eu-west-1:352990902149:db:flaskdb"
                },
                "this_db_instance_availability_zone": {
                    "sensitive": false,
                    "type": "string",
                    "value": "eu-west-1a"
                },
                "this_db_instance_endpoint": {
                    "sensitive": false,
                    "type": "string",
                    "value": "flaskdb.c09ylvqoqhhn.eu-west-1.rds.amazonaws.com:3306"
                },
                "this_db_instance_hosted_zone_id": {
                    "sensitive": false,
                    "type": "string",
                    "value": "Z29XKXDKYMONMX"
                },
                "this_db_instance_id": {
                    "sensitive": false,
                    "type": "string",
                    "value": "flaskdb"
                },
                "this_db_instance_name": {
                    "sensitive": false,
                    "type": "string",
                    "value": "flaskdb"
                },
                "this_db_instance_password": {
                    "sensitive": false,
                    "type": "string",
                    "value": "PiPU12323%%!123"
                },
                "this_db_instance_port": {
                    "sensitive": false,
                    "type": "string",
                    "value": "3306"
                },
                "this_db_instance_resource_id": {
                    "sensitive": false,
                    "type": "string",
                    "value": "db-U7B3LKNZQNKIT52TM2O7EYDR2I"
                },
                "this_db_instance_status": {
                    "sensitive": false,
                    "type": "string",
                    "value": "available"
                },
                "this_db_instance_username": {
                    "sensitive": false,
                    "type": "string",
                    "value": "pipuser"
                }
            },
            "resources": {
                "aws_db_instance.this": {
                    "type": "aws_db_instance",
                    "depends_on": [
                        "aws_iam_role.enhanced_monitoring.*",
                        "local.is_mssql"
                    ],
                    "primary": {
                        "id": "flaskdb",
                        "attributes": {
                            "address": "flaskdb.c09ylvqoqhhn.eu-west-1.rds.amazonaws.com",
                            "allocated_storage": "5",
                            "allow_major_version_upgrade": "false",
                            "apply_immediately": "false",
                            "arn": "arn:aws:rds:eu-west-1:352990902149:db:flaskdb",
                            "auto_minor_version_upgrade": "true",
                            "availability_zone": "eu-west-1a",
                            "backup_retention_period": "1",
                            "backup_window": "03:00-06:00",
                            "ca_cert_identifier": "rds-ca-2015",
                            "copy_tags_to_snapshot": "false",
                            "db_subnet_group_name": "flaskdb-20190217182010978800000003",
                            "deletion_protection": "false",
                            "domain": "",
                            "domain_iam_role_name": "",
                            "enabled_cloudwatch_logs_exports.#": "0",
                            "endpoint": "flaskdb.c09ylvqoqhhn.eu-west-1.rds.amazonaws.com:3306",
                            "engine": "mysql",
                            "engine_version": "5.7.19",
                            "final_snapshot_identifier": "demodb",
                            "hosted_zone_id": "Z29XKXDKYMONMX",
                            "iam_database_authentication_enabled": "true",
                            "id": "flaskdb",
                            "identifier": "flaskdb",
                            "instance_class": "db.t2.micro",
                            "iops": "0",
                            "kms_key_id": "",
                            "license_model": "general-public-license",
                            "maintenance_window": "mon:00:00-mon:03:00",
                            "monitoring_interval": "0",
                            "multi_az": "false",
                            "name": "flaskdb",
                            "option_group_name": "flaskdb-20190217181952871400000002",
                            "parameter_group_name": "flaskdb-20190217181952870500000001",
                            "password": "PiPU12323%%!123",
                            "port": "3306",
                            "publicly_accessible": "false",
                            "replicas.#": "0",
                            "replicate_source_db": "",
                            "resource_id": "db-U7B3LKNZQNKIT52TM2O7EYDR2I",
                            "security_group_names.#": "0",
                            "skip_final_snapshot": "true",
                            "status": "available",
                            "storage_encrypted": "false",
                            "storage_type": "gp2",
                            "tags.%": "3",
                            "tags.Environment": "prod",
                            "tags.Name": "flaskdb",
                            "tags.Owner": "flask",
                            "timezone": "",
                            "username": "pipuser",
                            "vpc_security_group_ids.#": "1",
                            "vpc_security_group_ids.1427749746": "sg-003a940f684da4241"
                        },
                        "meta": {
                            "e2bfb730-ecaa-11e6-8f88-34363bc7c4c0": {
                                "create": 2400000000000,
                                "delete": 2400000000000,
                                "update": 4800000000000
                            }
                        },
                        "tainted": false
                    },
                    "deposed": [],
                    "provider": "provider.aws"
                }
            },
            "depends_on": []
        },
        {
            "path": [
                "root",
                "database",
                "db",
                "db_option_group"
            ],
            "outputs": {
                "this_db_option_group_arn": {
                    "sensitive": false,
                    "type": "string",
                    "value": "arn:aws:rds:eu-west-1:352990902149:og:flaskdb-20190217181952871400000002"
                },
                "this_db_option_group_id": {
                    "sensitive": false,
                    "type": "string",
                    "value": "flaskdb-20190217181952871400000002"
                }
            },
            "resources": {
                "aws_db_option_group.this": {
                    "type": "aws_db_option_group",
                    "depends_on": [],
                    "primary": {
                        "id": "flaskdb-20190217181952871400000002",
                        "attributes": {
                            "arn": "arn:aws:rds:eu-west-1:352990902149:og:flaskdb-20190217181952871400000002",
                            "engine_name": "mysql",
                            "id": "flaskdb-20190217181952871400000002",
                            "major_engine_version": "5.7",
                            "name": "flaskdb-20190217181952871400000002",
                            "name_prefix": "flaskdb-",
                            "option.#": "1",
                            "option.2944370251.db_security_group_memberships.#": "0",
                            "option.2944370251.option_name": "MARIADB_AUDIT_PLUGIN",
                            "option.2944370251.option_settings.#": "2",
                            "option.2944370251.option_settings.356656412.name": "SERVER_AUDIT_EVENTS",
                            "option.2944370251.option_settings.356656412.value": "CONNECT",
                            "option.2944370251.option_settings.3960893220.name": "SERVER_AUDIT_FILE_ROTATIONS",
                            "option.2944370251.option_settings.3960893220.value": "37",
                            "option.2944370251.port": "0",
                            "option.2944370251.version": "",
                            "option.2944370251.vpc_security_group_memberships.#": "0",
                            "option_group_description": "Option group for flaskdb",
                            "tags.%": "3",
                            "tags.Environment": "prod",
                            "tags.Name": "flaskdb",
                            "tags.Owner": "flask"
                        },
                        "meta": {
                            "e2bfb730-ecaa-11e6-8f88-34363bc7c4c0": {
                                "delete": 900000000000
                            }
                        },
                        "tainted": false
                    },
                    "deposed": [],
                    "provider": "provider.aws"
                }
            },
            "depends_on": []
        },
        {
            "path": [
                "root",
                "database",
                "db",
                "db_parameter_group"
            ],
            "outputs": {
                "this_db_parameter_group_arn": {
                    "sensitive": false,
                    "type": "string",
                    "value": "arn:aws:rds:eu-west-1:352990902149:pg:flaskdb-20190217181952870500000001"
                },
                "this_db_parameter_group_id": {
                    "sensitive": false,
                    "type": "string",
                    "value": "flaskdb-20190217181952870500000001"
                }
            },
            "resources": {
                "aws_db_parameter_group.this": {
                    "type": "aws_db_parameter_group",
                    "depends_on": [],
                    "primary": {
                        "id": "flaskdb-20190217181952870500000001",
                        "attributes": {
                            "arn": "arn:aws:rds:eu-west-1:352990902149:pg:flaskdb-20190217181952870500000001",
                            "description": "Database parameter group for flaskdb",
                            "family": "mysql5.7",
                            "id": "flaskdb-20190217181952870500000001",
                            "name": "flaskdb-20190217181952870500000001",
                            "name_prefix": "flaskdb-",
                            "parameter.#": "2",
                            "parameter.2421266705.apply_method": "immediate",
                            "parameter.2421266705.name": "character_set_server",
                            "parameter.2421266705.value": "utf8",
                            "parameter.2478663599.apply_method": "immediate",
                            "parameter.2478663599.name": "character_set_client",
                            "parameter.2478663599.value": "utf8",
                            "tags.%": "3",
                            "tags.Environment": "prod",
                            "tags.Name": "flaskdb",
                            "tags.Owner": "flask"
                        },
                        "meta": {},
                        "tainted": false
                    },
                    "deposed": [],
                    "provider": "provider.aws"
                }
            },
            "depends_on": []
        },
        {
            "path": [
                "root",
                "database",
                "db",
                "db_subnet_group"
            ],
            "outputs": {
                "this_db_subnet_group_arn": {
                    "sensitive": false,
                    "type": "string",
                    "value": "arn:aws:rds:eu-west-1:352990902149:subgrp:flaskdb-20190217182010978800000003"
                },
                "this_db_subnet_group_id": {
                    "sensitive": false,
                    "type": "string",
                    "value": "flaskdb-20190217182010978800000003"
                }
            },
            "resources": {
                "aws_db_subnet_group.this": {
                    "type": "aws_db_subnet_group",
                    "depends_on": [],
                    "primary": {
                        "id": "flaskdb-20190217182010978800000003",
                        "attributes": {
                            "arn": "arn:aws:rds:eu-west-1:352990902149:subgrp:flaskdb-20190217182010978800000003",
                            "description": "Database subnet group for flaskdb",
                            "id": "flaskdb-20190217182010978800000003",
                            "name": "flaskdb-20190217182010978800000003",
                            "name_prefix": "flaskdb-",
                            "subnet_ids.#": "3",
                            "subnet_ids.1811688844": "subnet-05c70d51421f927a9",
                            "subnet_ids.252762434": "subnet-0e9306929554122ad",
                            "subnet_ids.2714120977": "subnet-06fc2051172d5eff4",
                            "tags.%": "3",
                            "tags.Environment": "prod",
                            "tags.Name": "flaskdb",
                            "tags.Owner": "flask"
                        },
                        "meta": {},
                        "tainted": false
                    },
                    "deposed": [],
                    "provider": "provider.aws"
                }
            },
            "depends_on": []
        }
    ]
}
