{
    "version": 3,
    "terraform_version": "0.11.11",
    "serial": 5,
    "lineage": "fa21b704-5ade-5adf-abd5-346efd606c3e",
    "modules": [
        {
            "path": [
                "root"
            ],
            "outputs": {},
            "resources": {},
            "depends_on": []
        },
        {
            "path": [
                "root",
                "alb"
            ],
            "outputs": {
                "alb1_dns_name": {
                    "sensitive": false,
                    "type": "string",
                    "value": "my-app-alb-us-east-1-1214016663.us-east-1.elb.amazonaws.com"
                },
                "alb_zone_id": {
                    "sensitive": false,
                    "type": "string",
                    "value": "Z35SXDOTRQ7X7K"
                },
                "allow-elb-traffic": {
                    "sensitive": false,
                    "type": "string",
                    "value": "sg-086bb3ae98600f8f2"
                },
                "target_group_name": {
                    "sensitive": false,
                    "type": "list",
                    "value": [
                        "arn:aws:elasticloadbalancing:us-east-1:352990902149:targetgroup/flask-app-tg/86b6156154dd9b38"
                    ]
                }
            },
            "resources": {
                "aws_s3_bucket.alb_bucket": {
                    "type": "aws_s3_bucket",
                    "depends_on": [],
                    "primary": {
                        "id": "my-app-alb-logs-us-east-1",
                        "attributes": {
                            "acceleration_status": "",
                            "acl": "private",
                            "arn": "arn:aws:s3:::my-app-alb-logs-us-east-1",
                            "bucket": "my-app-alb-logs-us-east-1",
                            "bucket_domain_name": "my-app-alb-logs-us-east-1.s3.amazonaws.com",
                            "bucket_regional_domain_name": "my-app-alb-logs-us-east-1.s3.amazonaws.com",
                            "cors_rule.#": "0",
                            "force_destroy": "true",
                            "hosted_zone_id": "Z3AQBSTGFYJSTF",
                            "id": "my-app-alb-logs-us-east-1",
                            "lifecycle_rule.#": "0",
                            "logging.#": "0",
                            "object_lock_configuration.#": "0",
                            "policy": "{\"Id\":\"Policy1550471927870\",\"Statement\":[{\"Action\":\"s3:PutObject\",\"Effect\":\"Allow\",\"Principal\":{\"AWS\":\"arn:aws:iam::127311923021:root\"},\"Resource\":\"arn:aws:s3:::my-app-alb-logs-us-east-1/my-app-alb-logs/AWSLogs/352990902149/*\",\"Sid\":\"Stmt1550471917472\"}],\"Version\":\"2012-10-17\"}",
                            "region": "us-east-1",
                            "replication_configuration.#": "0",
                            "request_payer": "BucketOwner",
                            "server_side_encryption_configuration.#": "0",
                            "tags.%": "2",
                            "tags.Environment": "us-east-1",
                            "tags.Name": "MyFlaskApp",
                            "versioning.#": "1",
                            "versioning.0.enabled": "false",
                            "versioning.0.mfa_delete": "false",
                            "website.#": "0"
                        },
                        "meta": {},
                        "tainted": false
                    },
                    "deposed": [],
                    "provider": "provider.aws"
                },
                "aws_security_group.allow-group": {
                    "type": "aws_security_group",
                    "depends_on": [],
                    "primary": {
                        "id": "sg-0aa6b80f13563ed6b",
                        "attributes": {
                            "arn": "arn:aws:ec2:us-east-1:352990902149:security-group/sg-0aa6b80f13563ed6b",
                            "description": "security group that allows http and all egress traffic",
                            "egress.#": "1",
                            "egress.482069346.cidr_blocks.#": "1",
                            "egress.482069346.cidr_blocks.0": "0.0.0.0/0",
                            "egress.482069346.description": "",
                            "egress.482069346.from_port": "0",
                            "egress.482069346.ipv6_cidr_blocks.#": "0",
                            "egress.482069346.prefix_list_ids.#": "0",
                            "egress.482069346.protocol": "-1",
                            "egress.482069346.security_groups.#": "0",
                            "egress.482069346.self": "false",
                            "egress.482069346.to_port": "0",
                            "id": "sg-0aa6b80f13563ed6b",
                            "ingress.#": "1",
                            "ingress.2617001939.cidr_blocks.#": "1",
                            "ingress.2617001939.cidr_blocks.0": "0.0.0.0/0",
                            "ingress.2617001939.description": "",
                            "ingress.2617001939.from_port": "443",
                            "ingress.2617001939.ipv6_cidr_blocks.#": "0",
                            "ingress.2617001939.prefix_list_ids.#": "0",
                            "ingress.2617001939.protocol": "tcp",
                            "ingress.2617001939.security_groups.#": "0",
                            "ingress.2617001939.self": "false",
                            "ingress.2617001939.to_port": "443",
                            "name": "allow-group-prod",
                            "owner_id": "352990902149",
                            "revoke_rules_on_delete": "false",
                            "tags.%": "2",
                            "tags.Environmnent": "prod",
                            "tags.Name": "allow-ssh",
                            "vpc_id": "vpc-03c5efb8737a978fc"
                        },
                        "meta": {
                            "e2bfb730-ecaa-11e6-8f88-34363bc7c4c0": {
                                "create": 600000000000,
                                "delete": 600000000000
                            },
                            "schema_version": "1"
                        },
                        "tainted": false
                    },
                    "deposed": [],
                    "provider": "provider.aws"
                },
                "aws_security_group.allow-http": {
                    "type": "aws_security_group",
                    "depends_on": [],
                    "primary": {
                        "id": "sg-086bb3ae98600f8f2",
                        "attributes": {
                            "arn": "arn:aws:ec2:us-east-1:352990902149:security-group/sg-086bb3ae98600f8f2",
                            "description": "security group that allows http and all egress traffic",
                            "egress.#": "1",
                            "egress.482069346.cidr_blocks.#": "1",
                            "egress.482069346.cidr_blocks.0": "0.0.0.0/0",
                            "egress.482069346.description": "",
                            "egress.482069346.from_port": "0",
                            "egress.482069346.ipv6_cidr_blocks.#": "0",
                            "egress.482069346.prefix_list_ids.#": "0",
                            "egress.482069346.protocol": "-1",
                            "egress.482069346.security_groups.#": "0",
                            "egress.482069346.self": "false",
                            "egress.482069346.to_port": "0",
                            "id": "sg-086bb3ae98600f8f2",
                            "ingress.#": "2",
                            "ingress.2214680975.cidr_blocks.#": "1",
                            "ingress.2214680975.cidr_blocks.0": "0.0.0.0/0",
                            "ingress.2214680975.description": "",
                            "ingress.2214680975.from_port": "80",
                            "ingress.2214680975.ipv6_cidr_blocks.#": "0",
                            "ingress.2214680975.prefix_list_ids.#": "0",
                            "ingress.2214680975.protocol": "tcp",
                            "ingress.2214680975.security_groups.#": "0",
                            "ingress.2214680975.self": "false",
                            "ingress.2214680975.to_port": "80",
                            "ingress.2617001939.cidr_blocks.#": "1",
                            "ingress.2617001939.cidr_blocks.0": "0.0.0.0/0",
                            "ingress.2617001939.description": "",
                            "ingress.2617001939.from_port": "443",
                            "ingress.2617001939.ipv6_cidr_blocks.#": "0",
                            "ingress.2617001939.prefix_list_ids.#": "0",
                            "ingress.2617001939.protocol": "tcp",
                            "ingress.2617001939.security_groups.#": "0",
                            "ingress.2617001939.self": "false",
                            "ingress.2617001939.to_port": "443",
                            "name": "allow-http-prod",
                            "owner_id": "352990902149",
                            "revoke_rules_on_delete": "false",
                            "tags.%": "2",
                            "tags.Environmnent": "prod",
                            "tags.Name": "allow-traffic-in",
                            "vpc_id": "vpc-03c5efb8737a978fc"
                        },
                        "meta": {
                            "e2bfb730-ecaa-11e6-8f88-34363bc7c4c0": {
                                "create": 600000000000,
                                "delete": 600000000000
                            },
                            "schema_version": "1"
                        },
                        "tainted": false
                    },
                    "deposed": [],
                    "provider": "provider.aws"
                }
            },
            "depends_on": []
        },
        {
            "path": [
                "root",
                "instances"
            ],
            "outputs": {
                "tier2_instance_id": {
                    "sensitive": false,
                    "type": "list",
                    "value": [
                        "i-0aab83a50a5d16c65",
                        "i-053f8f9b4b20b0785"
                    ]
                },
                "tier2_instance_ip": {
                    "sensitive": false,
                    "type": "list",
                    "value": [
                        "172.0.101.72",
                        "172.0.102.145"
                    ]
                },
                "tier2_sec_group": {
                    "sensitive": false,
                    "type": "string",
                    "value": "sg-0318e4119765562c2"
                },
                "tier3_instance_id": {
                    "sensitive": false,
                    "type": "list",
                    "value": [
                        "i-098c41bb509ae1bd1",
                        "i-074c23cc3a12a1125"
                    ]
                }
            },
            "resources": {
                "aws_instance.instance_tier2.0": {
                    "type": "aws_instance",
                    "depends_on": [
                        "aws_key_pair.my_pub_keypair",
                        "aws_security_group.allow-ssh",
                        "aws_security_group.tier2",
                        "template_dir.config"
                    ],
                    "primary": {
                        "id": "i-0aab83a50a5d16c65",
                        "attributes": {
                            "ami": "ami-035be7bafff33b6b6",
                            "arn": "arn:aws:ec2:us-east-1:352990902149:instance/i-0aab83a50a5d16c65",
                            "associate_public_ip_address": "true",
                            "availability_zone": "us-east-1a",
                            "cpu_core_count": "1",
                            "cpu_threads_per_core": "1",
                            "credit_specification.#": "1",
                            "credit_specification.0.cpu_credits": "standard",
                            "disable_api_termination": "false",
                            "ebs_block_device.#": "0",
                            "ebs_optimized": "false",
                            "ephemeral_block_device.#": "0",
                            "get_password_data": "false",
                            "iam_instance_profile": "",
                            "id": "i-0aab83a50a5d16c65",
                            "instance_state": "running",
                            "instance_type": "t2.micro",
                            "ipv6_addresses.#": "0",
                            "key_name": "mykeypair-pub-prod",
                            "monitoring": "false",
                            "network_interface.#": "0",
                            "network_interface_id": "eni-003e203a486c6d841",
                            "password_data": "",
                            "placement_group": "",
                            "primary_network_interface_id": "eni-003e203a486c6d841",
                            "private_dns": "ip-172-0-101-72.ec2.internal",
                            "private_ip": "172.0.101.72",
                            "public_dns": "",
                            "public_ip": "34.201.34.173",
                            "root_block_device.#": "1",
                            "root_block_device.0.delete_on_termination": "true",
                            "root_block_device.0.iops": "100",
                            "root_block_device.0.volume_id": "vol-01a8652800aac263d",
                            "root_block_device.0.volume_size": "8",
                            "root_block_device.0.volume_type": "gp2",
                            "security_groups.#": "0",
                            "source_dest_check": "true",
                            "subnet_id": "subnet-0faa3841ca2873f2e",
                            "tags.%": "2",
                            "tags.Environmnent": "prod",
                            "tags.Name": "flaskkapp-1",
                            "tenancy": "default",
                            "volume_tags.%": "0",
                            "vpc_security_group_ids.#": "2",
                            "vpc_security_group_ids.163670552": "sg-0318e4119765562c2",
                            "vpc_security_group_ids.615905576": "sg-05ee2a7541430f56f"
                        },
                        "meta": {
                            "e2bfb730-ecaa-11e6-8f88-34363bc7c4c0": {
                                "create": 600000000000,
                                "delete": 1200000000000,
                                "update": 600000000000
                            },
                            "schema_version": "1"
                        },
                        "tainted": false
                    },
                    "deposed": [],
                    "provider": "provider.aws"
                },
                "aws_instance.instance_tier2.1": {
                    "type": "aws_instance",
                    "depends_on": [
                        "aws_key_pair.my_pub_keypair",
                        "aws_security_group.allow-ssh",
                        "aws_security_group.tier2",
                        "template_dir.config"
                    ],
                    "primary": {
                        "id": "i-053f8f9b4b20b0785",
                        "attributes": {
                            "ami": "ami-035be7bafff33b6b6",
                            "arn": "arn:aws:ec2:us-east-1:352990902149:instance/i-053f8f9b4b20b0785",
                            "associate_public_ip_address": "true",
                            "availability_zone": "us-east-1b",
                            "cpu_core_count": "1",
                            "cpu_threads_per_core": "1",
                            "credit_specification.#": "1",
                            "credit_specification.0.cpu_credits": "standard",
                            "disable_api_termination": "false",
                            "ebs_block_device.#": "0",
                            "ebs_optimized": "false",
                            "ephemeral_block_device.#": "0",
                            "get_password_data": "false",
                            "iam_instance_profile": "",
                            "id": "i-053f8f9b4b20b0785",
                            "instance_state": "running",
                            "instance_type": "t2.micro",
                            "ipv6_addresses.#": "0",
                            "key_name": "mykeypair-pub-prod",
                            "monitoring": "false",
                            "network_interface.#": "0",
                            "network_interface_id": "eni-0a0a7ae9f87dc0274",
                            "password_data": "",
                            "placement_group": "",
                            "primary_network_interface_id": "eni-0a0a7ae9f87dc0274",
                            "private_dns": "ip-172-0-102-145.ec2.internal",
                            "private_ip": "172.0.102.145",
                            "public_dns": "",
                            "public_ip": "3.85.243.132",
                            "root_block_device.#": "1",
                            "root_block_device.0.delete_on_termination": "true",
                            "root_block_device.0.iops": "100",
                            "root_block_device.0.volume_id": "vol-00379fa2edbc96a3f",
                            "root_block_device.0.volume_size": "8",
                            "root_block_device.0.volume_type": "gp2",
                            "security_groups.#": "0",
                            "source_dest_check": "true",
                            "subnet_id": "subnet-0d46c5a4283c07ee0",
                            "tags.%": "2",
                            "tags.Environmnent": "prod",
                            "tags.Name": "flaskkapp-2",
                            "tenancy": "default",
                            "volume_tags.%": "0",
                            "vpc_security_group_ids.#": "2",
                            "vpc_security_group_ids.163670552": "sg-0318e4119765562c2",
                            "vpc_security_group_ids.615905576": "sg-05ee2a7541430f56f"
                        },
                        "meta": {
                            "e2bfb730-ecaa-11e6-8f88-34363bc7c4c0": {
                                "create": 600000000000,
                                "delete": 1200000000000,
                                "update": 600000000000
                            },
                            "schema_version": "1"
                        },
                        "tainted": false
                    },
                    "deposed": [],
                    "provider": "provider.aws"
                },
                "aws_instance.instance_tier3.0": {
                    "type": "aws_instance",
                    "depends_on": [
                        "aws_key_pair.my_pub_keypair",
                        "aws_security_group.allow-ssh",
                        "aws_security_group.tier3",
                        "data.template_cloudinit_config.cloudinit-example",
                        "template_dir.config"
                    ],
                    "primary": {
                        "id": "i-098c41bb509ae1bd1",
                        "attributes": {
                            "ami": "ami-035be7bafff33b6b6",
                            "arn": "arn:aws:ec2:us-east-1:352990902149:instance/i-098c41bb509ae1bd1",
                            "associate_public_ip_address": "true",
                            "availability_zone": "us-east-1a",
                            "cpu_core_count": "1",
                            "cpu_threads_per_core": "1",
                            "credit_specification.#": "1",
                            "credit_specification.0.cpu_credits": "standard",
                            "disable_api_termination": "false",
                            "ebs_block_device.#": "0",
                            "ebs_optimized": "false",
                            "ephemeral_block_device.#": "0",
                            "get_password_data": "false",
                            "iam_instance_profile": "",
                            "id": "i-098c41bb509ae1bd1",
                            "instance_state": "running",
                            "instance_type": "t2.micro",
                            "ipv6_addresses.#": "0",
                            "key_name": "mykeypair-pub-prod",
                            "monitoring": "false",
                            "network_interface.#": "0",
                            "network_interface_id": "eni-038a1dd6b7700d896",
                            "password_data": "",
                            "placement_group": "",
                            "primary_network_interface_id": "eni-038a1dd6b7700d896",
                            "private_dns": "ip-172-0-101-119.ec2.internal",
                            "private_ip": "172.0.101.119",
                            "public_dns": "",
                            "public_ip": "3.95.183.137",
                            "root_block_device.#": "1",
                            "root_block_device.0.delete_on_termination": "true",
                            "root_block_device.0.iops": "100",
                            "root_block_device.0.volume_id": "vol-089353b9e7b65050e",
                            "root_block_device.0.volume_size": "8",
                            "root_block_device.0.volume_type": "gp2",
                            "security_groups.#": "0",
                            "source_dest_check": "true",
                            "subnet_id": "subnet-0faa3841ca2873f2e",
                            "tags.%": "2",
                            "tags.Environmnent": "prod",
                            "tags.Name": "nginx-1",
                            "tenancy": "default",
                            "user_data": "dcad90b745da5de1efca789029aa2d82808a7773",
                            "volume_tags.%": "0",
                            "vpc_security_group_ids.#": "2",
                            "vpc_security_group_ids.2696570241": "sg-0338fee94b9d8e721",
                            "vpc_security_group_ids.615905576": "sg-05ee2a7541430f56f"
                        },
                        "meta": {
                            "e2bfb730-ecaa-11e6-8f88-34363bc7c4c0": {
                                "create": 600000000000,
                                "delete": 1200000000000,
                                "update": 600000000000
                            },
                            "schema_version": "1"
                        },
                        "tainted": false
                    },
                    "deposed": [],
                    "provider": "provider.aws"
                },
                "aws_instance.instance_tier3.1": {
                    "type": "aws_instance",
                    "depends_on": [
                        "aws_key_pair.my_pub_keypair",
                        "aws_security_group.allow-ssh",
                        "aws_security_group.tier3",
                        "data.template_cloudinit_config.cloudinit-example",
                        "template_dir.config"
                    ],
                    "primary": {
                        "id": "i-074c23cc3a12a1125",
                        "attributes": {
                            "ami": "ami-035be7bafff33b6b6",
                            "arn": "arn:aws:ec2:us-east-1:352990902149:instance/i-074c23cc3a12a1125",
                            "associate_public_ip_address": "true",
                            "availability_zone": "us-east-1b",
                            "cpu_core_count": "1",
                            "cpu_threads_per_core": "1",
                            "credit_specification.#": "1",
                            "credit_specification.0.cpu_credits": "standard",
                            "disable_api_termination": "false",
                            "ebs_block_device.#": "0",
                            "ebs_optimized": "false",
                            "ephemeral_block_device.#": "0",
                            "get_password_data": "false",
                            "iam_instance_profile": "",
                            "id": "i-074c23cc3a12a1125",
                            "instance_state": "running",
                            "instance_type": "t2.micro",
                            "ipv6_addresses.#": "0",
                            "key_name": "mykeypair-pub-prod",
                            "monitoring": "false",
                            "network_interface.#": "0",
                            "network_interface_id": "eni-0e25d4b9d16fe3629",
                            "password_data": "",
                            "placement_group": "",
                            "primary_network_interface_id": "eni-0e25d4b9d16fe3629",
                            "private_dns": "ip-172-0-102-136.ec2.internal",
                            "private_ip": "172.0.102.136",
                            "public_dns": "",
                            "public_ip": "52.90.108.182",
                            "root_block_device.#": "1",
                            "root_block_device.0.delete_on_termination": "true",
                            "root_block_device.0.iops": "100",
                            "root_block_device.0.volume_id": "vol-0da6a5c0557dd7b58",
                            "root_block_device.0.volume_size": "8",
                            "root_block_device.0.volume_type": "gp2",
                            "security_groups.#": "0",
                            "source_dest_check": "true",
                            "subnet_id": "subnet-0d46c5a4283c07ee0",
                            "tags.%": "2",
                            "tags.Environmnent": "prod",
                            "tags.Name": "nginx-2",
                            "tenancy": "default",
                            "user_data": "dcad90b745da5de1efca789029aa2d82808a7773",
                            "volume_tags.%": "0",
                            "vpc_security_group_ids.#": "2",
                            "vpc_security_group_ids.2696570241": "sg-0338fee94b9d8e721",
                            "vpc_security_group_ids.615905576": "sg-05ee2a7541430f56f"
                        },
                        "meta": {
                            "e2bfb730-ecaa-11e6-8f88-34363bc7c4c0": {
                                "create": 600000000000,
                                "delete": 1200000000000,
                                "update": 600000000000
                            },
                            "schema_version": "1"
                        },
                        "tainted": false
                    },
                    "deposed": [],
                    "provider": "provider.aws"
                },
                "aws_key_pair.my_pub_keypair": {
                    "type": "aws_key_pair",
                    "depends_on": [],
                    "primary": {
                        "id": "mykeypair-pub-prod",
                        "attributes": {
                            "fingerprint": "b6:42:c1:c1:f6:3d:38:bd:40:8f:18:29:c3:57:e0:25",
                            "id": "mykeypair-pub-prod",
                            "key_name": "mykeypair-pub-prod",
                            "public_key": "ssh-rsa AAAAB3NzaC1yc2EAAAADAQABAAABAQCqquV3oEEIKdaT3vdhxt8AcSG4D4BbfzQbkZlDBp7qtOlWJAlaw9wABvURTbFjAG7UNiI4wgSjdnvTYVaNwhTPPbVbQAOwUadam621jlfqS8TXFQ+9iMtyiR4EqIBWa5SHmxIw5p8AoN+QyHawCl+nLMkv/GctOYnR8oUTZwc1nwIAMUINtEq3YMMp1h7gIACXW2sl6hn6MOII90jgmVIxlRp0FbyS4WGDNVQ8SbqJQ9cX5QX2hKCIKzlYASQZQOV3G6pRIuxw/xNgj4ajmawNSr+vSAoESvFSt3y4AFs4p308qmFvFL34BzicxSGB02r2LnK60p0R415kya5fPRfT tn611gu@USC02VG29PHV2H"
                        },
                        "meta": {
                            "schema_version": "1"
                        },
                        "tainted": false
                    },
                    "deposed": [],
                    "provider": "provider.aws"
                },
                "aws_lb_target_group_attachment.attache_tier3.0": {
                    "type": "aws_lb_target_group_attachment",
                    "depends_on": [
                        "aws_instance.instance_tier3.*"
                    ],
                    "primary": {
                        "id": "arn:aws:elasticloadbalancing:us-east-1:352990902149:targetgroup/flask-app-tg/86b6156154dd9b38-20190218064251020300000001",
                        "attributes": {
                            "id": "arn:aws:elasticloadbalancing:us-east-1:352990902149:targetgroup/flask-app-tg/86b6156154dd9b38-20190218064251020300000001",
                            "target_group_arn": "arn:aws:elasticloadbalancing:us-east-1:352990902149:targetgroup/flask-app-tg/86b6156154dd9b38",
                            "target_id": "i-098c41bb509ae1bd1"
                        },
                        "meta": {},
                        "tainted": false
                    },
                    "deposed": [],
                    "provider": "provider.aws"
                },
                "aws_lb_target_group_attachment.attache_tier3.1": {
                    "type": "aws_lb_target_group_attachment",
                    "depends_on": [
                        "aws_instance.instance_tier3.*"
                    ],
                    "primary": {
                        "id": "arn:aws:elasticloadbalancing:us-east-1:352990902149:targetgroup/flask-app-tg/86b6156154dd9b38-20190218064251104300000002",
                        "attributes": {
                            "id": "arn:aws:elasticloadbalancing:us-east-1:352990902149:targetgroup/flask-app-tg/86b6156154dd9b38-20190218064251104300000002",
                            "target_group_arn": "arn:aws:elasticloadbalancing:us-east-1:352990902149:targetgroup/flask-app-tg/86b6156154dd9b38",
                            "target_id": "i-074c23cc3a12a1125"
                        },
                        "meta": {},
                        "tainted": false
                    },
                    "deposed": [],
                    "provider": "provider.aws"
                },
                "aws_security_group.allow-ssh": {
                    "type": "aws_security_group",
                    "depends_on": [],
                    "primary": {
                        "id": "sg-05ee2a7541430f56f",
                        "attributes": {
                            "arn": "arn:aws:ec2:us-east-1:352990902149:security-group/sg-05ee2a7541430f56f",
                            "description": "security group that allows ssh and all egress traffic",
                            "egress.#": "1",
                            "egress.482069346.cidr_blocks.#": "1",
                            "egress.482069346.cidr_blocks.0": "0.0.0.0/0",
                            "egress.482069346.description": "",
                            "egress.482069346.from_port": "0",
                            "egress.482069346.ipv6_cidr_blocks.#": "0",
                            "egress.482069346.prefix_list_ids.#": "0",
                            "egress.482069346.protocol": "-1",
                            "egress.482069346.security_groups.#": "0",
                            "egress.482069346.self": "false",
                            "egress.482069346.to_port": "0",
                            "id": "sg-05ee2a7541430f56f",
                            "ingress.#": "1",
                            "ingress.2541437006.cidr_blocks.#": "1",
                            "ingress.2541437006.cidr_blocks.0": "0.0.0.0/0",
                            "ingress.2541437006.description": "",
                            "ingress.2541437006.from_port": "22",
                            "ingress.2541437006.ipv6_cidr_blocks.#": "0",
                            "ingress.2541437006.prefix_list_ids.#": "0",
                            "ingress.2541437006.protocol": "tcp",
                            "ingress.2541437006.security_groups.#": "0",
                            "ingress.2541437006.self": "false",
                            "ingress.2541437006.to_port": "22",
                            "name": "allow-ssh-prod",
                            "owner_id": "352990902149",
                            "revoke_rules_on_delete": "false",
                            "tags.%": "2",
                            "tags.Environmnent": "prod",
                            "tags.Name": "allow-ssh",
                            "vpc_id": "vpc-03c5efb8737a978fc"
                        },
                        "meta": {
                            "e2bfb730-ecaa-11e6-8f88-34363bc7c4c0": {
                                "create": 600000000000,
                                "delete": 600000000000
                            },
                            "schema_version": "1"
                        },
                        "tainted": false
                    },
                    "deposed": [],
                    "provider": "provider.aws"
                },
                "aws_security_group.tier2": {
                    "type": "aws_security_group",
                    "depends_on": [
                        "aws_security_group.tier3"
                    ],
                    "primary": {
                        "id": "sg-0318e4119765562c2",
                        "attributes": {
                            "arn": "arn:aws:ec2:us-east-1:352990902149:security-group/sg-0318e4119765562c2",
                            "description": "security group that allows http and all egress traffic",
                            "egress.#": "1",
                            "egress.482069346.cidr_blocks.#": "1",
                            "egress.482069346.cidr_blocks.0": "0.0.0.0/0",
                            "egress.482069346.description": "",
                            "egress.482069346.from_port": "0",
                            "egress.482069346.ipv6_cidr_blocks.#": "0",
                            "egress.482069346.prefix_list_ids.#": "0",
                            "egress.482069346.protocol": "-1",
                            "egress.482069346.security_groups.#": "0",
                            "egress.482069346.self": "false",
                            "egress.482069346.to_port": "0",
                            "id": "sg-0318e4119765562c2",
                            "ingress.#": "1",
                            "ingress.784006944.cidr_blocks.#": "0",
                            "ingress.784006944.description": "",
                            "ingress.784006944.from_port": "0",
                            "ingress.784006944.ipv6_cidr_blocks.#": "0",
                            "ingress.784006944.prefix_list_ids.#": "0",
                            "ingress.784006944.protocol": "tcp",
                            "ingress.784006944.security_groups.#": "1",
                            "ingress.784006944.security_groups.2696570241": "sg-0338fee94b9d8e721",
                            "ingress.784006944.self": "false",
                            "ingress.784006944.to_port": "65535",
                            "name": "tier2-prod",
                            "owner_id": "352990902149",
                            "revoke_rules_on_delete": "false",
                            "tags.%": "2",
                            "tags.Environmnent": "prod",
                            "tags.Name": "allow-all-from-tier3",
                            "vpc_id": "vpc-03c5efb8737a978fc"
                        },
                        "meta": {
                            "e2bfb730-ecaa-11e6-8f88-34363bc7c4c0": {
                                "create": 600000000000,
                                "delete": 600000000000
                            },
                            "schema_version": "1"
                        },
                        "tainted": false
                    },
                    "deposed": [],
                    "provider": "provider.aws"
                },
                "aws_security_group.tier3": {
                    "type": "aws_security_group",
                    "depends_on": [],
                    "primary": {
                        "id": "sg-0338fee94b9d8e721",
                        "attributes": {
                            "arn": "arn:aws:ec2:us-east-1:352990902149:security-group/sg-0338fee94b9d8e721",
                            "description": "security group that allows http and all egress traffic",
                            "egress.#": "1",
                            "egress.482069346.cidr_blocks.#": "1",
                            "egress.482069346.cidr_blocks.0": "0.0.0.0/0",
                            "egress.482069346.description": "",
                            "egress.482069346.from_port": "0",
                            "egress.482069346.ipv6_cidr_blocks.#": "0",
                            "egress.482069346.prefix_list_ids.#": "0",
                            "egress.482069346.protocol": "-1",
                            "egress.482069346.security_groups.#": "0",
                            "egress.482069346.self": "false",
                            "egress.482069346.to_port": "0",
                            "id": "sg-0338fee94b9d8e721",
                            "ingress.#": "1",
                            "ingress.2017291147.cidr_blocks.#": "0",
                            "ingress.2017291147.description": "",
                            "ingress.2017291147.from_port": "80",
                            "ingress.2017291147.ipv6_cidr_blocks.#": "0",
                            "ingress.2017291147.prefix_list_ids.#": "0",
                            "ingress.2017291147.protocol": "tcp",
                            "ingress.2017291147.security_groups.#": "1",
                            "ingress.2017291147.security_groups.107821350": "sg-086bb3ae98600f8f2",
                            "ingress.2017291147.self": "false",
                            "ingress.2017291147.to_port": "80",
                            "name": "tier3-prod",
                            "owner_id": "352990902149",
                            "revoke_rules_on_delete": "false",
                            "tags.%": "2",
                            "tags.Environmnent": "prod",
                            "tags.Name": "allow-http",
                            "vpc_id": "vpc-03c5efb8737a978fc"
                        },
                        "meta": {
                            "e2bfb730-ecaa-11e6-8f88-34363bc7c4c0": {
                                "create": 600000000000,
                                "delete": 600000000000
                            },
                            "schema_version": "1"
                        },
                        "tainted": false
                    },
                    "deposed": [],
                    "provider": "provider.aws"
                },
                "data.aws_ami.latest-ubuntu": {
                    "type": "aws_ami",
                    "depends_on": [],
                    "primary": {
                        "id": "ami-0565af6e282977273",
                        "attributes": {
                            "architecture": "x86_64",
                            "block_device_mappings.#": "3",
                            "block_device_mappings.1634610537.device_name": "/dev/sdb",
                            "block_device_mappings.1634610537.ebs.%": "0",
                            "block_device_mappings.1634610537.no_device": "",
                            "block_device_mappings.1634610537.virtual_name": "ephemeral0",
                            "block_device_mappings.2547816212.device_name": "/dev/sda1",
                            "block_device_mappings.2547816212.ebs.%": "6",
                            "block_device_mappings.2547816212.ebs.delete_on_termination": "true",
                            "block_device_mappings.2547816212.ebs.encrypted": "false",
                            "block_device_mappings.2547816212.ebs.iops": "0",
                            "block_device_mappings.2547816212.ebs.snapshot_id": "snap-0ac9e6b9d926e36c9",
                            "block_device_mappings.2547816212.ebs.volume_size": "8",
                            "block_device_mappings.2547816212.ebs.volume_type": "gp2",
                            "block_device_mappings.2547816212.no_device": "",
                            "block_device_mappings.2547816212.virtual_name": "",
                            "block_device_mappings.3850042718.device_name": "/dev/sdc",
                            "block_device_mappings.3850042718.ebs.%": "0",
                            "block_device_mappings.3850042718.no_device": "",
                            "block_device_mappings.3850042718.virtual_name": "ephemeral1",
                            "creation_date": "2019-02-13T10:26:01.000Z",
                            "description": "Canonical, Ubuntu, 16.04 LTS, amd64 xenial image build on 2019-02-12",
                            "filter.#": "2",
                            "filter.1585153008.name": "name",
                            "filter.1585153008.values.#": "1",
                            "filter.1585153008.values.0": "ubuntu/images/hvm-ssd/ubuntu-xenial-16.04-amd64-server-*",
                            "filter.490168357.name": "virtualization-type",
                            "filter.490168357.values.#": "1",
                            "filter.490168357.values.0": "hvm",
                            "hypervisor": "xen",
                            "id": "ami-0565af6e282977273",
                            "image_id": "ami-0565af6e282977273",
                            "image_location": "099720109477/ubuntu/images/hvm-ssd/ubuntu-xenial-16.04-amd64-server-20190212",
                            "image_type": "machine",
                            "most_recent": "true",
                            "name": "ubuntu/images/hvm-ssd/ubuntu-xenial-16.04-amd64-server-20190212",
                            "owner_id": "099720109477",
                            "owners.#": "1",
                            "owners.0": "099720109477",
                            "product_codes.#": "0",
                            "public": "true",
                            "root_device_name": "/dev/sda1",
                            "root_device_type": "ebs",
                            "root_snapshot_id": "snap-0ac9e6b9d926e36c9",
                            "sriov_net_support": "simple",
                            "state": "available",
                            "state_reason.%": "2",
                            "state_reason.code": "UNSET",
                            "state_reason.message": "UNSET",
                            "tags.%": "0",
                            "virtualization_type": "hvm"
                        },
                        "meta": {},
                        "tainted": false
                    },
                    "deposed": [],
                    "provider": "provider.aws"
                },
                "data.template_cloudinit_config.cloudinit-example": {
                    "type": "template_cloudinit_config",
                    "depends_on": [
                        "data.template_file.init-script"
                    ],
                    "primary": {
                        "id": "1597428437",
                        "attributes": {
                            "base64_encode": "false",
                            "gzip": "false",
                            "id": "1597428437",
                            "part.#": "1",
                            "part.0.content": "repo_update: true\nrepo_upgrade: all\n\npackages:\n  -\n\nruncmd:\n - sudo echo \"default['nginx']['flask_host_ip'] = 172.0.101.72 172.0.102.145 | tee /var/default.rb\"\n - [ sh, -c, \"sudo echo 172.0.101.72 172.0.102.145 | tee /var/iplist\"]\n - [ sh, -c, \"export IPLIST=172.0.101.72 172.0.102.145\"]\n\noutput:\n  all: '| tee -a /var/log/cloud-init-output.log'",
                            "part.0.content_type": "text/cloud-config",
                            "part.0.filename": "init.cfg",
                            "part.0.merge_type": "",
                            "rendered": "Content-Type: multipart/mixed; boundary=\"MIMEBOUNDARY\"\nMIME-Version: 1.0\r\n\r\n--MIMEBOUNDARY\r\nContent-Disposition: attachment; filename=\"init.cfg\"\r\nContent-Transfer-Encoding: 7bit\r\nContent-Type: text/cloud-config\r\nMime-Version: 1.0\r\n\r\nrepo_update: true\nrepo_upgrade: all\n\npackages:\n  -\n\nruncmd:\n - sudo echo \"default['nginx']['flask_host_ip'] = 172.0.101.72 172.0.102.145 | tee /var/default.rb\"\n - [ sh, -c, \"sudo echo 172.0.101.72 172.0.102.145 | tee /var/iplist\"]\n - [ sh, -c, \"export IPLIST=172.0.101.72 172.0.102.145\"]\n\noutput:\n  all: '| tee -a /var/log/cloud-init-output.log'\r\n--MIMEBOUNDARY--\r\n"
                        },
                        "meta": {},
                        "tainted": false
                    },
                    "deposed": [],
                    "provider": "provider.template"
                },
                "data.template_file.init": {
                    "type": "template_file",
                    "depends_on": [
                        "aws_instance.instance_tier2.*"
                    ],
                    "primary": {
                        "id": "16f5046a20bad218a9daf8d32c9658de12ba2c04691a070d6fd6de1bbb3f762b",
                        "attributes": {
                            "id": "16f5046a20bad218a9daf8d32c9658de12ba2c04691a070d6fd6de1bbb3f762b",
                            "rendered": "#!/bin/bash\\n\n\\n\nsudo echo \"default['nginx']['flask_host_ip'] = 10.0.101.136,10.0.102.110\" \u003e ~/iplist",
                            "template": "#!/bin/bash\\n\n\\n\nsudo echo \"default['nginx']['flask_host_ip'] = 10.0.101.136,10.0.102.110\" \u003e ~/iplist",
                            "vars.%": "1",
                            "vars.consul_address": "172.0.101.72,172.0.102.145"
                        },
                        "meta": {},
                        "tainted": false
                    },
                    "deposed": [],
                    "provider": "provider.template"
                },
                "data.template_file.init-script": {
                    "type": "template_file",
                    "depends_on": [
                        "aws_instance.instance_tier2.*"
                    ],
                    "primary": {
                        "id": "c636fb57f50d8828d503a3e522a8bddc1af1da31b270f086d04819465c832683",
                        "attributes": {
                            "id": "c636fb57f50d8828d503a3e522a8bddc1af1da31b270f086d04819465c832683",
                            "rendered": "repo_update: true\nrepo_upgrade: all\n\npackages:\n  -\n\nruncmd:\n - sudo echo \"default['nginx']['flask_host_ip'] = 172.0.101.72 172.0.102.145 | tee /var/default.rb\"\n - [ sh, -c, \"sudo echo 172.0.101.72 172.0.102.145 | tee /var/iplist\"]\n - [ sh, -c, \"export IPLIST=172.0.101.72 172.0.102.145\"]\n\noutput:\n  all: '| tee -a /var/log/cloud-init-output.log'",
                            "template": "repo_update: true\nrepo_upgrade: all\n\npackages:\n  -\n\nruncmd:\n - sudo echo \"default['nginx']['flask_host_ip'] = ${IPLIST} | tee /var/default.rb\"\n - [ sh, -c, \"sudo echo ${IPLIST} | tee /var/iplist\"]\n - [ sh, -c, \"export IPLIST=${IPLIST}\"]\n\noutput:\n  all: '| tee -a /var/log/cloud-init-output.log'",
                            "vars.%": "2",
                            "vars.IPLIST": "172.0.101.72 172.0.102.145",
                            "vars.REGION": "us-east-1"
                        },
                        "meta": {},
                        "tainted": false
                    },
                    "deposed": [],
                    "provider": "provider.template"
                },
                "template_dir.config": {
                    "type": "template_dir",
                    "depends_on": [],
                    "primary": {
                        "id": "1af37791249bc608880c2056becc39c0848233b4",
                        "attributes": {
                            "destination_dir": "/Users/tn611gu/intute_project/terraform_ha_stack/dev/.terraform/modules/a85bbd36816231256e033d4873dbe334/scripts/chef/terra_templates",
                            "id": "1af37791249bc608880c2056becc39c0848233b4",
                            "source_dir": "/Users/tn611gu/intute_project/terraform_ha_stack/dev/.terraform/modules/a85bbd36816231256e033d4873dbe334/instance_config_templates",
                            "vars.%": "4",
                            "vars.database_endpoint": "sample",
                            "vars.database_name": "flaskdb",
                            "vars.database_password": "PiPU12323%%!123",
                            "vars.database_user_name": "pipuser"
                        },
                        "meta": {},
                        "tainted": false
                    },
                    "deposed": [],
                    "provider": "provider.template"
                }
            },
            "depends_on": []
        },
        {
            "path": [
                "root",
                "main-vpc"
            ],
            "outputs": {
                "private_subnets": {
                    "sensitive": false,
                    "type": "list",
                    "value": [
                        "subnet-0bafa198873fe5e13",
                        "subnet-00b6ff247141ef47c",
                        "subnet-0eec584ecb14227ae"
                    ]
                },
                "public_subnets": {
                    "sensitive": false,
                    "type": "list",
                    "value": [
                        "subnet-0faa3841ca2873f2e",
                        "subnet-0d46c5a4283c07ee0",
                        "subnet-042732cc818875ae3"
                    ]
                },
                "vpc_id": {
                    "sensitive": false,
                    "type": "string",
                    "value": "vpc-03c5efb8737a978fc"
                }
            },
            "resources": {},
            "depends_on": []
        },
        {
            "path": [
                "root",
                "route53"
            ],
            "outputs": {},
            "resources": {
                "aws_route53_record.reg1": {
                    "type": "aws_route53_record",
                    "depends_on": [
                        "data.aws_route53_zone.selected"
                    ],
                    "primary": {
                        "id": "Z37ADCVQ67W5YZ_flaskapp_A_us-east-1",
                        "attributes": {
                            "alias.#": "1",
                            "alias.3823400781.evaluate_target_health": "true",
                            "alias.3823400781.name": "my-app-alb-us-east-1-1214016663.us-east-1.elb.amazonaws.com",
                            "alias.3823400781.zone_id": "Z35SXDOTRQ7X7K",
                            "allow_overwrite": "true",
                            "fqdn": "flaskapp.thebetterengineers.com",
                            "id": "Z37ADCVQ67W5YZ_flaskapp_A_us-east-1",
                            "name": "flaskapp",
                            "set_identifier": "us-east-1",
                            "type": "A",
                            "weighted_routing_policy.#": "1",
                            "weighted_routing_policy.0.weight": "90",
                            "zone_id": "Z37ADCVQ67W5YZ"
                        },
                        "meta": {
                            "schema_version": "2"
                        },
                        "tainted": false
                    },
                    "deposed": [],
                    "provider": "provider.aws"
                },
                "data.aws_route53_zone.selected": {
                    "type": "aws_route53_zone",
                    "depends_on": [],
                    "primary": {
                        "id": "Z37ADCVQ67W5YZ",
                        "attributes": {
                            "caller_reference": "5A8598F4-2DE1-FA5B-ACD8-1FC981F6F8EB",
                            "comment": "mysitework",
                            "id": "Z37ADCVQ67W5YZ",
                            "name": "thebetterengineers.com.",
                            "name_servers.#": "4",
                            "name_servers.0": "ns-1746.awsdns-26.co.uk",
                            "name_servers.1": "ns-1416.awsdns-49.org",
                            "name_servers.2": "ns-686.awsdns-21.net",
                            "name_servers.3": "ns-199.awsdns-24.com",
                            "private_zone": "false",
                            "resource_record_set_count": "3",
                            "zone_id": "Z37ADCVQ67W5YZ"
                        },
                        "meta": {},
                        "tainted": false
                    },
                    "deposed": [],
                    "provider": "provider.aws"
                }
            },
            "depends_on": []
        },
        {
            "path": [
                "root",
                "alb",
                "alb"
            ],
            "outputs": {
                "dns_name": {
                    "sensitive": false,
                    "type": "string",
                    "value": "my-app-alb-us-east-1-1214016663.us-east-1.elb.amazonaws.com"
                },
                "http_tcp_listener_arns": {
                    "sensitive": false,
                    "type": "list",
                    "value": [
                        "arn:aws:elasticloadbalancing:us-east-1:352990902149:listener/app/my-app-alb-us-east-1/dc4abbb17f852a5c/3549089cd957ad2e"
                    ]
                },
                "http_tcp_listener_ids": {
                    "sensitive": false,
                    "type": "list",
                    "value": [
                        "arn:aws:elasticloadbalancing:us-east-1:352990902149:listener/app/my-app-alb-us-east-1/dc4abbb17f852a5c/3549089cd957ad2e"
                    ]
                },
                "https_listener_arns": {
                    "sensitive": false,
                    "type": "list",
                    "value": []
                },
                "https_listener_ids": {
                    "sensitive": false,
                    "type": "list",
                    "value": []
                },
                "load_balancer_arn_suffix": {
                    "sensitive": false,
                    "type": "string",
                    "value": "app/my-app-alb-us-east-1/dc4abbb17f852a5c"
                },
                "load_balancer_id": {
                    "sensitive": false,
                    "type": "string",
                    "value": "arn:aws:elasticloadbalancing:us-east-1:352990902149:loadbalancer/app/my-app-alb-us-east-1/dc4abbb17f852a5c"
                },
                "load_balancer_zone_id": {
                    "sensitive": false,
                    "type": "string",
                    "value": "Z35SXDOTRQ7X7K"
                },
                "target_group_arn_suffixes": {
                    "sensitive": false,
                    "type": "list",
                    "value": [
                        "targetgroup/flask-app-tg/86b6156154dd9b38"
                    ]
                },
                "target_group_arns": {
                    "sensitive": false,
                    "type": "list",
                    "value": [
                        "arn:aws:elasticloadbalancing:us-east-1:352990902149:targetgroup/flask-app-tg/86b6156154dd9b38"
                    ]
                },
                "target_group_names": {
                    "sensitive": false,
                    "type": "list",
                    "value": [
                        "flask-app-tg"
                    ]
                }
            },
            "resources": {
                "aws_lb.application": {
                    "type": "aws_lb",
                    "depends_on": [],
                    "primary": {
                        "id": "arn:aws:elasticloadbalancing:us-east-1:352990902149:loadbalancer/app/my-app-alb-us-east-1/dc4abbb17f852a5c",
                        "attributes": {
                            "access_logs.#": "1",
                            "access_logs.0.bucket": "my-app-alb-logs-us-east-1",
                            "access_logs.0.enabled": "true",
                            "access_logs.0.prefix": "my-app-alb-logs",
                            "arn": "arn:aws:elasticloadbalancing:us-east-1:352990902149:loadbalancer/app/my-app-alb-us-east-1/dc4abbb17f852a5c",
                            "arn_suffix": "app/my-app-alb-us-east-1/dc4abbb17f852a5c",
                            "dns_name": "my-app-alb-us-east-1-1214016663.us-east-1.elb.amazonaws.com",
                            "enable_deletion_protection": "false",
                            "enable_http2": "true",
                            "id": "arn:aws:elasticloadbalancing:us-east-1:352990902149:loadbalancer/app/my-app-alb-us-east-1/dc4abbb17f852a5c",
                            "idle_timeout": "60",
                            "internal": "false",
                            "ip_address_type": "ipv4",
                            "load_balancer_type": "application",
                            "name": "my-app-alb-us-east-1",
                            "security_groups.#": "2",
                            "security_groups.107821350": "sg-086bb3ae98600f8f2",
                            "security_groups.4219798623": "sg-0aa6b80f13563ed6b",
                            "subnet_mapping.#": "0",
                            "subnets.#": "3",
                            "subnets.3025695124": "subnet-042732cc818875ae3",
                            "subnets.3578046204": "subnet-0d46c5a4283c07ee0",
                            "subnets.3948470632": "subnet-0faa3841ca2873f2e",
                            "tags.%": "2",
                            "tags.Environment": "test",
                            "tags.Name": "my-app-alb-us-east-1",
                            "vpc_id": "vpc-03c5efb8737a978fc",
                            "zone_id": "Z35SXDOTRQ7X7K"
                        },
                        "meta": {
                            "e2bfb730-ecaa-11e6-8f88-34363bc7c4c0": {
                                "create": 600000000000,
                                "delete": 600000000000,
                                "update": 600000000000
                            }
                        },
                        "tainted": false
                    },
                    "deposed": [],
                    "provider": "provider.aws"
                },
                "aws_lb_listener.frontend_http_tcp": {
                    "type": "aws_lb_listener",
                    "depends_on": [
                        "aws_lb.application.*",
                        "aws_lb.application_no_logs.*",
                        "aws_lb_target_group.main.*"
                    ],
                    "primary": {
                        "id": "arn:aws:elasticloadbalancing:us-east-1:352990902149:listener/app/my-app-alb-us-east-1/dc4abbb17f852a5c/3549089cd957ad2e",
                        "attributes": {
                            "arn": "arn:aws:elasticloadbalancing:us-east-1:352990902149:listener/app/my-app-alb-us-east-1/dc4abbb17f852a5c/3549089cd957ad2e",
                            "default_action.#": "1",
                            "default_action.0.authenticate_cognito.#": "0",
                            "default_action.0.authenticate_oidc.#": "0",
                            "default_action.0.fixed_response.#": "0",
                            "default_action.0.order": "1",
                            "default_action.0.redirect.#": "0",
                            "default_action.0.target_group_arn": "arn:aws:elasticloadbalancing:us-east-1:352990902149:targetgroup/flask-app-tg/86b6156154dd9b38",
                            "default_action.0.type": "forward",
                            "id": "arn:aws:elasticloadbalancing:us-east-1:352990902149:listener/app/my-app-alb-us-east-1/dc4abbb17f852a5c/3549089cd957ad2e",
                            "load_balancer_arn": "arn:aws:elasticloadbalancing:us-east-1:352990902149:loadbalancer/app/my-app-alb-us-east-1/dc4abbb17f852a5c",
                            "port": "80",
                            "protocol": "HTTP",
                            "ssl_policy": ""
                        },
                        "meta": {
                            "e2bfb730-ecaa-11e6-8f88-34363bc7c4c0": {
                                "read": 600000000000
                            }
                        },
                        "tainted": false
                    },
                    "deposed": [],
                    "provider": "provider.aws"
                },
                "aws_lb_target_group.main": {
                    "type": "aws_lb_target_group",
                    "depends_on": [
                        "aws_lb.application",
                        "local.target_groups_defaults"
                    ],
                    "primary": {
                        "id": "arn:aws:elasticloadbalancing:us-east-1:352990902149:targetgroup/flask-app-tg/86b6156154dd9b38",
                        "attributes": {
                            "arn": "arn:aws:elasticloadbalancing:us-east-1:352990902149:targetgroup/flask-app-tg/86b6156154dd9b38",
                            "arn_suffix": "targetgroup/flask-app-tg/86b6156154dd9b38",
                            "deregistration_delay": "300",
                            "health_check.#": "1",
                            "health_check.0.healthy_threshold": "3",
                            "health_check.0.interval": "10",
                            "health_check.0.matcher": "200-299",
                            "health_check.0.path": "/health",
                            "health_check.0.port": "traffic-port",
                            "health_check.0.protocol": "HTTP",
                            "health_check.0.timeout": "5",
                            "health_check.0.unhealthy_threshold": "3",
                            "id": "arn:aws:elasticloadbalancing:us-east-1:352990902149:targetgroup/flask-app-tg/86b6156154dd9b38",
                            "name": "flask-app-tg",
                            "port": "80",
                            "protocol": "HTTP",
                            "proxy_protocol_v2": "false",
                            "slow_start": "0",
                            "stickiness.#": "1",
                            "stickiness.0.cookie_duration": "86400",
                            "stickiness.0.enabled": "true",
                            "stickiness.0.type": "lb_cookie",
                            "tags.%": "2",
                            "tags.Environment": "test",
                            "tags.Name": "flask-app-tg",
                            "target_type": "instance",
                            "vpc_id": "vpc-03c5efb8737a978fc"
                        },
                        "meta": {},
                        "tainted": false
                    },
                    "deposed": [],
                    "provider": "provider.aws"
                }
            },
            "depends_on": []
        },
        {
            "path": [
                "root",
                "main-vpc",
                "main-vpc"
            ],
            "outputs": {
                "azs": {
                    "sensitive": false,
                    "type": "list",
                    "value": [
                        "us-east-1a",
                        "us-east-1b",
                        "us-east-1c"
                    ]
                },
                "database_route_table_ids": {
                    "sensitive": false,
                    "type": "list",
                    "value": [
                        "rtb-00784cb7c00648ad9",
                        "rtb-0ddffa1471bfef4c6",
                        "rtb-072b30d118a2d897b"
                    ]
                },
                "database_subnet_group": {
                    "sensitive": false,
                    "type": "string",
                    "value": ""
                },
                "database_subnets": {
                    "sensitive": false,
                    "type": "list",
                    "value": []
                },
                "database_subnets_cidr_blocks": {
                    "sensitive": false,
                    "type": "list",
                    "value": []
                },
                "default_network_acl_id": {
                    "sensitive": false,
                    "type": "string",
                    "value": "acl-06c5b6fefeea347cd"
                },
                "default_route_table_id": {
                    "sensitive": false,
                    "type": "string",
                    "value": "rtb-001cd2ecea4fb42a5"
                },
                "default_security_group_id": {
                    "sensitive": false,
                    "type": "string",
                    "value": "sg-002de71045f2da0dd"
                },
                "default_vpc_cidr_block": {
                    "sensitive": false,
                    "type": "string",
                    "value": ""
                },
                "default_vpc_default_network_acl_id": {
                    "sensitive": false,
                    "type": "string",
                    "value": ""
                },
                "default_vpc_default_route_table_id": {
                    "sensitive": false,
                    "type": "string",
                    "value": ""
                },
                "default_vpc_default_security_group_id": {
                    "sensitive": false,
                    "type": "string",
                    "value": ""
                },
                "default_vpc_enable_dns_hostnames": {
                    "sensitive": false,
                    "type": "string",
                    "value": ""
                },
                "default_vpc_enable_dns_support": {
                    "sensitive": false,
                    "type": "string",
                    "value": ""
                },
                "default_vpc_id": {
                    "sensitive": false,
                    "type": "string",
                    "value": ""
                },
                "default_vpc_instance_tenancy": {
                    "sensitive": false,
                    "type": "string",
                    "value": ""
                },
                "default_vpc_main_route_table_id": {
                    "sensitive": false,
                    "type": "string",
                    "value": ""
                },
                "elasticache_route_table_ids": {
                    "sensitive": false,
                    "type": "list",
                    "value": [
                        "rtb-00784cb7c00648ad9",
                        "rtb-0ddffa1471bfef4c6",
                        "rtb-072b30d118a2d897b"
                    ]
                },
                "elasticache_subnet_group": {
                    "sensitive": false,
                    "type": "string",
                    "value": ""
                },
                "elasticache_subnet_group_name": {
                    "sensitive": false,
                    "type": "string",
                    "value": ""
                },
                "elasticache_subnets": {
                    "sensitive": false,
                    "type": "list",
                    "value": []
                },
                "elasticache_subnets_cidr_blocks": {
                    "sensitive": false,
                    "type": "list",
                    "value": []
                },
                "igw_id": {
                    "sensitive": false,
                    "type": "string",
                    "value": "igw-0c770f2d34c990a57"
                },
                "intra_route_table_ids": {
                    "sensitive": false,
                    "type": "list",
                    "value": []
                },
                "intra_subnets": {
                    "sensitive": false,
                    "type": "list",
                    "value": []
                },
                "intra_subnets_cidr_blocks": {
                    "sensitive": false,
                    "type": "list",
                    "value": []
                },
                "nat_ids": {
                    "sensitive": false,
                    "type": "list",
                    "value": []
                },
                "nat_public_ips": {
                    "sensitive": false,
                    "type": "list",
                    "value": []
                },
                "natgw_ids": {
                    "sensitive": false,
                    "type": "list",
                    "value": []
                },
                "private_route_table_ids": {
                    "sensitive": false,
                    "type": "list",
                    "value": [
                        "rtb-00784cb7c00648ad9",
                        "rtb-0ddffa1471bfef4c6",
                        "rtb-072b30d118a2d897b"
                    ]
                },
                "private_subnets": {
                    "sensitive": false,
                    "type": "list",
                    "value": [
                        "subnet-0bafa198873fe5e13",
                        "subnet-00b6ff247141ef47c",
                        "subnet-0eec584ecb14227ae"
                    ]
                },
                "private_subnets_cidr_blocks": {
                    "sensitive": false,
                    "type": "list",
                    "value": [
                        "172.0.1.0/24",
                        "172.0.2.0/24",
                        "172.0.3.0/24"
                    ]
                },
                "public_route_table_ids": {
                    "sensitive": false,
                    "type": "list",
                    "value": [
                        "rtb-039a8cd97d9156dc4"
                    ]
                },
                "public_subnets": {
                    "sensitive": false,
                    "type": "list",
                    "value": [
                        "subnet-0faa3841ca2873f2e",
                        "subnet-0d46c5a4283c07ee0",
                        "subnet-042732cc818875ae3"
                    ]
                },
                "public_subnets_cidr_blocks": {
                    "sensitive": false,
                    "type": "list",
                    "value": [
                        "172.0.101.0/24",
                        "172.0.102.0/24",
                        "172.0.103.0/24"
                    ]
                },
                "redshift_route_table_ids": {
                    "sensitive": false,
                    "type": "list",
                    "value": [
                        "rtb-00784cb7c00648ad9",
                        "rtb-0ddffa1471bfef4c6",
                        "rtb-072b30d118a2d897b"
                    ]
                },
                "redshift_subnet_group": {
                    "sensitive": false,
                    "type": "string",
                    "value": ""
                },
                "redshift_subnets": {
                    "sensitive": false,
                    "type": "list",
                    "value": []
                },
                "redshift_subnets_cidr_blocks": {
                    "sensitive": false,
                    "type": "list",
                    "value": []
                },
                "vgw_id": {
                    "sensitive": false,
                    "type": "string",
                    "value": ""
                },
                "vpc_cidr_block": {
                    "sensitive": false,
                    "type": "string",
                    "value": "172.0.0.0/16"
                },
                "vpc_enable_dns_hostnames": {
                    "sensitive": false,
                    "type": "string",
                    "value": "false"
                },
                "vpc_enable_dns_support": {
                    "sensitive": false,
                    "type": "string",
                    "value": "true"
                },
                "vpc_endpoint_dynamodb_id": {
                    "sensitive": false,
                    "type": "string",
                    "value": ""
                },
                "vpc_endpoint_dynamodb_pl_id": {
                    "sensitive": false,
                    "type": "string",
                    "value": ""
                },
                "vpc_endpoint_ec2_dns_entry": {
                    "sensitive": false,
                    "type": "list",
                    "value": []
                },
                "vpc_endpoint_ec2_id": {
                    "sensitive": false,
                    "type": "string",
                    "value": ""
                },
                "vpc_endpoint_ec2_network_interface_ids": {
                    "sensitive": false,
                    "type": "list",
                    "value": []
                },
                "vpc_endpoint_ec2messages_dns_entry": {
                    "sensitive": false,
                    "type": "list",
                    "value": []
                },
                "vpc_endpoint_ec2messages_id": {
                    "sensitive": false,
                    "type": "string",
                    "value": ""
                },
                "vpc_endpoint_ec2messages_network_interface_ids": {
                    "sensitive": false,
                    "type": "list",
                    "value": []
                },
                "vpc_endpoint_s3_id": {
                    "sensitive": false,
                    "type": "string",
                    "value": ""
                },
                "vpc_endpoint_s3_pl_id": {
                    "sensitive": false,
                    "type": "string",
                    "value": ""
                },
                "vpc_endpoint_ssm_dns_entry": {
                    "sensitive": false,
                    "type": "list",
                    "value": []
                },
                "vpc_endpoint_ssm_id": {
                    "sensitive": false,
                    "type": "string",
                    "value": ""
                },
                "vpc_endpoint_ssm_network_interface_ids": {
                    "sensitive": false,
                    "type": "list",
                    "value": []
                },
                "vpc_endpoint_ssmmessages_dns_entry": {
                    "sensitive": false,
                    "type": "list",
                    "value": []
                },
                "vpc_endpoint_ssmmessages_id": {
                    "sensitive": false,
                    "type": "string",
                    "value": ""
                },
                "vpc_endpoint_ssmmessages_network_interface_ids": {
                    "sensitive": false,
                    "type": "list",
                    "value": []
                },
                "vpc_id": {
                    "sensitive": false,
                    "type": "string",
                    "value": "vpc-03c5efb8737a978fc"
                },
                "vpc_instance_tenancy": {
                    "sensitive": false,
                    "type": "string",
                    "value": "default"
                },
                "vpc_main_route_table_id": {
                    "sensitive": false,
                    "type": "string",
                    "value": "rtb-001cd2ecea4fb42a5"
                },
                "vpc_secondary_cidr_blocks": {
                    "sensitive": false,
                    "type": "list",
                    "value": []
                }
            },
            "resources": {
                "aws_internet_gateway.this": {
                    "type": "aws_internet_gateway",
                    "depends_on": [
                        "local.vpc_id"
                    ],
                    "primary": {
                        "id": "igw-0c770f2d34c990a57",
                        "attributes": {
                            "id": "igw-0c770f2d34c990a57",
                            "owner_id": "352990902149",
                            "tags.%": "3",
                            "tags.Environment": "us-east-1",
                            "tags.Name": "vpc-us-east-1",
                            "tags.Terraform": "true",
                            "vpc_id": "vpc-03c5efb8737a978fc"
                        },
                        "meta": {},
                        "tainted": false
                    },
                    "deposed": [],
                    "provider": "provider.aws"
                },
                "aws_route.public_internet_gateway": {
                    "type": "aws_route",
                    "depends_on": [
                        "aws_internet_gateway.this",
                        "aws_route_table.public"
                    ],
                    "primary": {
                        "id": "r-rtb-039a8cd97d9156dc41080289494",
                        "attributes": {
                            "destination_cidr_block": "0.0.0.0/0",
                            "destination_prefix_list_id": "",
                            "egress_only_gateway_id": "",
                            "gateway_id": "igw-0c770f2d34c990a57",
                            "id": "r-rtb-039a8cd97d9156dc41080289494",
                            "instance_id": "",
                            "instance_owner_id": "",
                            "nat_gateway_id": "",
                            "network_interface_id": "",
                            "origin": "CreateRoute",
                            "route_table_id": "rtb-039a8cd97d9156dc4",
                            "state": "active",
                            "transit_gateway_id": "",
                            "vpc_peering_connection_id": ""
                        },
                        "meta": {
                            "e2bfb730-ecaa-11e6-8f88-34363bc7c4c0": {
                                "create": 300000000000,
                                "delete": 300000000000
                            }
                        },
                        "tainted": false
                    },
                    "deposed": [],
                    "provider": "provider.aws"
                },
                "aws_route_table.private.0": {
                    "type": "aws_route_table",
                    "depends_on": [
                        "local.max_subnet_length",
                        "local.nat_gateway_count",
                        "local.vpc_id"
                    ],
                    "primary": {
                        "id": "rtb-00784cb7c00648ad9",
                        "attributes": {
                            "id": "rtb-00784cb7c00648ad9",
                            "owner_id": "352990902149",
                            "propagating_vgws.#": "0",
                            "route.#": "0",
                            "tags.%": "3",
                            "tags.Environment": "us-east-1",
                            "tags.Name": "vpc-us-east-1-private-us-east-1a",
                            "tags.Terraform": "true",
                            "vpc_id": "vpc-03c5efb8737a978fc"
                        },
                        "meta": {},
                        "tainted": false
                    },
                    "deposed": [],
                    "provider": "provider.aws"
                },
                "aws_route_table.private.1": {
                    "type": "aws_route_table",
                    "depends_on": [
                        "local.max_subnet_length",
                        "local.nat_gateway_count",
                        "local.vpc_id"
                    ],
                    "primary": {
                        "id": "rtb-0ddffa1471bfef4c6",
                        "attributes": {
                            "id": "rtb-0ddffa1471bfef4c6",
                            "owner_id": "352990902149",
                            "propagating_vgws.#": "0",
                            "route.#": "0",
                            "tags.%": "3",
                            "tags.Environment": "us-east-1",
                            "tags.Name": "vpc-us-east-1-private-us-east-1b",
                            "tags.Terraform": "true",
                            "vpc_id": "vpc-03c5efb8737a978fc"
                        },
                        "meta": {},
                        "tainted": false
                    },
                    "deposed": [],
                    "provider": "provider.aws"
                },
                "aws_route_table.private.2": {
                    "type": "aws_route_table",
                    "depends_on": [
                        "local.max_subnet_length",
                        "local.nat_gateway_count",
                        "local.vpc_id"
                    ],
                    "primary": {
                        "id": "rtb-072b30d118a2d897b",
                        "attributes": {
                            "id": "rtb-072b30d118a2d897b",
                            "owner_id": "352990902149",
                            "propagating_vgws.#": "0",
                            "route.#": "0",
                            "tags.%": "3",
                            "tags.Environment": "us-east-1",
                            "tags.Name": "vpc-us-east-1-private-us-east-1c",
                            "tags.Terraform": "true",
                            "vpc_id": "vpc-03c5efb8737a978fc"
                        },
                        "meta": {},
                        "tainted": false
                    },
                    "deposed": [],
                    "provider": "provider.aws"
                },
                "aws_route_table.public": {
                    "type": "aws_route_table",
                    "depends_on": [
                        "local.vpc_id"
                    ],
                    "primary": {
                        "id": "rtb-039a8cd97d9156dc4",
                        "attributes": {
                            "id": "rtb-039a8cd97d9156dc4",
                            "owner_id": "352990902149",
                            "propagating_vgws.#": "0",
                            "route.#": "1",
                            "route.1308070522.cidr_block": "0.0.0.0/0",
                            "route.1308070522.egress_only_gateway_id": "",
                            "route.1308070522.gateway_id": "igw-0c770f2d34c990a57",
                            "route.1308070522.instance_id": "",
                            "route.1308070522.ipv6_cidr_block": "",
                            "route.1308070522.nat_gateway_id": "",
                            "route.1308070522.network_interface_id": "",
                            "route.1308070522.transit_gateway_id": "",
                            "route.1308070522.vpc_peering_connection_id": "",
                            "tags.%": "3",
                            "tags.Environment": "us-east-1",
                            "tags.Name": "vpc-us-east-1-public",
                            "tags.Terraform": "true",
                            "vpc_id": "vpc-03c5efb8737a978fc"
                        },
                        "meta": {},
                        "tainted": false
                    },
                    "deposed": [],
                    "provider": "provider.aws"
                },
                "aws_route_table_association.private.0": {
                    "type": "aws_route_table_association",
                    "depends_on": [
                        "aws_route_table.private.*",
                        "aws_subnet.private.*"
                    ],
                    "primary": {
                        "id": "rtbassoc-050e9f0dba75cc2a0",
                        "attributes": {
                            "id": "rtbassoc-050e9f0dba75cc2a0",
                            "route_table_id": "rtb-00784cb7c00648ad9",
                            "subnet_id": "subnet-0bafa198873fe5e13"
                        },
                        "meta": {},
                        "tainted": false
                    },
                    "deposed": [],
                    "provider": "provider.aws"
                },
                "aws_route_table_association.private.1": {
                    "type": "aws_route_table_association",
                    "depends_on": [
                        "aws_route_table.private.*",
                        "aws_subnet.private.*"
                    ],
                    "primary": {
                        "id": "rtbassoc-05ecbaa65834d6c0d",
                        "attributes": {
                            "id": "rtbassoc-05ecbaa65834d6c0d",
                            "route_table_id": "rtb-0ddffa1471bfef4c6",
                            "subnet_id": "subnet-00b6ff247141ef47c"
                        },
                        "meta": {},
                        "tainted": false
                    },
                    "deposed": [],
                    "provider": "provider.aws"
                },
                "aws_route_table_association.private.2": {
                    "type": "aws_route_table_association",
                    "depends_on": [
                        "aws_route_table.private.*",
                        "aws_subnet.private.*"
                    ],
                    "primary": {
                        "id": "rtbassoc-083c7b17575aa999d",
                        "attributes": {
                            "id": "rtbassoc-083c7b17575aa999d",
                            "route_table_id": "rtb-072b30d118a2d897b",
                            "subnet_id": "subnet-0eec584ecb14227ae"
                        },
                        "meta": {},
                        "tainted": false
                    },
                    "deposed": [],
                    "provider": "provider.aws"
                },
                "aws_route_table_association.public.0": {
                    "type": "aws_route_table_association",
                    "depends_on": [
                        "aws_route_table.public",
                        "aws_subnet.public.*"
                    ],
                    "primary": {
                        "id": "rtbassoc-0c35c1e57319fdb5d",
                        "attributes": {
                            "id": "rtbassoc-0c35c1e57319fdb5d",
                            "route_table_id": "rtb-039a8cd97d9156dc4",
                            "subnet_id": "subnet-0faa3841ca2873f2e"
                        },
                        "meta": {},
                        "tainted": false
                    },
                    "deposed": [],
                    "provider": "provider.aws"
                },
                "aws_route_table_association.public.1": {
                    "type": "aws_route_table_association",
                    "depends_on": [
                        "aws_route_table.public",
                        "aws_subnet.public.*"
                    ],
                    "primary": {
                        "id": "rtbassoc-0c85b74ebb89d7088",
                        "attributes": {
                            "id": "rtbassoc-0c85b74ebb89d7088",
                            "route_table_id": "rtb-039a8cd97d9156dc4",
                            "subnet_id": "subnet-0d46c5a4283c07ee0"
                        },
                        "meta": {},
                        "tainted": false
                    },
                    "deposed": [],
                    "provider": "provider.aws"
                },
                "aws_route_table_association.public.2": {
                    "type": "aws_route_table_association",
                    "depends_on": [
                        "aws_route_table.public",
                        "aws_subnet.public.*"
                    ],
                    "primary": {
                        "id": "rtbassoc-0eb0011982fde4799",
                        "attributes": {
                            "id": "rtbassoc-0eb0011982fde4799",
                            "route_table_id": "rtb-039a8cd97d9156dc4",
                            "subnet_id": "subnet-042732cc818875ae3"
                        },
                        "meta": {},
                        "tainted": false
                    },
                    "deposed": [],
                    "provider": "provider.aws"
                },
                "aws_subnet.private.0": {
                    "type": "aws_subnet",
                    "depends_on": [
                        "local.vpc_id"
                    ],
                    "primary": {
                        "id": "subnet-0bafa198873fe5e13",
                        "attributes": {
                            "arn": "arn:aws:ec2:us-east-1:352990902149:subnet/subnet-0bafa198873fe5e13",
                            "assign_ipv6_address_on_creation": "false",
                            "availability_zone": "us-east-1a",
                            "availability_zone_id": "use1-az2",
                            "cidr_block": "172.0.1.0/24",
                            "id": "subnet-0bafa198873fe5e13",
                            "ipv6_cidr_block": "",
                            "ipv6_cidr_block_association_id": "",
                            "map_public_ip_on_launch": "false",
                            "owner_id": "352990902149",
                            "tags.%": "3",
                            "tags.Environment": "us-east-1",
                            "tags.Name": "vpc-us-east-1-private-us-east-1a",
                            "tags.Terraform": "true",
                            "vpc_id": "vpc-03c5efb8737a978fc"
                        },
                        "meta": {
                            "e2bfb730-ecaa-11e6-8f88-34363bc7c4c0": {
                                "create": 600000000000,
                                "delete": 600000000000
                            },
                            "schema_version": "1"
                        },
                        "tainted": false
                    },
                    "deposed": [],
                    "provider": "provider.aws"
                },
                "aws_subnet.private.1": {
                    "type": "aws_subnet",
                    "depends_on": [
                        "local.vpc_id"
                    ],
                    "primary": {
                        "id": "subnet-00b6ff247141ef47c",
                        "attributes": {
                            "arn": "arn:aws:ec2:us-east-1:352990902149:subnet/subnet-00b6ff247141ef47c",
                            "assign_ipv6_address_on_creation": "false",
                            "availability_zone": "us-east-1b",
                            "availability_zone_id": "use1-az4",
                            "cidr_block": "172.0.2.0/24",
                            "id": "subnet-00b6ff247141ef47c",
                            "ipv6_cidr_block": "",
                            "ipv6_cidr_block_association_id": "",
                            "map_public_ip_on_launch": "false",
                            "owner_id": "352990902149",
                            "tags.%": "3",
                            "tags.Environment": "us-east-1",
                            "tags.Name": "vpc-us-east-1-private-us-east-1b",
                            "tags.Terraform": "true",
                            "vpc_id": "vpc-03c5efb8737a978fc"
                        },
                        "meta": {
                            "e2bfb730-ecaa-11e6-8f88-34363bc7c4c0": {
                                "create": 600000000000,
                                "delete": 600000000000
                            },
                            "schema_version": "1"
                        },
                        "tainted": false
                    },
                    "deposed": [],
                    "provider": "provider.aws"
                },
                "aws_subnet.private.2": {
                    "type": "aws_subnet",
                    "depends_on": [
                        "local.vpc_id"
                    ],
                    "primary": {
                        "id": "subnet-0eec584ecb14227ae",
                        "attributes": {
                            "arn": "arn:aws:ec2:us-east-1:352990902149:subnet/subnet-0eec584ecb14227ae",
                            "assign_ipv6_address_on_creation": "false",
                            "availability_zone": "us-east-1c",
                            "availability_zone_id": "use1-az6",
                            "cidr_block": "172.0.3.0/24",
                            "id": "subnet-0eec584ecb14227ae",
                            "ipv6_cidr_block": "",
                            "ipv6_cidr_block_association_id": "",
                            "map_public_ip_on_launch": "false",
                            "owner_id": "352990902149",
                            "tags.%": "3",
                            "tags.Environment": "us-east-1",
                            "tags.Name": "vpc-us-east-1-private-us-east-1c",
                            "tags.Terraform": "true",
                            "vpc_id": "vpc-03c5efb8737a978fc"
                        },
                        "meta": {
                            "e2bfb730-ecaa-11e6-8f88-34363bc7c4c0": {
                                "create": 600000000000,
                                "delete": 600000000000
                            },
                            "schema_version": "1"
                        },
                        "tainted": false
                    },
                    "deposed": [],
                    "provider": "provider.aws"
                },
                "aws_subnet.public.0": {
                    "type": "aws_subnet",
                    "depends_on": [
                        "local.vpc_id"
                    ],
                    "primary": {
                        "id": "subnet-0faa3841ca2873f2e",
                        "attributes": {
                            "arn": "arn:aws:ec2:us-east-1:352990902149:subnet/subnet-0faa3841ca2873f2e",
                            "assign_ipv6_address_on_creation": "false",
                            "availability_zone": "us-east-1a",
                            "availability_zone_id": "use1-az2",
                            "cidr_block": "172.0.101.0/24",
                            "id": "subnet-0faa3841ca2873f2e",
                            "ipv6_cidr_block": "",
                            "ipv6_cidr_block_association_id": "",
                            "map_public_ip_on_launch": "true",
                            "owner_id": "352990902149",
                            "tags.%": "3",
                            "tags.Environment": "us-east-1",
                            "tags.Name": "vpc-us-east-1-public-us-east-1a",
                            "tags.Terraform": "true",
                            "vpc_id": "vpc-03c5efb8737a978fc"
                        },
                        "meta": {
                            "e2bfb730-ecaa-11e6-8f88-34363bc7c4c0": {
                                "create": 600000000000,
                                "delete": 600000000000
                            },
                            "schema_version": "1"
                        },
                        "tainted": false
                    },
                    "deposed": [],
                    "provider": "provider.aws"
                },
                "aws_subnet.public.1": {
                    "type": "aws_subnet",
                    "depends_on": [
                        "local.vpc_id"
                    ],
                    "primary": {
                        "id": "subnet-0d46c5a4283c07ee0",
                        "attributes": {
                            "arn": "arn:aws:ec2:us-east-1:352990902149:subnet/subnet-0d46c5a4283c07ee0",
                            "assign_ipv6_address_on_creation": "false",
                            "availability_zone": "us-east-1b",
                            "availability_zone_id": "use1-az4",
                            "cidr_block": "172.0.102.0/24",
                            "id": "subnet-0d46c5a4283c07ee0",
                            "ipv6_cidr_block": "",
                            "ipv6_cidr_block_association_id": "",
                            "map_public_ip_on_launch": "true",
                            "owner_id": "352990902149",
                            "tags.%": "3",
                            "tags.Environment": "us-east-1",
                            "tags.Name": "vpc-us-east-1-public-us-east-1b",
                            "tags.Terraform": "true",
                            "vpc_id": "vpc-03c5efb8737a978fc"
                        },
                        "meta": {
                            "e2bfb730-ecaa-11e6-8f88-34363bc7c4c0": {
                                "create": 600000000000,
                                "delete": 600000000000
                            },
                            "schema_version": "1"
                        },
                        "tainted": false
                    },
                    "deposed": [],
                    "provider": "provider.aws"
                },
                "aws_subnet.public.2": {
                    "type": "aws_subnet",
                    "depends_on": [
                        "local.vpc_id"
                    ],
                    "primary": {
                        "id": "subnet-042732cc818875ae3",
                        "attributes": {
                            "arn": "arn:aws:ec2:us-east-1:352990902149:subnet/subnet-042732cc818875ae3",
                            "assign_ipv6_address_on_creation": "false",
                            "availability_zone": "us-east-1c",
                            "availability_zone_id": "use1-az6",
                            "cidr_block": "172.0.103.0/24",
                            "id": "subnet-042732cc818875ae3",
                            "ipv6_cidr_block": "",
                            "ipv6_cidr_block_association_id": "",
                            "map_public_ip_on_launch": "true",
                            "owner_id": "352990902149",
                            "tags.%": "3",
                            "tags.Environment": "us-east-1",
                            "tags.Name": "vpc-us-east-1-public-us-east-1c",
                            "tags.Terraform": "true",
                            "vpc_id": "vpc-03c5efb8737a978fc"
                        },
                        "meta": {
                            "e2bfb730-ecaa-11e6-8f88-34363bc7c4c0": {
                                "create": 600000000000,
                                "delete": 600000000000
                            },
                            "schema_version": "1"
                        },
                        "tainted": false
                    },
                    "deposed": [],
                    "provider": "provider.aws"
                },
                "aws_vpc.this": {
                    "type": "aws_vpc",
                    "depends_on": [],
                    "primary": {
                        "id": "vpc-03c5efb8737a978fc",
                        "attributes": {
                            "arn": "arn:aws:ec2:us-east-1:352990902149:vpc/vpc-03c5efb8737a978fc",
                            "assign_generated_ipv6_cidr_block": "false",
                            "cidr_block": "172.0.0.0/16",
                            "default_network_acl_id": "acl-06c5b6fefeea347cd",
                            "default_route_table_id": "rtb-001cd2ecea4fb42a5",
                            "default_security_group_id": "sg-002de71045f2da0dd",
                            "dhcp_options_id": "dopt-80f8a6fb",
                            "enable_classiclink": "false",
                            "enable_classiclink_dns_support": "false",
                            "enable_dns_hostnames": "false",
                            "enable_dns_support": "true",
                            "id": "vpc-03c5efb8737a978fc",
                            "instance_tenancy": "default",
                            "ipv6_association_id": "",
                            "ipv6_cidr_block": "",
                            "main_route_table_id": "rtb-001cd2ecea4fb42a5",
                            "owner_id": "352990902149",
                            "tags.%": "3",
                            "tags.Environment": "us-east-1",
                            "tags.Name": "vpc-us-east-1",
                            "tags.Terraform": "true"
                        },
                        "meta": {
                            "schema_version": "1"
                        },
                        "tainted": false
                    },
                    "deposed": [],
                    "provider": "provider.aws"
                }
            },
            "depends_on": []
        }
    ]
}
