{
    "version": 3,
    "terraform_version": "0.11.11",
    "serial": 12,
    "lineage": "fa21b704-5ade-5adf-abd5-346efd606c3e",
    "modules": [
        {
            "path": [
                "root"
            ],
            "outputs": {},
            "resources": {},
            "depends_on": []
        },
        {
            "path": [
                "root",
                "alb"
            ],
            "outputs": {
                "alb1_dns_name": {
                    "sensitive": false,
                    "type": "string",
                    "value": "my-app-alb-us-east-1-469189516.us-east-1.elb.amazonaws.com"
                },
                "alb_zone_id": {
                    "sensitive": false,
                    "type": "string",
                    "value": "Z35SXDOTRQ7X7K"
                },
                "allow-elb-traffic": {
                    "sensitive": false,
                    "type": "string",
                    "value": "sg-0ae6e269ea593119b"
                },
                "target_group_name": {
                    "sensitive": false,
                    "type": "list",
                    "value": [
                        "arn:aws:elasticloadbalancing:us-east-1:352990902149:targetgroup/flask-app-tg/fbdde523ae194b30"
                    ]
                }
            },
            "resources": {
                "aws_s3_bucket.alb_bucket": {
                    "type": "aws_s3_bucket",
                    "depends_on": [],
                    "primary": {
                        "id": "my-app-alb-logs-us-east-1",
                        "attributes": {
                            "acceleration_status": "",
                            "acl": "private",
                            "arn": "arn:aws:s3:::my-app-alb-logs-us-east-1",
                            "bucket": "my-app-alb-logs-us-east-1",
                            "bucket_domain_name": "my-app-alb-logs-us-east-1.s3.amazonaws.com",
                            "bucket_regional_domain_name": "my-app-alb-logs-us-east-1.s3.amazonaws.com",
                            "cors_rule.#": "0",
                            "force_destroy": "true",
                            "hosted_zone_id": "Z3AQBSTGFYJSTF",
                            "id": "my-app-alb-logs-us-east-1",
                            "lifecycle_rule.#": "0",
                            "logging.#": "0",
                            "object_lock_configuration.#": "0",
                            "policy": "{\"Id\":\"Policy1550471927870\",\"Statement\":[{\"Action\":\"s3:PutObject\",\"Effect\":\"Allow\",\"Principal\":{\"AWS\":\"arn:aws:iam::127311923021:root\"},\"Resource\":\"arn:aws:s3:::my-app-alb-logs-us-east-1/my-app-alb-logs/AWSLogs/352990902149/*\",\"Sid\":\"Stmt1550471917472\"}],\"Version\":\"2012-10-17\"}",
                            "region": "us-east-1",
                            "replication_configuration.#": "0",
                            "request_payer": "BucketOwner",
                            "server_side_encryption_configuration.#": "0",
                            "tags.%": "2",
                            "tags.Environment": "us-east-1",
                            "tags.Name": "MyFlaskApp",
                            "versioning.#": "1",
                            "versioning.0.enabled": "false",
                            "versioning.0.mfa_delete": "false",
                            "website.#": "0"
                        },
                        "meta": {},
                        "tainted": false
                    },
                    "deposed": [],
                    "provider": "provider.aws"
                },
                "aws_security_group.allow-group": {
                    "type": "aws_security_group",
                    "depends_on": [],
                    "primary": {
                        "id": "sg-0707880fdc8576443",
                        "attributes": {
                            "arn": "arn:aws:ec2:us-east-1:352990902149:security-group/sg-0707880fdc8576443",
                            "description": "security group that allows http and all egress traffic",
                            "egress.#": "1",
                            "egress.482069346.cidr_blocks.#": "1",
                            "egress.482069346.cidr_blocks.0": "0.0.0.0/0",
                            "egress.482069346.description": "",
                            "egress.482069346.from_port": "0",
                            "egress.482069346.ipv6_cidr_blocks.#": "0",
                            "egress.482069346.prefix_list_ids.#": "0",
                            "egress.482069346.protocol": "-1",
                            "egress.482069346.security_groups.#": "0",
                            "egress.482069346.self": "false",
                            "egress.482069346.to_port": "0",
                            "id": "sg-0707880fdc8576443",
                            "ingress.#": "1",
                            "ingress.2617001939.cidr_blocks.#": "1",
                            "ingress.2617001939.cidr_blocks.0": "0.0.0.0/0",
                            "ingress.2617001939.description": "",
                            "ingress.2617001939.from_port": "443",
                            "ingress.2617001939.ipv6_cidr_blocks.#": "0",
                            "ingress.2617001939.prefix_list_ids.#": "0",
                            "ingress.2617001939.protocol": "tcp",
                            "ingress.2617001939.security_groups.#": "0",
                            "ingress.2617001939.self": "false",
                            "ingress.2617001939.to_port": "443",
                            "name": "allow-group-prod",
                            "owner_id": "352990902149",
                            "revoke_rules_on_delete": "false",
                            "tags.%": "2",
                            "tags.Environmnent": "prod",
                            "tags.Name": "allow-ssh",
                            "vpc_id": "vpc-0ef7e0729ff230711"
                        },
                        "meta": {
                            "e2bfb730-ecaa-11e6-8f88-34363bc7c4c0": {
                                "create": 600000000000,
                                "delete": 600000000000
                            },
                            "schema_version": "1"
                        },
                        "tainted": false
                    },
                    "deposed": [],
                    "provider": "provider.aws"
                },
                "aws_security_group.allow-http": {
                    "type": "aws_security_group",
                    "depends_on": [],
                    "primary": {
                        "id": "sg-0ae6e269ea593119b",
                        "attributes": {
                            "arn": "arn:aws:ec2:us-east-1:352990902149:security-group/sg-0ae6e269ea593119b",
                            "description": "security group that allows http and all egress traffic",
                            "egress.#": "1",
                            "egress.482069346.cidr_blocks.#": "1",
                            "egress.482069346.cidr_blocks.0": "0.0.0.0/0",
                            "egress.482069346.description": "",
                            "egress.482069346.from_port": "0",
                            "egress.482069346.ipv6_cidr_blocks.#": "0",
                            "egress.482069346.prefix_list_ids.#": "0",
                            "egress.482069346.protocol": "-1",
                            "egress.482069346.security_groups.#": "0",
                            "egress.482069346.self": "false",
                            "egress.482069346.to_port": "0",
                            "id": "sg-0ae6e269ea593119b",
                            "ingress.#": "2",
                            "ingress.2214680975.cidr_blocks.#": "1",
                            "ingress.2214680975.cidr_blocks.0": "0.0.0.0/0",
                            "ingress.2214680975.description": "",
                            "ingress.2214680975.from_port": "80",
                            "ingress.2214680975.ipv6_cidr_blocks.#": "0",
                            "ingress.2214680975.prefix_list_ids.#": "0",
                            "ingress.2214680975.protocol": "tcp",
                            "ingress.2214680975.security_groups.#": "0",
                            "ingress.2214680975.self": "false",
                            "ingress.2214680975.to_port": "80",
                            "ingress.2617001939.cidr_blocks.#": "1",
                            "ingress.2617001939.cidr_blocks.0": "0.0.0.0/0",
                            "ingress.2617001939.description": "",
                            "ingress.2617001939.from_port": "443",
                            "ingress.2617001939.ipv6_cidr_blocks.#": "0",
                            "ingress.2617001939.prefix_list_ids.#": "0",
                            "ingress.2617001939.protocol": "tcp",
                            "ingress.2617001939.security_groups.#": "0",
                            "ingress.2617001939.self": "false",
                            "ingress.2617001939.to_port": "443",
                            "name": "allow-http-prod",
                            "owner_id": "352990902149",
                            "revoke_rules_on_delete": "false",
                            "tags.%": "2",
                            "tags.Environmnent": "prod",
                            "tags.Name": "allow-traffic-in",
                            "vpc_id": "vpc-0ef7e0729ff230711"
                        },
                        "meta": {
                            "e2bfb730-ecaa-11e6-8f88-34363bc7c4c0": {
                                "create": 600000000000,
                                "delete": 600000000000
                            },
                            "schema_version": "1"
                        },
                        "tainted": false
                    },
                    "deposed": [],
                    "provider": "provider.aws"
                }
            },
            "depends_on": []
        },
        {
            "path": [
                "root",
                "database"
            ],
            "outputs": {
                "db_connection_enpoint": {
                    "sensitive": false,
                    "type": "string",
                    "value": "flaskdb.cgmqlkz9kriq.us-east-1.rds.amazonaws.com:3306"
                },
                "db_database_password": {
                    "sensitive": false,
                    "type": "string",
                    "value": "PiPU12323%%!123"
                },
                "db_database_username": {
                    "sensitive": false,
                    "type": "string",
                    "value": "pipuser"
                },
                "db_instance_address": {
                    "sensitive": false,
                    "type": "string",
                    "value": "flaskdb.cgmqlkz9kriq.us-east-1.rds.amazonaws.com"
                }
            },
            "resources": {
                "aws_security_group.tier1": {
                    "type": "aws_security_group",
                    "depends_on": [],
                    "primary": {
                        "id": "sg-07e4991826bc8f87d",
                        "attributes": {
                            "arn": "arn:aws:ec2:us-east-1:352990902149:security-group/sg-07e4991826bc8f87d",
                            "description": "security group that allows http and all egress traffic",
                            "egress.#": "1",
                            "egress.482069346.cidr_blocks.#": "1",
                            "egress.482069346.cidr_blocks.0": "0.0.0.0/0",
                            "egress.482069346.description": "",
                            "egress.482069346.from_port": "0",
                            "egress.482069346.ipv6_cidr_blocks.#": "0",
                            "egress.482069346.prefix_list_ids.#": "0",
                            "egress.482069346.protocol": "-1",
                            "egress.482069346.security_groups.#": "0",
                            "egress.482069346.self": "false",
                            "egress.482069346.to_port": "0",
                            "id": "sg-07e4991826bc8f87d",
                            "ingress.#": "1",
                            "ingress.832989529.cidr_blocks.#": "0",
                            "ingress.832989529.description": "",
                            "ingress.832989529.from_port": "3306",
                            "ingress.832989529.ipv6_cidr_blocks.#": "0",
                            "ingress.832989529.prefix_list_ids.#": "0",
                            "ingress.832989529.protocol": "tcp",
                            "ingress.832989529.security_groups.#": "1",
                            "ingress.832989529.security_groups.3895904280": "sg-02cb11dea8e607e4c",
                            "ingress.832989529.self": "false",
                            "ingress.832989529.to_port": "3306",
                            "name": "tier1-prod",
                            "owner_id": "352990902149",
                            "revoke_rules_on_delete": "false",
                            "tags.%": "2",
                            "tags.Environmnent": "prod",
                            "tags.Name": "allow-con-from-tier2",
                            "vpc_id": "vpc-0ef7e0729ff230711"
                        },
                        "meta": {
                            "e2bfb730-ecaa-11e6-8f88-34363bc7c4c0": {
                                "create": 600000000000,
                                "delete": 600000000000
                            },
                            "schema_version": "1"
                        },
                        "tainted": false
                    },
                    "deposed": [],
                    "provider": "provider.aws"
                }
            },
            "depends_on": []
        },
        {
            "path": [
                "root",
                "instances"
            ],
            "outputs": {
                "tier2_instance_id": {
                    "sensitive": false,
                    "type": "list",
                    "value": [
                        "i-0701203b3c97e6d45",
                        "i-0ca6407880c140e1c"
                    ]
                },
                "tier2_instance_ip": {
                    "sensitive": false,
                    "type": "list",
                    "value": [
                        "172.0.101.105",
                        "172.0.102.187"
                    ]
                },
                "tier2_sec_group": {
                    "sensitive": false,
                    "type": "string",
                    "value": "sg-02cb11dea8e607e4c"
                },
                "tier3_instance_id": {
                    "sensitive": false,
                    "type": "list",
                    "value": [
                        "i-053077384ff4b96b5",
                        "i-0758f6ea4988b8634"
                    ]
                }
            },
            "resources": {
                "aws_instance.instance_tier2.0": {
                    "type": "aws_instance",
                    "depends_on": [
                        "aws_key_pair.my_pub_keypair",
                        "aws_security_group.allow-ssh",
                        "aws_security_group.tier2",
                        "template_dir.config"
                    ],
                    "primary": {
                        "id": "i-0701203b3c97e6d45",
                        "attributes": {
                            "ami": "ami-035be7bafff33b6b6",
                            "arn": "arn:aws:ec2:us-east-1:352990902149:instance/i-0701203b3c97e6d45",
                            "associate_public_ip_address": "true",
                            "availability_zone": "us-east-1a",
                            "cpu_core_count": "1",
                            "cpu_threads_per_core": "1",
                            "credit_specification.#": "1",
                            "credit_specification.0.cpu_credits": "standard",
                            "disable_api_termination": "false",
                            "ebs_block_device.#": "0",
                            "ebs_optimized": "false",
                            "ephemeral_block_device.#": "0",
                            "get_password_data": "false",
                            "iam_instance_profile": "",
                            "id": "i-0701203b3c97e6d45",
                            "instance_state": "running",
                            "instance_type": "t2.micro",
                            "ipv6_addresses.#": "0",
                            "key_name": "mykeypair-pub-prod",
                            "monitoring": "false",
                            "network_interface.#": "0",
                            "network_interface_id": "eni-050b2e5a326342a23",
                            "password_data": "",
                            "placement_group": "",
                            "primary_network_interface_id": "eni-050b2e5a326342a23",
                            "private_dns": "ip-172-0-101-105.ec2.internal",
                            "private_ip": "172.0.101.105",
                            "public_dns": "",
                            "public_ip": "35.173.126.54",
                            "root_block_device.#": "1",
                            "root_block_device.0.delete_on_termination": "true",
                            "root_block_device.0.iops": "100",
                            "root_block_device.0.volume_id": "vol-0ea42c581f9dd5a14",
                            "root_block_device.0.volume_size": "8",
                            "root_block_device.0.volume_type": "gp2",
                            "security_groups.#": "0",
                            "source_dest_check": "true",
                            "subnet_id": "subnet-0ea2b9738e04f909b",
                            "tags.%": "2",
                            "tags.Environmnent": "prod",
                            "tags.Name": "flaskkapp-1",
                            "tenancy": "default",
                            "volume_tags.%": "0",
                            "vpc_security_group_ids.#": "2",
                            "vpc_security_group_ids.1047029261": "sg-0f1507fb6ee462d1b",
                            "vpc_security_group_ids.3895904280": "sg-02cb11dea8e607e4c"
                        },
                        "meta": {
                            "e2bfb730-ecaa-11e6-8f88-34363bc7c4c0": {
                                "create": 600000000000,
                                "delete": 1200000000000,
                                "update": 600000000000
                            },
                            "schema_version": "1"
                        },
                        "tainted": false
                    },
                    "deposed": [],
                    "provider": "provider.aws"
                },
                "aws_instance.instance_tier2.1": {
                    "type": "aws_instance",
                    "depends_on": [
                        "aws_key_pair.my_pub_keypair",
                        "aws_security_group.allow-ssh",
                        "aws_security_group.tier2",
                        "template_dir.config"
                    ],
                    "primary": {
                        "id": "i-0ca6407880c140e1c",
                        "attributes": {
                            "ami": "ami-035be7bafff33b6b6",
                            "arn": "arn:aws:ec2:us-east-1:352990902149:instance/i-0ca6407880c140e1c",
                            "associate_public_ip_address": "true",
                            "availability_zone": "us-east-1b",
                            "cpu_core_count": "1",
                            "cpu_threads_per_core": "1",
                            "credit_specification.#": "1",
                            "credit_specification.0.cpu_credits": "standard",
                            "disable_api_termination": "false",
                            "ebs_block_device.#": "0",
                            "ebs_optimized": "false",
                            "ephemeral_block_device.#": "0",
                            "get_password_data": "false",
                            "iam_instance_profile": "",
                            "id": "i-0ca6407880c140e1c",
                            "instance_state": "running",
                            "instance_type": "t2.micro",
                            "ipv6_addresses.#": "0",
                            "key_name": "mykeypair-pub-prod",
                            "monitoring": "false",
                            "network_interface.#": "0",
                            "network_interface_id": "eni-0fcd175cf3d07a8c3",
                            "password_data": "",
                            "placement_group": "",
                            "primary_network_interface_id": "eni-0fcd175cf3d07a8c3",
                            "private_dns": "ip-172-0-102-187.ec2.internal",
                            "private_ip": "172.0.102.187",
                            "public_dns": "",
                            "public_ip": "3.90.203.197",
                            "root_block_device.#": "1",
                            "root_block_device.0.delete_on_termination": "true",
                            "root_block_device.0.iops": "100",
                            "root_block_device.0.volume_id": "vol-0c28f078dbf50c9ea",
                            "root_block_device.0.volume_size": "8",
                            "root_block_device.0.volume_type": "gp2",
                            "security_groups.#": "0",
                            "source_dest_check": "true",
                            "subnet_id": "subnet-0583efb03d307896e",
                            "tags.%": "2",
                            "tags.Environmnent": "prod",
                            "tags.Name": "flaskkapp-2",
                            "tenancy": "default",
                            "volume_tags.%": "0",
                            "vpc_security_group_ids.#": "2",
                            "vpc_security_group_ids.1047029261": "sg-0f1507fb6ee462d1b",
                            "vpc_security_group_ids.3895904280": "sg-02cb11dea8e607e4c"
                        },
                        "meta": {
                            "e2bfb730-ecaa-11e6-8f88-34363bc7c4c0": {
                                "create": 600000000000,
                                "delete": 1200000000000,
                                "update": 600000000000
                            },
                            "schema_version": "1"
                        },
                        "tainted": false
                    },
                    "deposed": [],
                    "provider": "provider.aws"
                },
                "aws_instance.instance_tier3.0": {
                    "type": "aws_instance",
                    "depends_on": [
                        "aws_key_pair.my_pub_keypair",
                        "aws_security_group.allow-ssh",
                        "aws_security_group.tier3",
                        "data.template_cloudinit_config.cloudinit-example",
                        "template_dir.config"
                    ],
                    "primary": {
                        "id": "i-053077384ff4b96b5",
                        "attributes": {
                            "ami": "ami-035be7bafff33b6b6",
                            "arn": "arn:aws:ec2:us-east-1:352990902149:instance/i-053077384ff4b96b5",
                            "associate_public_ip_address": "true",
                            "availability_zone": "us-east-1a",
                            "cpu_core_count": "1",
                            "cpu_threads_per_core": "1",
                            "credit_specification.#": "1",
                            "credit_specification.0.cpu_credits": "standard",
                            "disable_api_termination": "false",
                            "ebs_block_device.#": "0",
                            "ebs_optimized": "false",
                            "ephemeral_block_device.#": "0",
                            "get_password_data": "false",
                            "iam_instance_profile": "",
                            "id": "i-053077384ff4b96b5",
                            "instance_state": "running",
                            "instance_type": "t2.micro",
                            "ipv6_addresses.#": "0",
                            "key_name": "mykeypair-pub-prod",
                            "monitoring": "false",
                            "network_interface.#": "0",
                            "network_interface_id": "eni-061384d108ddb036c",
                            "password_data": "",
                            "placement_group": "",
                            "primary_network_interface_id": "eni-061384d108ddb036c",
                            "private_dns": "ip-172-0-101-202.ec2.internal",
                            "private_ip": "172.0.101.202",
                            "public_dns": "",
                            "public_ip": "3.83.118.165",
                            "root_block_device.#": "1",
                            "root_block_device.0.delete_on_termination": "true",
                            "root_block_device.0.iops": "100",
                            "root_block_device.0.volume_id": "vol-03552a20ba62fe871",
                            "root_block_device.0.volume_size": "8",
                            "root_block_device.0.volume_type": "gp2",
                            "security_groups.#": "0",
                            "source_dest_check": "true",
                            "subnet_id": "subnet-0ea2b9738e04f909b",
                            "tags.%": "2",
                            "tags.Environmnent": "prod",
                            "tags.Name": "nginx-1",
                            "tenancy": "default",
                            "user_data": "1d73edf543cdbd406d17abf2e513eb4ac4b1356f",
                            "volume_tags.%": "0",
                            "vpc_security_group_ids.#": "2",
                            "vpc_security_group_ids.1047029261": "sg-0f1507fb6ee462d1b",
                            "vpc_security_group_ids.2078462494": "sg-0a6b176cca7b8d8ac"
                        },
                        "meta": {
                            "e2bfb730-ecaa-11e6-8f88-34363bc7c4c0": {
                                "create": 600000000000,
                                "delete": 1200000000000,
                                "update": 600000000000
                            },
                            "schema_version": "1"
                        },
                        "tainted": false
                    },
                    "deposed": [],
                    "provider": "provider.aws"
                },
                "aws_instance.instance_tier3.1": {
                    "type": "aws_instance",
                    "depends_on": [
                        "aws_key_pair.my_pub_keypair",
                        "aws_security_group.allow-ssh",
                        "aws_security_group.tier3",
                        "data.template_cloudinit_config.cloudinit-example",
                        "template_dir.config"
                    ],
                    "primary": {
                        "id": "i-0758f6ea4988b8634",
                        "attributes": {
                            "ami": "ami-035be7bafff33b6b6",
                            "arn": "arn:aws:ec2:us-east-1:352990902149:instance/i-0758f6ea4988b8634",
                            "associate_public_ip_address": "true",
                            "availability_zone": "us-east-1b",
                            "cpu_core_count": "1",
                            "cpu_threads_per_core": "1",
                            "credit_specification.#": "1",
                            "credit_specification.0.cpu_credits": "standard",
                            "disable_api_termination": "false",
                            "ebs_block_device.#": "0",
                            "ebs_optimized": "false",
                            "ephemeral_block_device.#": "0",
                            "get_password_data": "false",
                            "iam_instance_profile": "",
                            "id": "i-0758f6ea4988b8634",
                            "instance_state": "running",
                            "instance_type": "t2.micro",
                            "ipv6_addresses.#": "0",
                            "key_name": "mykeypair-pub-prod",
                            "monitoring": "false",
                            "network_interface.#": "0",
                            "network_interface_id": "eni-02ed7b7482d535719",
                            "password_data": "",
                            "placement_group": "",
                            "primary_network_interface_id": "eni-02ed7b7482d535719",
                            "private_dns": "ip-172-0-102-128.ec2.internal",
                            "private_ip": "172.0.102.128",
                            "public_dns": "",
                            "public_ip": "54.85.40.116",
                            "root_block_device.#": "1",
                            "root_block_device.0.delete_on_termination": "true",
                            "root_block_device.0.iops": "100",
                            "root_block_device.0.volume_id": "vol-06b5b761b78324501",
                            "root_block_device.0.volume_size": "8",
                            "root_block_device.0.volume_type": "gp2",
                            "security_groups.#": "0",
                            "source_dest_check": "true",
                            "subnet_id": "subnet-0583efb03d307896e",
                            "tags.%": "2",
                            "tags.Environmnent": "prod",
                            "tags.Name": "nginx-2",
                            "tenancy": "default",
                            "user_data": "1d73edf543cdbd406d17abf2e513eb4ac4b1356f",
                            "volume_tags.%": "0",
                            "vpc_security_group_ids.#": "2",
                            "vpc_security_group_ids.1047029261": "sg-0f1507fb6ee462d1b",
                            "vpc_security_group_ids.2078462494": "sg-0a6b176cca7b8d8ac"
                        },
                        "meta": {
                            "e2bfb730-ecaa-11e6-8f88-34363bc7c4c0": {
                                "create": 600000000000,
                                "delete": 1200000000000,
                                "update": 600000000000
                            },
                            "schema_version": "1"
                        },
                        "tainted": false
                    },
                    "deposed": [],
                    "provider": "provider.aws"
                },
                "aws_key_pair.my_pub_keypair": {
                    "type": "aws_key_pair",
                    "depends_on": [],
                    "primary": {
                        "id": "mykeypair-pub-prod",
                        "attributes": {
                            "fingerprint": "b6:42:c1:c1:f6:3d:38:bd:40:8f:18:29:c3:57:e0:25",
                            "id": "mykeypair-pub-prod",
                            "key_name": "mykeypair-pub-prod",
                            "public_key": "ssh-rsa AAAAB3NzaC1yc2EAAAADAQABAAABAQCqquV3oEEIKdaT3vdhxt8AcSG4D4BbfzQbkZlDBp7qtOlWJAlaw9wABvURTbFjAG7UNiI4wgSjdnvTYVaNwhTPPbVbQAOwUadam621jlfqS8TXFQ+9iMtyiR4EqIBWa5SHmxIw5p8AoN+QyHawCl+nLMkv/GctOYnR8oUTZwc1nwIAMUINtEq3YMMp1h7gIACXW2sl6hn6MOII90jgmVIxlRp0FbyS4WGDNVQ8SbqJQ9cX5QX2hKCIKzlYASQZQOV3G6pRIuxw/xNgj4ajmawNSr+vSAoESvFSt3y4AFs4p308qmFvFL34BzicxSGB02r2LnK60p0R415kya5fPRfT tn611gu@USC02VG29PHV2H"
                        },
                        "meta": {
                            "schema_version": "1"
                        },
                        "tainted": false
                    },
                    "deposed": [],
                    "provider": "provider.aws"
                },
                "aws_lb_target_group_attachment.attache_tier3.0": {
                    "type": "aws_lb_target_group_attachment",
                    "depends_on": [
                        "aws_instance.instance_tier3.*"
                    ],
                    "primary": {
                        "id": "arn:aws:elasticloadbalancing:us-east-1:352990902149:targetgroup/flask-app-tg/fbdde523ae194b30-20190218195822436800000002",
                        "attributes": {
                            "id": "arn:aws:elasticloadbalancing:us-east-1:352990902149:targetgroup/flask-app-tg/fbdde523ae194b30-20190218195822436800000002",
                            "target_group_arn": "arn:aws:elasticloadbalancing:us-east-1:352990902149:targetgroup/flask-app-tg/fbdde523ae194b30",
                            "target_id": "i-053077384ff4b96b5"
                        },
                        "meta": {},
                        "tainted": false
                    },
                    "deposed": [],
                    "provider": "provider.aws"
                },
                "aws_lb_target_group_attachment.attache_tier3.1": {
                    "type": "aws_lb_target_group_attachment",
                    "depends_on": [
                        "aws_instance.instance_tier3.*"
                    ],
                    "primary": {
                        "id": "arn:aws:elasticloadbalancing:us-east-1:352990902149:targetgroup/flask-app-tg/fbdde523ae194b30-20190218195822394600000001",
                        "attributes": {
                            "id": "arn:aws:elasticloadbalancing:us-east-1:352990902149:targetgroup/flask-app-tg/fbdde523ae194b30-20190218195822394600000001",
                            "target_group_arn": "arn:aws:elasticloadbalancing:us-east-1:352990902149:targetgroup/flask-app-tg/fbdde523ae194b30",
                            "target_id": "i-0758f6ea4988b8634"
                        },
                        "meta": {},
                        "tainted": false
                    },
                    "deposed": [],
                    "provider": "provider.aws"
                },
                "aws_security_group.allow-ssh": {
                    "type": "aws_security_group",
                    "depends_on": [],
                    "primary": {
                        "id": "sg-0f1507fb6ee462d1b",
                        "attributes": {
                            "arn": "arn:aws:ec2:us-east-1:352990902149:security-group/sg-0f1507fb6ee462d1b",
                            "description": "security group that allows ssh and all egress traffic",
                            "egress.#": "1",
                            "egress.482069346.cidr_blocks.#": "1",
                            "egress.482069346.cidr_blocks.0": "0.0.0.0/0",
                            "egress.482069346.description": "",
                            "egress.482069346.from_port": "0",
                            "egress.482069346.ipv6_cidr_blocks.#": "0",
                            "egress.482069346.prefix_list_ids.#": "0",
                            "egress.482069346.protocol": "-1",
                            "egress.482069346.security_groups.#": "0",
                            "egress.482069346.self": "false",
                            "egress.482069346.to_port": "0",
                            "id": "sg-0f1507fb6ee462d1b",
                            "ingress.#": "1",
                            "ingress.2541437006.cidr_blocks.#": "1",
                            "ingress.2541437006.cidr_blocks.0": "0.0.0.0/0",
                            "ingress.2541437006.description": "",
                            "ingress.2541437006.from_port": "22",
                            "ingress.2541437006.ipv6_cidr_blocks.#": "0",
                            "ingress.2541437006.prefix_list_ids.#": "0",
                            "ingress.2541437006.protocol": "tcp",
                            "ingress.2541437006.security_groups.#": "0",
                            "ingress.2541437006.self": "false",
                            "ingress.2541437006.to_port": "22",
                            "name": "allow-ssh-prod",
                            "owner_id": "352990902149",
                            "revoke_rules_on_delete": "false",
                            "tags.%": "2",
                            "tags.Environmnent": "prod",
                            "tags.Name": "allow-ssh",
                            "vpc_id": "vpc-0ef7e0729ff230711"
                        },
                        "meta": {
                            "e2bfb730-ecaa-11e6-8f88-34363bc7c4c0": {
                                "create": 600000000000,
                                "delete": 600000000000
                            },
                            "schema_version": "1"
                        },
                        "tainted": false
                    },
                    "deposed": [],
                    "provider": "provider.aws"
                },
                "aws_security_group.tier2": {
                    "type": "aws_security_group",
                    "depends_on": [
                        "aws_security_group.tier3"
                    ],
                    "primary": {
                        "id": "sg-02cb11dea8e607e4c",
                        "attributes": {
                            "arn": "arn:aws:ec2:us-east-1:352990902149:security-group/sg-02cb11dea8e607e4c",
                            "description": "security group that allows http and all egress traffic",
                            "egress.#": "1",
                            "egress.482069346.cidr_blocks.#": "1",
                            "egress.482069346.cidr_blocks.0": "0.0.0.0/0",
                            "egress.482069346.description": "",
                            "egress.482069346.from_port": "0",
                            "egress.482069346.ipv6_cidr_blocks.#": "0",
                            "egress.482069346.prefix_list_ids.#": "0",
                            "egress.482069346.protocol": "-1",
                            "egress.482069346.security_groups.#": "0",
                            "egress.482069346.self": "false",
                            "egress.482069346.to_port": "0",
                            "id": "sg-02cb11dea8e607e4c",
                            "ingress.#": "1",
                            "ingress.1322330434.cidr_blocks.#": "0",
                            "ingress.1322330434.description": "",
                            "ingress.1322330434.from_port": "0",
                            "ingress.1322330434.ipv6_cidr_blocks.#": "0",
                            "ingress.1322330434.prefix_list_ids.#": "0",
                            "ingress.1322330434.protocol": "tcp",
                            "ingress.1322330434.security_groups.#": "1",
                            "ingress.1322330434.security_groups.2078462494": "sg-0a6b176cca7b8d8ac",
                            "ingress.1322330434.self": "false",
                            "ingress.1322330434.to_port": "65535",
                            "name": "tier2-prod",
                            "owner_id": "352990902149",
                            "revoke_rules_on_delete": "false",
                            "tags.%": "2",
                            "tags.Environmnent": "prod",
                            "tags.Name": "allow-all-from-tier3",
                            "vpc_id": "vpc-0ef7e0729ff230711"
                        },
                        "meta": {
                            "e2bfb730-ecaa-11e6-8f88-34363bc7c4c0": {
                                "create": 600000000000,
                                "delete": 600000000000
                            },
                            "schema_version": "1"
                        },
                        "tainted": false
                    },
                    "deposed": [],
                    "provider": "provider.aws"
                },
                "aws_security_group.tier3": {
                    "type": "aws_security_group",
                    "depends_on": [],
                    "primary": {
                        "id": "sg-0a6b176cca7b8d8ac",
                        "attributes": {
                            "arn": "arn:aws:ec2:us-east-1:352990902149:security-group/sg-0a6b176cca7b8d8ac",
                            "description": "security group that allows http and all egress traffic",
                            "egress.#": "1",
                            "egress.482069346.cidr_blocks.#": "1",
                            "egress.482069346.cidr_blocks.0": "0.0.0.0/0",
                            "egress.482069346.description": "",
                            "egress.482069346.from_port": "0",
                            "egress.482069346.ipv6_cidr_blocks.#": "0",
                            "egress.482069346.prefix_list_ids.#": "0",
                            "egress.482069346.protocol": "-1",
                            "egress.482069346.security_groups.#": "0",
                            "egress.482069346.self": "false",
                            "egress.482069346.to_port": "0",
                            "id": "sg-0a6b176cca7b8d8ac",
                            "ingress.#": "1",
                            "ingress.4274956480.cidr_blocks.#": "0",
                            "ingress.4274956480.description": "",
                            "ingress.4274956480.from_port": "80",
                            "ingress.4274956480.ipv6_cidr_blocks.#": "0",
                            "ingress.4274956480.prefix_list_ids.#": "0",
                            "ingress.4274956480.protocol": "tcp",
                            "ingress.4274956480.security_groups.#": "1",
                            "ingress.4274956480.security_groups.645703414": "sg-0ae6e269ea593119b",
                            "ingress.4274956480.self": "false",
                            "ingress.4274956480.to_port": "80",
                            "name": "tier3-prod",
                            "owner_id": "352990902149",
                            "revoke_rules_on_delete": "false",
                            "tags.%": "2",
                            "tags.Environmnent": "prod",
                            "tags.Name": "allow-http",
                            "vpc_id": "vpc-0ef7e0729ff230711"
                        },
                        "meta": {
                            "e2bfb730-ecaa-11e6-8f88-34363bc7c4c0": {
                                "create": 600000000000,
                                "delete": 600000000000
                            },
                            "schema_version": "1"
                        },
                        "tainted": false
                    },
                    "deposed": [],
                    "provider": "provider.aws"
                },
                "data.aws_ami.latest-ubuntu": {
                    "type": "aws_ami",
                    "depends_on": [],
                    "primary": {
                        "id": "ami-0565af6e282977273",
                        "attributes": {
                            "architecture": "x86_64",
                            "block_device_mappings.#": "3",
                            "block_device_mappings.1634610537.device_name": "/dev/sdb",
                            "block_device_mappings.1634610537.ebs.%": "0",
                            "block_device_mappings.1634610537.no_device": "",
                            "block_device_mappings.1634610537.virtual_name": "ephemeral0",
                            "block_device_mappings.2547816212.device_name": "/dev/sda1",
                            "block_device_mappings.2547816212.ebs.%": "6",
                            "block_device_mappings.2547816212.ebs.delete_on_termination": "true",
                            "block_device_mappings.2547816212.ebs.encrypted": "false",
                            "block_device_mappings.2547816212.ebs.iops": "0",
                            "block_device_mappings.2547816212.ebs.snapshot_id": "snap-0ac9e6b9d926e36c9",
                            "block_device_mappings.2547816212.ebs.volume_size": "8",
                            "block_device_mappings.2547816212.ebs.volume_type": "gp2",
                            "block_device_mappings.2547816212.no_device": "",
                            "block_device_mappings.2547816212.virtual_name": "",
                            "block_device_mappings.3850042718.device_name": "/dev/sdc",
                            "block_device_mappings.3850042718.ebs.%": "0",
                            "block_device_mappings.3850042718.no_device": "",
                            "block_device_mappings.3850042718.virtual_name": "ephemeral1",
                            "creation_date": "2019-02-13T10:26:01.000Z",
                            "description": "Canonical, Ubuntu, 16.04 LTS, amd64 xenial image build on 2019-02-12",
                            "filter.#": "2",
                            "filter.1585153008.name": "name",
                            "filter.1585153008.values.#": "1",
                            "filter.1585153008.values.0": "ubuntu/images/hvm-ssd/ubuntu-xenial-16.04-amd64-server-*",
                            "filter.490168357.name": "virtualization-type",
                            "filter.490168357.values.#": "1",
                            "filter.490168357.values.0": "hvm",
                            "hypervisor": "xen",
                            "id": "ami-0565af6e282977273",
                            "image_id": "ami-0565af6e282977273",
                            "image_location": "099720109477/ubuntu/images/hvm-ssd/ubuntu-xenial-16.04-amd64-server-20190212",
                            "image_type": "machine",
                            "most_recent": "true",
                            "name": "ubuntu/images/hvm-ssd/ubuntu-xenial-16.04-amd64-server-20190212",
                            "owner_id": "099720109477",
                            "owners.#": "1",
                            "owners.0": "099720109477",
                            "product_codes.#": "0",
                            "public": "true",
                            "root_device_name": "/dev/sda1",
                            "root_device_type": "ebs",
                            "root_snapshot_id": "snap-0ac9e6b9d926e36c9",
                            "sriov_net_support": "simple",
                            "state": "available",
                            "state_reason.%": "2",
                            "state_reason.code": "UNSET",
                            "state_reason.message": "UNSET",
                            "tags.%": "0",
                            "virtualization_type": "hvm"
                        },
                        "meta": {},
                        "tainted": false
                    },
                    "deposed": [],
                    "provider": "provider.aws"
                },
                "data.template_cloudinit_config.cloudinit-example": {
                    "type": "template_cloudinit_config",
                    "depends_on": [
                        "data.template_file.init-script"
                    ],
                    "primary": {
                        "id": "3715532204",
                        "attributes": {
                            "base64_encode": "false",
                            "gzip": "false",
                            "id": "3715532204",
                            "part.#": "1",
                            "part.0.content": "repo_update: true\nrepo_upgrade: all\n\npackages:\n  -\n\nruncmd:\n - sudo echo \"default['nginx']['flask_host_ip'] = 172.0.101.105 172.0.102.187 | tee /var/default.rb\"\n - [ sh, -c, \"sudo echo 172.0.101.105 172.0.102.187 | tee /var/iplist\"]\n - [ sh, -c, \"export IPLIST=172.0.101.105 172.0.102.187\"]\n\noutput:\n  all: '| tee -a /var/log/cloud-init-output.log'",
                            "part.0.content_type": "text/cloud-config",
                            "part.0.filename": "init.cfg",
                            "part.0.merge_type": "",
                            "rendered": "Content-Type: multipart/mixed; boundary=\"MIMEBOUNDARY\"\nMIME-Version: 1.0\r\n\r\n--MIMEBOUNDARY\r\nContent-Disposition: attachment; filename=\"init.cfg\"\r\nContent-Transfer-Encoding: 7bit\r\nContent-Type: text/cloud-config\r\nMime-Version: 1.0\r\n\r\nrepo_update: true\nrepo_upgrade: all\n\npackages:\n  -\n\nruncmd:\n - sudo echo \"default['nginx']['flask_host_ip'] = 172.0.101.105 172.0.102.187 | tee /var/default.rb\"\n - [ sh, -c, \"sudo echo 172.0.101.105 172.0.102.187 | tee /var/iplist\"]\n - [ sh, -c, \"export IPLIST=172.0.101.105 172.0.102.187\"]\n\noutput:\n  all: '| tee -a /var/log/cloud-init-output.log'\r\n--MIMEBOUNDARY--\r\n"
                        },
                        "meta": {},
                        "tainted": false
                    },
                    "deposed": [],
                    "provider": "provider.template"
                },
                "data.template_file.init": {
                    "type": "template_file",
                    "depends_on": [
                        "aws_instance.instance_tier2.*"
                    ],
                    "primary": {
                        "id": "16f5046a20bad218a9daf8d32c9658de12ba2c04691a070d6fd6de1bbb3f762b",
                        "attributes": {
                            "id": "16f5046a20bad218a9daf8d32c9658de12ba2c04691a070d6fd6de1bbb3f762b",
                            "rendered": "#!/bin/bash\\n\n\\n\nsudo echo \"default['nginx']['flask_host_ip'] = 10.0.101.136,10.0.102.110\" \u003e ~/iplist",
                            "template": "#!/bin/bash\\n\n\\n\nsudo echo \"default['nginx']['flask_host_ip'] = 10.0.101.136,10.0.102.110\" \u003e ~/iplist",
                            "vars.%": "1",
                            "vars.consul_address": "172.0.101.105,172.0.102.187"
                        },
                        "meta": {},
                        "tainted": false
                    },
                    "deposed": [],
                    "provider": "provider.template"
                },
                "data.template_file.init-script": {
                    "type": "template_file",
                    "depends_on": [
                        "aws_instance.instance_tier2.*"
                    ],
                    "primary": {
                        "id": "96595269c323d793f710555c94361ffff392416e9ade07f84a429d1b43e44437",
                        "attributes": {
                            "id": "96595269c323d793f710555c94361ffff392416e9ade07f84a429d1b43e44437",
                            "rendered": "repo_update: true\nrepo_upgrade: all\n\npackages:\n  -\n\nruncmd:\n - sudo echo \"default['nginx']['flask_host_ip'] = 172.0.101.105 172.0.102.187 | tee /var/default.rb\"\n - [ sh, -c, \"sudo echo 172.0.101.105 172.0.102.187 | tee /var/iplist\"]\n - [ sh, -c, \"export IPLIST=172.0.101.105 172.0.102.187\"]\n\noutput:\n  all: '| tee -a /var/log/cloud-init-output.log'",
                            "template": "repo_update: true\nrepo_upgrade: all\n\npackages:\n  -\n\nruncmd:\n - sudo echo \"default['nginx']['flask_host_ip'] = ${IPLIST} | tee /var/default.rb\"\n - [ sh, -c, \"sudo echo ${IPLIST} | tee /var/iplist\"]\n - [ sh, -c, \"export IPLIST=${IPLIST}\"]\n\noutput:\n  all: '| tee -a /var/log/cloud-init-output.log'",
                            "vars.%": "2",
                            "vars.IPLIST": "172.0.101.105 172.0.102.187",
                            "vars.REGION": "us-east-1"
                        },
                        "meta": {},
                        "tainted": false
                    },
                    "deposed": [],
                    "provider": "provider.template"
                },
                "template_dir.config": {
                    "type": "template_dir",
                    "depends_on": [],
                    "primary": {
                        "id": "d798374ab5208a65d01820736b454e67c5cdaa8e",
                        "attributes": {
                            "destination_dir": "/Users/tn611gu/intute_project/terraform_ha_stack/dev/.terraform/modules/a85bbd36816231256e033d4873dbe334/scripts/chef/terra_templates",
                            "id": "d798374ab5208a65d01820736b454e67c5cdaa8e",
                            "source_dir": "/Users/tn611gu/intute_project/terraform_ha_stack/dev/.terraform/modules/a85bbd36816231256e033d4873dbe334/instance_config_templates",
                            "vars.%": "4",
                            "vars.database_endpoint": "sample",
                            "vars.database_name": "flaskdb",
                            "vars.database_password": "PiPU12323%%!123",
                            "vars.database_user_name": "pipuser"
                        },
                        "meta": {},
                        "tainted": false
                    },
                    "deposed": [],
                    "provider": "provider.template"
                }
            },
            "depends_on": []
        },
        {
            "path": [
                "root",
                "main-vpc"
            ],
            "outputs": {
                "private_subnets": {
                    "sensitive": false,
                    "type": "list",
                    "value": [
                        "subnet-0086804e055911310",
                        "subnet-06cecabcedd2cac8b",
                        "subnet-091fc065edabf6cbe"
                    ]
                },
                "public_subnets": {
                    "sensitive": false,
                    "type": "list",
                    "value": [
                        "subnet-0ea2b9738e04f909b",
                        "subnet-0583efb03d307896e",
                        "subnet-0554de28572bb54e6"
                    ]
                },
                "vpc_id": {
                    "sensitive": false,
                    "type": "string",
                    "value": "vpc-0ef7e0729ff230711"
                }
            },
            "resources": {},
            "depends_on": []
        },
        {
            "path": [
                "root",
                "route53"
            ],
            "outputs": {},
            "resources": {
                "aws_route53_record.reg1": {
                    "type": "aws_route53_record",
                    "depends_on": [
                        "data.aws_route53_zone.selected"
                    ],
                    "primary": {
                        "id": "Z37ADCVQ67W5YZ_flaskapp_A_us-east-1",
                        "attributes": {
                            "alias.#": "1",
                            "alias.2740971440.evaluate_target_health": "true",
                            "alias.2740971440.name": "my-app-alb-us-east-1-469189516.us-east-1.elb.amazonaws.com",
                            "alias.2740971440.zone_id": "Z35SXDOTRQ7X7K",
                            "allow_overwrite": "true",
                            "fqdn": "flaskapp.thebetterengineers.com",
                            "health_check_id": "",
                            "id": "Z37ADCVQ67W5YZ_flaskapp_A_us-east-1",
                            "name": "flaskapp",
                            "records.#": "0",
                            "set_identifier": "us-east-1",
                            "ttl": "0",
                            "type": "A",
                            "weighted_routing_policy.#": "1",
                            "weighted_routing_policy.0.weight": "90",
                            "zone_id": "Z37ADCVQ67W5YZ"
                        },
                        "meta": {
                            "schema_version": "2"
                        },
                        "tainted": false
                    },
                    "deposed": [],
                    "provider": "provider.aws"
                },
                "data.aws_route53_zone.selected": {
                    "type": "aws_route53_zone",
                    "depends_on": [],
                    "primary": {
                        "id": "Z37ADCVQ67W5YZ",
                        "attributes": {
                            "caller_reference": "5A8598F4-2DE1-FA5B-ACD8-1FC981F6F8EB",
                            "comment": "mysitework",
                            "id": "Z37ADCVQ67W5YZ",
                            "name": "thebetterengineers.com.",
                            "name_servers.#": "4",
                            "name_servers.0": "ns-1746.awsdns-26.co.uk",
                            "name_servers.1": "ns-1416.awsdns-49.org",
                            "name_servers.2": "ns-686.awsdns-21.net",
                            "name_servers.3": "ns-199.awsdns-24.com",
                            "private_zone": "false",
                            "resource_record_set_count": "4",
                            "zone_id": "Z37ADCVQ67W5YZ"
                        },
                        "meta": {},
                        "tainted": false
                    },
                    "deposed": [],
                    "provider": "provider.aws"
                }
            },
            "depends_on": []
        },
        {
            "path": [
                "root",
                "alb",
                "alb"
            ],
            "outputs": {
                "dns_name": {
                    "sensitive": false,
                    "type": "string",
                    "value": "my-app-alb-us-east-1-469189516.us-east-1.elb.amazonaws.com"
                },
                "http_tcp_listener_arns": {
                    "sensitive": false,
                    "type": "list",
                    "value": [
                        "arn:aws:elasticloadbalancing:us-east-1:352990902149:listener/app/my-app-alb-us-east-1/a05f764918866325/6f5e03e20a1580af"
                    ]
                },
                "http_tcp_listener_ids": {
                    "sensitive": false,
                    "type": "list",
                    "value": [
                        "arn:aws:elasticloadbalancing:us-east-1:352990902149:listener/app/my-app-alb-us-east-1/a05f764918866325/6f5e03e20a1580af"
                    ]
                },
                "https_listener_arns": {
                    "sensitive": false,
                    "type": "list",
                    "value": []
                },
                "https_listener_ids": {
                    "sensitive": false,
                    "type": "list",
                    "value": []
                },
                "load_balancer_arn_suffix": {
                    "sensitive": false,
                    "type": "string",
                    "value": "app/my-app-alb-us-east-1/a05f764918866325"
                },
                "load_balancer_id": {
                    "sensitive": false,
                    "type": "string",
                    "value": "arn:aws:elasticloadbalancing:us-east-1:352990902149:loadbalancer/app/my-app-alb-us-east-1/a05f764918866325"
                },
                "load_balancer_zone_id": {
                    "sensitive": false,
                    "type": "string",
                    "value": "Z35SXDOTRQ7X7K"
                },
                "target_group_arn_suffixes": {
                    "sensitive": false,
                    "type": "list",
                    "value": [
                        "targetgroup/flask-app-tg/fbdde523ae194b30"
                    ]
                },
                "target_group_arns": {
                    "sensitive": false,
                    "type": "list",
                    "value": [
                        "arn:aws:elasticloadbalancing:us-east-1:352990902149:targetgroup/flask-app-tg/fbdde523ae194b30"
                    ]
                },
                "target_group_names": {
                    "sensitive": false,
                    "type": "list",
                    "value": [
                        "flask-app-tg"
                    ]
                }
            },
            "resources": {
                "aws_lb.application": {
                    "type": "aws_lb",
                    "depends_on": [],
                    "primary": {
                        "id": "arn:aws:elasticloadbalancing:us-east-1:352990902149:loadbalancer/app/my-app-alb-us-east-1/a05f764918866325",
                        "attributes": {
                            "access_logs.#": "1",
                            "access_logs.0.bucket": "my-app-alb-logs-us-east-1",
                            "access_logs.0.enabled": "true",
                            "access_logs.0.prefix": "my-app-alb-logs",
                            "arn": "arn:aws:elasticloadbalancing:us-east-1:352990902149:loadbalancer/app/my-app-alb-us-east-1/a05f764918866325",
                            "arn_suffix": "app/my-app-alb-us-east-1/a05f764918866325",
                            "dns_name": "my-app-alb-us-east-1-469189516.us-east-1.elb.amazonaws.com",
                            "enable_deletion_protection": "false",
                            "enable_http2": "true",
                            "id": "arn:aws:elasticloadbalancing:us-east-1:352990902149:loadbalancer/app/my-app-alb-us-east-1/a05f764918866325",
                            "idle_timeout": "60",
                            "internal": "false",
                            "ip_address_type": "ipv4",
                            "load_balancer_type": "application",
                            "name": "my-app-alb-us-east-1",
                            "security_groups.#": "2",
                            "security_groups.495707497": "sg-0707880fdc8576443",
                            "security_groups.645703414": "sg-0ae6e269ea593119b",
                            "subnet_mapping.#": "0",
                            "subnets.#": "3",
                            "subnets.2477822263": "subnet-0583efb03d307896e",
                            "subnets.2687219469": "subnet-0ea2b9738e04f909b",
                            "subnets.3978687829": "subnet-0554de28572bb54e6",
                            "tags.%": "2",
                            "tags.Environment": "test",
                            "tags.Name": "my-app-alb-us-east-1",
                            "vpc_id": "vpc-0ef7e0729ff230711",
                            "zone_id": "Z35SXDOTRQ7X7K"
                        },
                        "meta": {
                            "e2bfb730-ecaa-11e6-8f88-34363bc7c4c0": {
                                "create": 600000000000,
                                "delete": 600000000000,
                                "update": 600000000000
                            }
                        },
                        "tainted": false
                    },
                    "deposed": [],
                    "provider": "provider.aws"
                },
                "aws_lb_listener.frontend_http_tcp": {
                    "type": "aws_lb_listener",
                    "depends_on": [
                        "aws_lb.application.*",
                        "aws_lb.application_no_logs.*",
                        "aws_lb_target_group.main.*"
                    ],
                    "primary": {
                        "id": "arn:aws:elasticloadbalancing:us-east-1:352990902149:listener/app/my-app-alb-us-east-1/a05f764918866325/6f5e03e20a1580af",
                        "attributes": {
                            "arn": "arn:aws:elasticloadbalancing:us-east-1:352990902149:listener/app/my-app-alb-us-east-1/a05f764918866325/6f5e03e20a1580af",
                            "default_action.#": "1",
                            "default_action.0.authenticate_cognito.#": "0",
                            "default_action.0.authenticate_oidc.#": "0",
                            "default_action.0.fixed_response.#": "0",
                            "default_action.0.order": "1",
                            "default_action.0.redirect.#": "0",
                            "default_action.0.target_group_arn": "arn:aws:elasticloadbalancing:us-east-1:352990902149:targetgroup/flask-app-tg/fbdde523ae194b30",
                            "default_action.0.type": "forward",
                            "id": "arn:aws:elasticloadbalancing:us-east-1:352990902149:listener/app/my-app-alb-us-east-1/a05f764918866325/6f5e03e20a1580af",
                            "load_balancer_arn": "arn:aws:elasticloadbalancing:us-east-1:352990902149:loadbalancer/app/my-app-alb-us-east-1/a05f764918866325",
                            "port": "80",
                            "protocol": "HTTP",
                            "ssl_policy": ""
                        },
                        "meta": {
                            "e2bfb730-ecaa-11e6-8f88-34363bc7c4c0": {
                                "read": 600000000000
                            }
                        },
                        "tainted": false
                    },
                    "deposed": [],
                    "provider": "provider.aws"
                },
                "aws_lb_target_group.main": {
                    "type": "aws_lb_target_group",
                    "depends_on": [
                        "aws_lb.application",
                        "local.target_groups_defaults"
                    ],
                    "primary": {
                        "id": "arn:aws:elasticloadbalancing:us-east-1:352990902149:targetgroup/flask-app-tg/fbdde523ae194b30",
                        "attributes": {
                            "arn": "arn:aws:elasticloadbalancing:us-east-1:352990902149:targetgroup/flask-app-tg/fbdde523ae194b30",
                            "arn_suffix": "targetgroup/flask-app-tg/fbdde523ae194b30",
                            "deregistration_delay": "300",
                            "health_check.#": "1",
                            "health_check.0.healthy_threshold": "3",
                            "health_check.0.interval": "10",
                            "health_check.0.matcher": "200-299",
                            "health_check.0.path": "/health",
                            "health_check.0.port": "traffic-port",
                            "health_check.0.protocol": "HTTP",
                            "health_check.0.timeout": "5",
                            "health_check.0.unhealthy_threshold": "3",
                            "id": "arn:aws:elasticloadbalancing:us-east-1:352990902149:targetgroup/flask-app-tg/fbdde523ae194b30",
                            "name": "flask-app-tg",
                            "port": "80",
                            "protocol": "HTTP",
                            "proxy_protocol_v2": "false",
                            "slow_start": "0",
                            "stickiness.#": "1",
                            "stickiness.0.cookie_duration": "86400",
                            "stickiness.0.enabled": "true",
                            "stickiness.0.type": "lb_cookie",
                            "tags.%": "2",
                            "tags.Environment": "test",
                            "tags.Name": "flask-app-tg",
                            "target_type": "instance",
                            "vpc_id": "vpc-0ef7e0729ff230711"
                        },
                        "meta": {},
                        "tainted": false
                    },
                    "deposed": [],
                    "provider": "provider.aws"
                }
            },
            "depends_on": []
        },
        {
            "path": [
                "root",
                "database",
                "db"
            ],
            "outputs": {
                "this_db_instance_address": {
                    "sensitive": false,
                    "type": "string",
                    "value": "flaskdb.cgmqlkz9kriq.us-east-1.rds.amazonaws.com"
                },
                "this_db_instance_arn": {
                    "sensitive": false,
                    "type": "string",
                    "value": "arn:aws:rds:us-east-1:352990902149:db:flaskdb"
                },
                "this_db_instance_availability_zone": {
                    "sensitive": false,
                    "type": "string",
                    "value": "us-east-1c"
                },
                "this_db_instance_endpoint": {
                    "sensitive": false,
                    "type": "string",
                    "value": "flaskdb.cgmqlkz9kriq.us-east-1.rds.amazonaws.com:3306"
                },
                "this_db_instance_hosted_zone_id": {
                    "sensitive": false,
                    "type": "string",
                    "value": "Z2R2ITUGPM61AM"
                },
                "this_db_instance_id": {
                    "sensitive": false,
                    "type": "string",
                    "value": "flaskdb"
                },
                "this_db_instance_name": {
                    "sensitive": false,
                    "type": "string",
                    "value": "flaskdb"
                },
                "this_db_instance_password": {
                    "sensitive": false,
                    "type": "string",
                    "value": "PiPU12323%%!123"
                },
                "this_db_instance_port": {
                    "sensitive": false,
                    "type": "string",
                    "value": "3306"
                },
                "this_db_instance_resource_id": {
                    "sensitive": false,
                    "type": "string",
                    "value": "db-ORMBYKVOVDREHMRPFSWB4NBIXE"
                },
                "this_db_instance_status": {
                    "sensitive": false,
                    "type": "string",
                    "value": "available"
                },
                "this_db_instance_username": {
                    "sensitive": false,
                    "type": "string",
                    "value": "pipuser"
                },
                "this_db_option_group_arn": {
                    "sensitive": false,
                    "type": "string",
                    "value": "arn:aws:rds:us-east-1:352990902149:og:flaskdb-20190218193950208800000002"
                },
                "this_db_option_group_id": {
                    "sensitive": false,
                    "type": "string",
                    "value": "flaskdb-20190218193950208800000002"
                },
                "this_db_parameter_group_arn": {
                    "sensitive": false,
                    "type": "string",
                    "value": "arn:aws:rds:us-east-1:352990902149:pg:flaskdb-20190218193950205100000001"
                },
                "this_db_parameter_group_id": {
                    "sensitive": false,
                    "type": "string",
                    "value": "flaskdb-20190218193950205100000001"
                },
                "this_db_subnet_group_arn": {
                    "sensitive": false,
                    "type": "string",
                    "value": "arn:aws:rds:us-east-1:352990902149:subgrp:flaskdb-20190218194000817300000003"
                },
                "this_db_subnet_group_id": {
                    "sensitive": false,
                    "type": "string",
                    "value": "flaskdb-20190218194000817300000003"
                }
            },
            "resources": {},
            "depends_on": []
        },
        {
            "path": [
                "root",
                "main-vpc",
                "main-vpc"
            ],
            "outputs": {
                "azs": {
                    "sensitive": false,
                    "type": "list",
                    "value": [
                        "us-east-1a",
                        "us-east-1b",
                        "us-east-1c"
                    ]
                },
                "database_route_table_ids": {
                    "sensitive": false,
                    "type": "list",
                    "value": [
                        "rtb-0041759430a7ed3dc",
                        "rtb-0b2dd3da8d13384fc",
                        "rtb-0606bf378d43ca201"
                    ]
                },
                "database_subnet_group": {
                    "sensitive": false,
                    "type": "string",
                    "value": ""
                },
                "database_subnets": {
                    "sensitive": false,
                    "type": "list",
                    "value": []
                },
                "database_subnets_cidr_blocks": {
                    "sensitive": false,
                    "type": "list",
                    "value": []
                },
                "default_network_acl_id": {
                    "sensitive": false,
                    "type": "string",
                    "value": "acl-0ad5d74df34212faf"
                },
                "default_route_table_id": {
                    "sensitive": false,
                    "type": "string",
                    "value": "rtb-025eca90b35c53d25"
                },
                "default_security_group_id": {
                    "sensitive": false,
                    "type": "string",
                    "value": "sg-0eb686e142a25ffbd"
                },
                "default_vpc_cidr_block": {
                    "sensitive": false,
                    "type": "string",
                    "value": ""
                },
                "default_vpc_default_network_acl_id": {
                    "sensitive": false,
                    "type": "string",
                    "value": ""
                },
                "default_vpc_default_route_table_id": {
                    "sensitive": false,
                    "type": "string",
                    "value": ""
                },
                "default_vpc_default_security_group_id": {
                    "sensitive": false,
                    "type": "string",
                    "value": ""
                },
                "default_vpc_enable_dns_hostnames": {
                    "sensitive": false,
                    "type": "string",
                    "value": ""
                },
                "default_vpc_enable_dns_support": {
                    "sensitive": false,
                    "type": "string",
                    "value": ""
                },
                "default_vpc_id": {
                    "sensitive": false,
                    "type": "string",
                    "value": ""
                },
                "default_vpc_instance_tenancy": {
                    "sensitive": false,
                    "type": "string",
                    "value": ""
                },
                "default_vpc_main_route_table_id": {
                    "sensitive": false,
                    "type": "string",
                    "value": ""
                },
                "elasticache_route_table_ids": {
                    "sensitive": false,
                    "type": "list",
                    "value": [
                        "rtb-0041759430a7ed3dc",
                        "rtb-0b2dd3da8d13384fc",
                        "rtb-0606bf378d43ca201"
                    ]
                },
                "elasticache_subnet_group": {
                    "sensitive": false,
                    "type": "string",
                    "value": ""
                },
                "elasticache_subnet_group_name": {
                    "sensitive": false,
                    "type": "string",
                    "value": ""
                },
                "elasticache_subnets": {
                    "sensitive": false,
                    "type": "list",
                    "value": []
                },
                "elasticache_subnets_cidr_blocks": {
                    "sensitive": false,
                    "type": "list",
                    "value": []
                },
                "igw_id": {
                    "sensitive": false,
                    "type": "string",
                    "value": "igw-03b8eb8d76721470e"
                },
                "intra_route_table_ids": {
                    "sensitive": false,
                    "type": "list",
                    "value": []
                },
                "intra_subnets": {
                    "sensitive": false,
                    "type": "list",
                    "value": []
                },
                "intra_subnets_cidr_blocks": {
                    "sensitive": false,
                    "type": "list",
                    "value": []
                },
                "nat_ids": {
                    "sensitive": false,
                    "type": "list",
                    "value": []
                },
                "nat_public_ips": {
                    "sensitive": false,
                    "type": "list",
                    "value": []
                },
                "natgw_ids": {
                    "sensitive": false,
                    "type": "list",
                    "value": []
                },
                "private_route_table_ids": {
                    "sensitive": false,
                    "type": "list",
                    "value": [
                        "rtb-0041759430a7ed3dc",
                        "rtb-0b2dd3da8d13384fc",
                        "rtb-0606bf378d43ca201"
                    ]
                },
                "private_subnets": {
                    "sensitive": false,
                    "type": "list",
                    "value": [
                        "subnet-0086804e055911310",
                        "subnet-06cecabcedd2cac8b",
                        "subnet-091fc065edabf6cbe"
                    ]
                },
                "private_subnets_cidr_blocks": {
                    "sensitive": false,
                    "type": "list",
                    "value": [
                        "172.0.1.0/24",
                        "172.0.2.0/24",
                        "172.0.3.0/24"
                    ]
                },
                "public_route_table_ids": {
                    "sensitive": false,
                    "type": "list",
                    "value": [
                        "rtb-05f34abbd8b1f162f"
                    ]
                },
                "public_subnets": {
                    "sensitive": false,
                    "type": "list",
                    "value": [
                        "subnet-0ea2b9738e04f909b",
                        "subnet-0583efb03d307896e",
                        "subnet-0554de28572bb54e6"
                    ]
                },
                "public_subnets_cidr_blocks": {
                    "sensitive": false,
                    "type": "list",
                    "value": [
                        "172.0.101.0/24",
                        "172.0.102.0/24",
                        "172.0.103.0/24"
                    ]
                },
                "redshift_route_table_ids": {
                    "sensitive": false,
                    "type": "list",
                    "value": [
                        "rtb-0041759430a7ed3dc",
                        "rtb-0b2dd3da8d13384fc",
                        "rtb-0606bf378d43ca201"
                    ]
                },
                "redshift_subnet_group": {
                    "sensitive": false,
                    "type": "string",
                    "value": ""
                },
                "redshift_subnets": {
                    "sensitive": false,
                    "type": "list",
                    "value": []
                },
                "redshift_subnets_cidr_blocks": {
                    "sensitive": false,
                    "type": "list",
                    "value": []
                },
                "vgw_id": {
                    "sensitive": false,
                    "type": "string",
                    "value": ""
                },
                "vpc_cidr_block": {
                    "sensitive": false,
                    "type": "string",
                    "value": "172.0.0.0/16"
                },
                "vpc_enable_dns_hostnames": {
                    "sensitive": false,
                    "type": "string",
                    "value": "false"
                },
                "vpc_enable_dns_support": {
                    "sensitive": false,
                    "type": "string",
                    "value": "true"
                },
                "vpc_endpoint_dynamodb_id": {
                    "sensitive": false,
                    "type": "string",
                    "value": ""
                },
                "vpc_endpoint_dynamodb_pl_id": {
                    "sensitive": false,
                    "type": "string",
                    "value": ""
                },
                "vpc_endpoint_ec2_dns_entry": {
                    "sensitive": false,
                    "type": "list",
                    "value": []
                },
                "vpc_endpoint_ec2_id": {
                    "sensitive": false,
                    "type": "string",
                    "value": ""
                },
                "vpc_endpoint_ec2_network_interface_ids": {
                    "sensitive": false,
                    "type": "list",
                    "value": []
                },
                "vpc_endpoint_ec2messages_dns_entry": {
                    "sensitive": false,
                    "type": "list",
                    "value": []
                },
                "vpc_endpoint_ec2messages_id": {
                    "sensitive": false,
                    "type": "string",
                    "value": ""
                },
                "vpc_endpoint_ec2messages_network_interface_ids": {
                    "sensitive": false,
                    "type": "list",
                    "value": []
                },
                "vpc_endpoint_s3_id": {
                    "sensitive": false,
                    "type": "string",
                    "value": ""
                },
                "vpc_endpoint_s3_pl_id": {
                    "sensitive": false,
                    "type": "string",
                    "value": ""
                },
                "vpc_endpoint_ssm_dns_entry": {
                    "sensitive": false,
                    "type": "list",
                    "value": []
                },
                "vpc_endpoint_ssm_id": {
                    "sensitive": false,
                    "type": "string",
                    "value": ""
                },
                "vpc_endpoint_ssm_network_interface_ids": {
                    "sensitive": false,
                    "type": "list",
                    "value": []
                },
                "vpc_endpoint_ssmmessages_dns_entry": {
                    "sensitive": false,
                    "type": "list",
                    "value": []
                },
                "vpc_endpoint_ssmmessages_id": {
                    "sensitive": false,
                    "type": "string",
                    "value": ""
                },
                "vpc_endpoint_ssmmessages_network_interface_ids": {
                    "sensitive": false,
                    "type": "list",
                    "value": []
                },
                "vpc_id": {
                    "sensitive": false,
                    "type": "string",
                    "value": "vpc-0ef7e0729ff230711"
                },
                "vpc_instance_tenancy": {
                    "sensitive": false,
                    "type": "string",
                    "value": "default"
                },
                "vpc_main_route_table_id": {
                    "sensitive": false,
                    "type": "string",
                    "value": "rtb-025eca90b35c53d25"
                },
                "vpc_secondary_cidr_blocks": {
                    "sensitive": false,
                    "type": "list",
                    "value": []
                }
            },
            "resources": {
                "aws_internet_gateway.this": {
                    "type": "aws_internet_gateway",
                    "depends_on": [
                        "local.vpc_id"
                    ],
                    "primary": {
                        "id": "igw-03b8eb8d76721470e",
                        "attributes": {
                            "id": "igw-03b8eb8d76721470e",
                            "owner_id": "352990902149",
                            "tags.%": "3",
                            "tags.Environment": "us-east-1",
                            "tags.Name": "vpc-us-east-1",
                            "tags.Terraform": "true",
                            "vpc_id": "vpc-0ef7e0729ff230711"
                        },
                        "meta": {},
                        "tainted": false
                    },
                    "deposed": [],
                    "provider": "provider.aws"
                },
                "aws_route.public_internet_gateway": {
                    "type": "aws_route",
                    "depends_on": [
                        "aws_internet_gateway.this",
                        "aws_route_table.public"
                    ],
                    "primary": {
                        "id": "r-rtb-05f34abbd8b1f162f1080289494",
                        "attributes": {
                            "destination_cidr_block": "0.0.0.0/0",
                            "destination_prefix_list_id": "",
                            "egress_only_gateway_id": "",
                            "gateway_id": "igw-03b8eb8d76721470e",
                            "id": "r-rtb-05f34abbd8b1f162f1080289494",
                            "instance_id": "",
                            "instance_owner_id": "",
                            "nat_gateway_id": "",
                            "network_interface_id": "",
                            "origin": "CreateRoute",
                            "route_table_id": "rtb-05f34abbd8b1f162f",
                            "state": "active",
                            "transit_gateway_id": "",
                            "vpc_peering_connection_id": ""
                        },
                        "meta": {
                            "e2bfb730-ecaa-11e6-8f88-34363bc7c4c0": {
                                "create": 300000000000,
                                "delete": 300000000000
                            }
                        },
                        "tainted": false
                    },
                    "deposed": [],
                    "provider": "provider.aws"
                },
                "aws_route_table.private.0": {
                    "type": "aws_route_table",
                    "depends_on": [
                        "local.max_subnet_length",
                        "local.nat_gateway_count",
                        "local.vpc_id"
                    ],
                    "primary": {
                        "id": "rtb-0041759430a7ed3dc",
                        "attributes": {
                            "id": "rtb-0041759430a7ed3dc",
                            "owner_id": "352990902149",
                            "propagating_vgws.#": "0",
                            "route.#": "0",
                            "tags.%": "3",
                            "tags.Environment": "us-east-1",
                            "tags.Name": "vpc-us-east-1-private-us-east-1a",
                            "tags.Terraform": "true",
                            "vpc_id": "vpc-0ef7e0729ff230711"
                        },
                        "meta": {},
                        "tainted": false
                    },
                    "deposed": [],
                    "provider": "provider.aws"
                },
                "aws_route_table.private.1": {
                    "type": "aws_route_table",
                    "depends_on": [
                        "local.max_subnet_length",
                        "local.nat_gateway_count",
                        "local.vpc_id"
                    ],
                    "primary": {
                        "id": "rtb-0b2dd3da8d13384fc",
                        "attributes": {
                            "id": "rtb-0b2dd3da8d13384fc",
                            "owner_id": "352990902149",
                            "propagating_vgws.#": "0",
                            "route.#": "0",
                            "tags.%": "3",
                            "tags.Environment": "us-east-1",
                            "tags.Name": "vpc-us-east-1-private-us-east-1b",
                            "tags.Terraform": "true",
                            "vpc_id": "vpc-0ef7e0729ff230711"
                        },
                        "meta": {},
                        "tainted": false
                    },
                    "deposed": [],
                    "provider": "provider.aws"
                },
                "aws_route_table.private.2": {
                    "type": "aws_route_table",
                    "depends_on": [
                        "local.max_subnet_length",
                        "local.nat_gateway_count",
                        "local.vpc_id"
                    ],
                    "primary": {
                        "id": "rtb-0606bf378d43ca201",
                        "attributes": {
                            "id": "rtb-0606bf378d43ca201",
                            "owner_id": "352990902149",
                            "propagating_vgws.#": "0",
                            "route.#": "0",
                            "tags.%": "3",
                            "tags.Environment": "us-east-1",
                            "tags.Name": "vpc-us-east-1-private-us-east-1c",
                            "tags.Terraform": "true",
                            "vpc_id": "vpc-0ef7e0729ff230711"
                        },
                        "meta": {},
                        "tainted": false
                    },
                    "deposed": [],
                    "provider": "provider.aws"
                },
                "aws_route_table.public": {
                    "type": "aws_route_table",
                    "depends_on": [
                        "local.vpc_id"
                    ],
                    "primary": {
                        "id": "rtb-05f34abbd8b1f162f",
                        "attributes": {
                            "id": "rtb-05f34abbd8b1f162f",
                            "owner_id": "352990902149",
                            "propagating_vgws.#": "0",
                            "route.#": "1",
                            "route.3533786011.cidr_block": "0.0.0.0/0",
                            "route.3533786011.egress_only_gateway_id": "",
                            "route.3533786011.gateway_id": "igw-03b8eb8d76721470e",
                            "route.3533786011.instance_id": "",
                            "route.3533786011.ipv6_cidr_block": "",
                            "route.3533786011.nat_gateway_id": "",
                            "route.3533786011.network_interface_id": "",
                            "route.3533786011.transit_gateway_id": "",
                            "route.3533786011.vpc_peering_connection_id": "",
                            "tags.%": "3",
                            "tags.Environment": "us-east-1",
                            "tags.Name": "vpc-us-east-1-public",
                            "tags.Terraform": "true",
                            "vpc_id": "vpc-0ef7e0729ff230711"
                        },
                        "meta": {},
                        "tainted": false
                    },
                    "deposed": [],
                    "provider": "provider.aws"
                },
                "aws_route_table_association.private.0": {
                    "type": "aws_route_table_association",
                    "depends_on": [
                        "aws_route_table.private.*",
                        "aws_subnet.private.*"
                    ],
                    "primary": {
                        "id": "rtbassoc-05a521b0d38f6d9c7",
                        "attributes": {
                            "id": "rtbassoc-05a521b0d38f6d9c7",
                            "route_table_id": "rtb-0041759430a7ed3dc",
                            "subnet_id": "subnet-0086804e055911310"
                        },
                        "meta": {},
                        "tainted": false
                    },
                    "deposed": [],
                    "provider": "provider.aws"
                },
                "aws_route_table_association.private.1": {
                    "type": "aws_route_table_association",
                    "depends_on": [
                        "aws_route_table.private.*",
                        "aws_subnet.private.*"
                    ],
                    "primary": {
                        "id": "rtbassoc-0fea0dcb13baba3f6",
                        "attributes": {
                            "id": "rtbassoc-0fea0dcb13baba3f6",
                            "route_table_id": "rtb-0b2dd3da8d13384fc",
                            "subnet_id": "subnet-06cecabcedd2cac8b"
                        },
                        "meta": {},
                        "tainted": false
                    },
                    "deposed": [],
                    "provider": "provider.aws"
                },
                "aws_route_table_association.private.2": {
                    "type": "aws_route_table_association",
                    "depends_on": [
                        "aws_route_table.private.*",
                        "aws_subnet.private.*"
                    ],
                    "primary": {
                        "id": "rtbassoc-060b1ac53eecfb1da",
                        "attributes": {
                            "id": "rtbassoc-060b1ac53eecfb1da",
                            "route_table_id": "rtb-0606bf378d43ca201",
                            "subnet_id": "subnet-091fc065edabf6cbe"
                        },
                        "meta": {},
                        "tainted": false
                    },
                    "deposed": [],
                    "provider": "provider.aws"
                },
                "aws_route_table_association.public.0": {
                    "type": "aws_route_table_association",
                    "depends_on": [
                        "aws_route_table.public",
                        "aws_subnet.public.*"
                    ],
                    "primary": {
                        "id": "rtbassoc-00fb80bef05bfec05",
                        "attributes": {
                            "id": "rtbassoc-00fb80bef05bfec05",
                            "route_table_id": "rtb-05f34abbd8b1f162f",
                            "subnet_id": "subnet-0ea2b9738e04f909b"
                        },
                        "meta": {},
                        "tainted": false
                    },
                    "deposed": [],
                    "provider": "provider.aws"
                },
                "aws_route_table_association.public.1": {
                    "type": "aws_route_table_association",
                    "depends_on": [
                        "aws_route_table.public",
                        "aws_subnet.public.*"
                    ],
                    "primary": {
                        "id": "rtbassoc-0b8aec19e3d61b5f5",
                        "attributes": {
                            "id": "rtbassoc-0b8aec19e3d61b5f5",
                            "route_table_id": "rtb-05f34abbd8b1f162f",
                            "subnet_id": "subnet-0583efb03d307896e"
                        },
                        "meta": {},
                        "tainted": false
                    },
                    "deposed": [],
                    "provider": "provider.aws"
                },
                "aws_route_table_association.public.2": {
                    "type": "aws_route_table_association",
                    "depends_on": [
                        "aws_route_table.public",
                        "aws_subnet.public.*"
                    ],
                    "primary": {
                        "id": "rtbassoc-08c380110ce0770cd",
                        "attributes": {
                            "id": "rtbassoc-08c380110ce0770cd",
                            "route_table_id": "rtb-05f34abbd8b1f162f",
                            "subnet_id": "subnet-0554de28572bb54e6"
                        },
                        "meta": {},
                        "tainted": false
                    },
                    "deposed": [],
                    "provider": "provider.aws"
                },
                "aws_subnet.private.0": {
                    "type": "aws_subnet",
                    "depends_on": [
                        "local.vpc_id"
                    ],
                    "primary": {
                        "id": "subnet-0086804e055911310",
                        "attributes": {
                            "arn": "arn:aws:ec2:us-east-1:352990902149:subnet/subnet-0086804e055911310",
                            "assign_ipv6_address_on_creation": "false",
                            "availability_zone": "us-east-1a",
                            "availability_zone_id": "use1-az2",
                            "cidr_block": "172.0.1.0/24",
                            "id": "subnet-0086804e055911310",
                            "ipv6_cidr_block": "",
                            "ipv6_cidr_block_association_id": "",
                            "map_public_ip_on_launch": "false",
                            "owner_id": "352990902149",
                            "tags.%": "3",
                            "tags.Environment": "us-east-1",
                            "tags.Name": "vpc-us-east-1-private-us-east-1a",
                            "tags.Terraform": "true",
                            "vpc_id": "vpc-0ef7e0729ff230711"
                        },
                        "meta": {
                            "e2bfb730-ecaa-11e6-8f88-34363bc7c4c0": {
                                "create": 600000000000,
                                "delete": 600000000000
                            },
                            "schema_version": "1"
                        },
                        "tainted": false
                    },
                    "deposed": [],
                    "provider": "provider.aws"
                },
                "aws_subnet.private.1": {
                    "type": "aws_subnet",
                    "depends_on": [
                        "local.vpc_id"
                    ],
                    "primary": {
                        "id": "subnet-06cecabcedd2cac8b",
                        "attributes": {
                            "arn": "arn:aws:ec2:us-east-1:352990902149:subnet/subnet-06cecabcedd2cac8b",
                            "assign_ipv6_address_on_creation": "false",
                            "availability_zone": "us-east-1b",
                            "availability_zone_id": "use1-az4",
                            "cidr_block": "172.0.2.0/24",
                            "id": "subnet-06cecabcedd2cac8b",
                            "ipv6_cidr_block": "",
                            "ipv6_cidr_block_association_id": "",
                            "map_public_ip_on_launch": "false",
                            "owner_id": "352990902149",
                            "tags.%": "3",
                            "tags.Environment": "us-east-1",
                            "tags.Name": "vpc-us-east-1-private-us-east-1b",
                            "tags.Terraform": "true",
                            "vpc_id": "vpc-0ef7e0729ff230711"
                        },
                        "meta": {
                            "e2bfb730-ecaa-11e6-8f88-34363bc7c4c0": {
                                "create": 600000000000,
                                "delete": 600000000000
                            },
                            "schema_version": "1"
                        },
                        "tainted": false
                    },
                    "deposed": [],
                    "provider": "provider.aws"
                },
                "aws_subnet.private.2": {
                    "type": "aws_subnet",
                    "depends_on": [
                        "local.vpc_id"
                    ],
                    "primary": {
                        "id": "subnet-091fc065edabf6cbe",
                        "attributes": {
                            "arn": "arn:aws:ec2:us-east-1:352990902149:subnet/subnet-091fc065edabf6cbe",
                            "assign_ipv6_address_on_creation": "false",
                            "availability_zone": "us-east-1c",
                            "availability_zone_id": "use1-az6",
                            "cidr_block": "172.0.3.0/24",
                            "id": "subnet-091fc065edabf6cbe",
                            "ipv6_cidr_block": "",
                            "ipv6_cidr_block_association_id": "",
                            "map_public_ip_on_launch": "false",
                            "owner_id": "352990902149",
                            "tags.%": "3",
                            "tags.Environment": "us-east-1",
                            "tags.Name": "vpc-us-east-1-private-us-east-1c",
                            "tags.Terraform": "true",
                            "vpc_id": "vpc-0ef7e0729ff230711"
                        },
                        "meta": {
                            "e2bfb730-ecaa-11e6-8f88-34363bc7c4c0": {
                                "create": 600000000000,
                                "delete": 600000000000
                            },
                            "schema_version": "1"
                        },
                        "tainted": false
                    },
                    "deposed": [],
                    "provider": "provider.aws"
                },
                "aws_subnet.public.0": {
                    "type": "aws_subnet",
                    "depends_on": [
                        "local.vpc_id"
                    ],
                    "primary": {
                        "id": "subnet-0ea2b9738e04f909b",
                        "attributes": {
                            "arn": "arn:aws:ec2:us-east-1:352990902149:subnet/subnet-0ea2b9738e04f909b",
                            "assign_ipv6_address_on_creation": "false",
                            "availability_zone": "us-east-1a",
                            "availability_zone_id": "use1-az2",
                            "cidr_block": "172.0.101.0/24",
                            "id": "subnet-0ea2b9738e04f909b",
                            "ipv6_cidr_block": "",
                            "ipv6_cidr_block_association_id": "",
                            "map_public_ip_on_launch": "true",
                            "owner_id": "352990902149",
                            "tags.%": "3",
                            "tags.Environment": "us-east-1",
                            "tags.Name": "vpc-us-east-1-public-us-east-1a",
                            "tags.Terraform": "true",
                            "vpc_id": "vpc-0ef7e0729ff230711"
                        },
                        "meta": {
                            "e2bfb730-ecaa-11e6-8f88-34363bc7c4c0": {
                                "create": 600000000000,
                                "delete": 600000000000
                            },
                            "schema_version": "1"
                        },
                        "tainted": false
                    },
                    "deposed": [],
                    "provider": "provider.aws"
                },
                "aws_subnet.public.1": {
                    "type": "aws_subnet",
                    "depends_on": [
                        "local.vpc_id"
                    ],
                    "primary": {
                        "id": "subnet-0583efb03d307896e",
                        "attributes": {
                            "arn": "arn:aws:ec2:us-east-1:352990902149:subnet/subnet-0583efb03d307896e",
                            "assign_ipv6_address_on_creation": "false",
                            "availability_zone": "us-east-1b",
                            "availability_zone_id": "use1-az4",
                            "cidr_block": "172.0.102.0/24",
                            "id": "subnet-0583efb03d307896e",
                            "ipv6_cidr_block": "",
                            "ipv6_cidr_block_association_id": "",
                            "map_public_ip_on_launch": "true",
                            "owner_id": "352990902149",
                            "tags.%": "3",
                            "tags.Environment": "us-east-1",
                            "tags.Name": "vpc-us-east-1-public-us-east-1b",
                            "tags.Terraform": "true",
                            "vpc_id": "vpc-0ef7e0729ff230711"
                        },
                        "meta": {
                            "e2bfb730-ecaa-11e6-8f88-34363bc7c4c0": {
                                "create": 600000000000,
                                "delete": 600000000000
                            },
                            "schema_version": "1"
                        },
                        "tainted": false
                    },
                    "deposed": [],
                    "provider": "provider.aws"
                },
                "aws_subnet.public.2": {
                    "type": "aws_subnet",
                    "depends_on": [
                        "local.vpc_id"
                    ],
                    "primary": {
                        "id": "subnet-0554de28572bb54e6",
                        "attributes": {
                            "arn": "arn:aws:ec2:us-east-1:352990902149:subnet/subnet-0554de28572bb54e6",
                            "assign_ipv6_address_on_creation": "false",
                            "availability_zone": "us-east-1c",
                            "availability_zone_id": "use1-az6",
                            "cidr_block": "172.0.103.0/24",
                            "id": "subnet-0554de28572bb54e6",
                            "ipv6_cidr_block": "",
                            "ipv6_cidr_block_association_id": "",
                            "map_public_ip_on_launch": "true",
                            "owner_id": "352990902149",
                            "tags.%": "3",
                            "tags.Environment": "us-east-1",
                            "tags.Name": "vpc-us-east-1-public-us-east-1c",
                            "tags.Terraform": "true",
                            "vpc_id": "vpc-0ef7e0729ff230711"
                        },
                        "meta": {
                            "e2bfb730-ecaa-11e6-8f88-34363bc7c4c0": {
                                "create": 600000000000,
                                "delete": 600000000000
                            },
                            "schema_version": "1"
                        },
                        "tainted": false
                    },
                    "deposed": [],
                    "provider": "provider.aws"
                },
                "aws_vpc.this": {
                    "type": "aws_vpc",
                    "depends_on": [],
                    "primary": {
                        "id": "vpc-0ef7e0729ff230711",
                        "attributes": {
                            "arn": "arn:aws:ec2:us-east-1:352990902149:vpc/vpc-0ef7e0729ff230711",
                            "assign_generated_ipv6_cidr_block": "false",
                            "cidr_block": "172.0.0.0/16",
                            "default_network_acl_id": "acl-0ad5d74df34212faf",
                            "default_route_table_id": "rtb-025eca90b35c53d25",
                            "default_security_group_id": "sg-0eb686e142a25ffbd",
                            "dhcp_options_id": "dopt-80f8a6fb",
                            "enable_classiclink": "false",
                            "enable_classiclink_dns_support": "false",
                            "enable_dns_hostnames": "false",
                            "enable_dns_support": "true",
                            "id": "vpc-0ef7e0729ff230711",
                            "instance_tenancy": "default",
                            "ipv6_association_id": "",
                            "ipv6_cidr_block": "",
                            "main_route_table_id": "rtb-025eca90b35c53d25",
                            "owner_id": "352990902149",
                            "tags.%": "3",
                            "tags.Environment": "us-east-1",
                            "tags.Name": "vpc-us-east-1",
                            "tags.Terraform": "true"
                        },
                        "meta": {
                            "schema_version": "1"
                        },
                        "tainted": false
                    },
                    "deposed": [],
                    "provider": "provider.aws"
                }
            },
            "depends_on": []
        },
        {
            "path": [
                "root",
                "database",
                "db",
                "db_instance"
            ],
            "outputs": {
                "this_db_instance_address": {
                    "sensitive": false,
                    "type": "string",
                    "value": "flaskdb.cgmqlkz9kriq.us-east-1.rds.amazonaws.com"
                },
                "this_db_instance_arn": {
                    "sensitive": false,
                    "type": "string",
                    "value": "arn:aws:rds:us-east-1:352990902149:db:flaskdb"
                },
                "this_db_instance_availability_zone": {
                    "sensitive": false,
                    "type": "string",
                    "value": "us-east-1c"
                },
                "this_db_instance_endpoint": {
                    "sensitive": false,
                    "type": "string",
                    "value": "flaskdb.cgmqlkz9kriq.us-east-1.rds.amazonaws.com:3306"
                },
                "this_db_instance_hosted_zone_id": {
                    "sensitive": false,
                    "type": "string",
                    "value": "Z2R2ITUGPM61AM"
                },
                "this_db_instance_id": {
                    "sensitive": false,
                    "type": "string",
                    "value": "flaskdb"
                },
                "this_db_instance_name": {
                    "sensitive": false,
                    "type": "string",
                    "value": "flaskdb"
                },
                "this_db_instance_password": {
                    "sensitive": false,
                    "type": "string",
                    "value": "PiPU12323%%!123"
                },
                "this_db_instance_port": {
                    "sensitive": false,
                    "type": "string",
                    "value": "3306"
                },
                "this_db_instance_resource_id": {
                    "sensitive": false,
                    "type": "string",
                    "value": "db-ORMBYKVOVDREHMRPFSWB4NBIXE"
                },
                "this_db_instance_status": {
                    "sensitive": false,
                    "type": "string",
                    "value": "available"
                },
                "this_db_instance_username": {
                    "sensitive": false,
                    "type": "string",
                    "value": "pipuser"
                }
            },
            "resources": {
                "aws_db_instance.this": {
                    "type": "aws_db_instance",
                    "depends_on": [
                        "aws_iam_role.enhanced_monitoring.*",
                        "local.is_mssql"
                    ],
                    "primary": {
                        "id": "flaskdb",
                        "attributes": {
                            "address": "flaskdb.cgmqlkz9kriq.us-east-1.rds.amazonaws.com",
                            "allocated_storage": "5",
                            "allow_major_version_upgrade": "false",
                            "apply_immediately": "true",
                            "arn": "arn:aws:rds:us-east-1:352990902149:db:flaskdb",
                            "auto_minor_version_upgrade": "true",
                            "availability_zone": "us-east-1c",
                            "backup_retention_period": "1",
                            "backup_window": "03:00-06:00",
                            "ca_cert_identifier": "rds-ca-2015",
                            "copy_tags_to_snapshot": "false",
                            "db_subnet_group_name": "flaskdb-20190218194000817300000003",
                            "deletion_protection": "false",
                            "domain": "",
                            "domain_iam_role_name": "",
                            "enabled_cloudwatch_logs_exports.#": "0",
                            "endpoint": "flaskdb.cgmqlkz9kriq.us-east-1.rds.amazonaws.com:3306",
                            "engine": "mysql",
                            "engine_version": "5.7.23",
                            "final_snapshot_identifier": "demodb",
                            "hosted_zone_id": "Z2R2ITUGPM61AM",
                            "iam_database_authentication_enabled": "true",
                            "id": "flaskdb",
                            "identifier": "flaskdb",
                            "instance_class": "db.t2.micro",
                            "iops": "0",
                            "kms_key_id": "",
                            "license_model": "general-public-license",
                            "maintenance_window": "mon:00:00-mon:03:00",
                            "monitoring_interval": "0",
                            "multi_az": "false",
                            "name": "flaskdb",
                            "option_group_name": "flaskdb-20190218193950208800000002",
                            "parameter_group_name": "flaskdb-20190218193950205100000001",
                            "password": "PiPU12323%%!123",
                            "port": "3306",
                            "publicly_accessible": "false",
                            "replicas.#": "0",
                            "replicate_source_db": "arn:aws:rds:eu-west-1:352990902149:db:flaskdb",
                            "resource_id": "db-ORMBYKVOVDREHMRPFSWB4NBIXE",
                            "security_group_names.#": "0",
                            "skip_final_snapshot": "true",
                            "status": "available",
                            "storage_encrypted": "false",
                            "storage_type": "gp2",
                            "tags.%": "3",
                            "tags.Environment": "prod",
                            "tags.Name": "flaskdb",
                            "tags.Owner": "flask",
                            "timezone": "",
                            "username": "pipuser",
                            "vpc_security_group_ids.#": "1",
                            "vpc_security_group_ids.588056596": "sg-07e4991826bc8f87d"
                        },
                        "meta": {
                            "e2bfb730-ecaa-11e6-8f88-34363bc7c4c0": {
                                "create": 2400000000000,
                                "delete": 2400000000000,
                                "update": 4800000000000
                            }
                        },
                        "tainted": false
                    },
                    "deposed": [],
                    "provider": "provider.aws"
                }
            },
            "depends_on": []
        },
        {
            "path": [
                "root",
                "database",
                "db",
                "db_option_group"
            ],
            "outputs": {
                "this_db_option_group_arn": {
                    "sensitive": false,
                    "type": "string",
                    "value": "arn:aws:rds:us-east-1:352990902149:og:flaskdb-20190218193950208800000002"
                },
                "this_db_option_group_id": {
                    "sensitive": false,
                    "type": "string",
                    "value": "flaskdb-20190218193950208800000002"
                }
            },
            "resources": {
                "aws_db_option_group.this": {
                    "type": "aws_db_option_group",
                    "depends_on": [],
                    "primary": {
                        "id": "flaskdb-20190218193950208800000002",
                        "attributes": {
                            "arn": "arn:aws:rds:us-east-1:352990902149:og:flaskdb-20190218193950208800000002",
                            "engine_name": "mysql",
                            "id": "flaskdb-20190218193950208800000002",
                            "major_engine_version": "5.7",
                            "name": "flaskdb-20190218193950208800000002",
                            "name_prefix": "flaskdb-",
                            "option.#": "1",
                            "option.2944370251.db_security_group_memberships.#": "0",
                            "option.2944370251.option_name": "MARIADB_AUDIT_PLUGIN",
                            "option.2944370251.option_settings.#": "2",
                            "option.2944370251.option_settings.356656412.name": "SERVER_AUDIT_EVENTS",
                            "option.2944370251.option_settings.356656412.value": "CONNECT",
                            "option.2944370251.option_settings.3960893220.name": "SERVER_AUDIT_FILE_ROTATIONS",
                            "option.2944370251.option_settings.3960893220.value": "37",
                            "option.2944370251.port": "0",
                            "option.2944370251.version": "",
                            "option.2944370251.vpc_security_group_memberships.#": "0",
                            "option_group_description": "Option group for flaskdb",
                            "tags.%": "3",
                            "tags.Environment": "prod",
                            "tags.Name": "flaskdb",
                            "tags.Owner": "flask"
                        },
                        "meta": {
                            "e2bfb730-ecaa-11e6-8f88-34363bc7c4c0": {
                                "delete": 900000000000
                            }
                        },
                        "tainted": false
                    },
                    "deposed": [],
                    "provider": "provider.aws"
                }
            },
            "depends_on": []
        },
        {
            "path": [
                "root",
                "database",
                "db",
                "db_parameter_group"
            ],
            "outputs": {
                "this_db_parameter_group_arn": {
                    "sensitive": false,
                    "type": "string",
                    "value": "arn:aws:rds:us-east-1:352990902149:pg:flaskdb-20190218193950205100000001"
                },
                "this_db_parameter_group_id": {
                    "sensitive": false,
                    "type": "string",
                    "value": "flaskdb-20190218193950205100000001"
                }
            },
            "resources": {
                "aws_db_parameter_group.this": {
                    "type": "aws_db_parameter_group",
                    "depends_on": [],
                    "primary": {
                        "id": "flaskdb-20190218193950205100000001",
                        "attributes": {
                            "arn": "arn:aws:rds:us-east-1:352990902149:pg:flaskdb-20190218193950205100000001",
                            "description": "Database parameter group for flaskdb",
                            "family": "mysql5.7",
                            "id": "flaskdb-20190218193950205100000001",
                            "name": "flaskdb-20190218193950205100000001",
                            "name_prefix": "flaskdb-",
                            "parameter.#": "2",
                            "parameter.2421266705.apply_method": "immediate",
                            "parameter.2421266705.name": "character_set_server",
                            "parameter.2421266705.value": "utf8",
                            "parameter.2478663599.apply_method": "immediate",
                            "parameter.2478663599.name": "character_set_client",
                            "parameter.2478663599.value": "utf8",
                            "tags.%": "3",
                            "tags.Environment": "prod",
                            "tags.Name": "flaskdb",
                            "tags.Owner": "flask"
                        },
                        "meta": {},
                        "tainted": false
                    },
                    "deposed": [],
                    "provider": "provider.aws"
                }
            },
            "depends_on": []
        },
        {
            "path": [
                "root",
                "database",
                "db",
                "db_subnet_group"
            ],
            "outputs": {
                "this_db_subnet_group_arn": {
                    "sensitive": false,
                    "type": "string",
                    "value": "arn:aws:rds:us-east-1:352990902149:subgrp:flaskdb-20190218194000817300000003"
                },
                "this_db_subnet_group_id": {
                    "sensitive": false,
                    "type": "string",
                    "value": "flaskdb-20190218194000817300000003"
                }
            },
            "resources": {
                "aws_db_subnet_group.this": {
                    "type": "aws_db_subnet_group",
                    "depends_on": [],
                    "primary": {
                        "id": "flaskdb-20190218194000817300000003",
                        "attributes": {
                            "arn": "arn:aws:rds:us-east-1:352990902149:subgrp:flaskdb-20190218194000817300000003",
                            "description": "Database subnet group for flaskdb",
                            "id": "flaskdb-20190218194000817300000003",
                            "name": "flaskdb-20190218194000817300000003",
                            "name_prefix": "flaskdb-",
                            "subnet_ids.#": "3",
                            "subnet_ids.1893562347": "subnet-0086804e055911310",
                            "subnet_ids.313622099": "subnet-091fc065edabf6cbe",
                            "subnet_ids.53123229": "subnet-06cecabcedd2cac8b",
                            "tags.%": "3",
                            "tags.Environment": "prod",
                            "tags.Name": "flaskdb",
                            "tags.Owner": "flask"
                        },
                        "meta": {},
                        "tainted": false
                    },
                    "deposed": [],
                    "provider": "provider.aws"
                }
            },
            "depends_on": []
        }
    ]
}
